// !$*UTF8*$!
{
	archiveVersion = 1;
	classes = {
	};
	objectVersion = 56;
	objects = {

/* Begin PBXBuildFile section */
		B001 /* HakedisApp.swift in Sources */ = {isa = PBXBuildFile; fileRef = A001 /* HakedisApp.swift */; };
		B002 /* ContentView.swift in Sources */ = {isa = PBXBuildFile; fileRef = A002 /* ContentView.swift */; };
		B003 /* Models.swift in Sources */ = {isa = PBXBuildFile; fileRef = A003 /* Models.swift */; };
		B004 /* DesignSystem.swift in Sources */ = {isa = PBXBuildFile; fileRef = A004 /* DesignSystem.swift */; };
		B005 /* DashboardView.swift in Sources */ = {isa = PBXBuildFile; fileRef = A005 /* DashboardView.swift */; };
		B006 /* ProjectViews.swift in Sources */ = {isa = PBXBuildFile; fileRef = A006 /* ProjectViews.swift */; };
		B007 /* ReportsView.swift in Sources */ = {isa = PBXBuildFile; fileRef = A007 /* ReportsView.swift */; };
		B008 /* ContractorViews.swift in Sources */ = {isa = PBXBuildFile; fileRef = A008 /* ContractorViews.swift */; };
		B009 /* ContractViews.swift in Sources */ = {isa = PBXBuildFile; fileRef = A009 /* ContractViews.swift */; };
		B010 /* DailyEntryViews.swift in Sources */ = {isa = PBXBuildFile; fileRef = A010 /* DailyEntryViews.swift */; };
		B011 /* HakedisViews.swift in Sources */ = {isa = PBXBuildFile; fileRef = A011 /* HakedisViews.swift */; };
		NB001 /* SantiyeTabView.swift in Sources */ = {isa = PBXBuildFile; fileRef = N001 /* SantiyeTabView.swift */; };
		NB002 /* FinansTabView.swift in Sources */ = {isa = PBXBuildFile; fileRef = N002 /* FinansTabView.swift */; };
		NB003 /* MoreTabView.swift in Sources */ = {isa = PBXBuildFile; fileRef = N003 /* MoreTabView.swift */; };
		NB004 /* SiteDiaryViews.swift in Sources */ = {isa = PBXBuildFile; fileRef = N004 /* SiteDiaryViews.swift */; };
		NB005 /* AttendanceViews.swift in Sources */ = {isa = PBXBuildFile; fileRef = N005 /* AttendanceViews.swift */; };
		NB006 /* MaterialStockViews.swift in Sources */ = {isa = PBXBuildFile; fileRef = N006 /* MaterialStockViews.swift */; };
		NB007 /* EquipmentManagementViews.swift in Sources */ = {isa = PBXBuildFile; fileRef = N007 /* EquipmentManagementViews.swift */; };
		NB008 /* SafetyViews.swift in Sources */ = {isa = PBXBuildFile; fileRef = N008 /* SafetyViews.swift */; };
		NB009 /* AllHakedisListView.swift in Sources */ = {isa = PBXBuildFile; fileRef = N009 /* AllHakedisListView.swift */; };
		NB010 /* AllPaymentsView.swift in Sources */ = {isa = PBXBuildFile; fileRef = N010 /* AllPaymentsView.swift */; };
		NB011 /* AllGuaranteeListView.swift in Sources */ = {isa = PBXBuildFile; fileRef = N011 /* AllGuaranteeListView.swift */; };
		NB012 /* SiteDiaryPDFGenerator.swift in Sources */ = {isa = PBXBuildFile; fileRef = N012 /* SiteDiaryPDFGenerator.swift */; };
		NB013 /* AttendancePDFGenerator.swift in Sources */ = {isa = PBXBuildFile; fileRef = N013 /* AttendancePDFGenerator.swift */; };
		NB014 /* AttachmentViews.swift in Sources */ = {isa = PBXBuildFile; fileRef = N014 /* AttachmentViews.swift */; };
		NB015 /* AttachmentPDFGenerator.swift in Sources */ = {isa = PBXBuildFile; fileRef = N015 /* AttachmentPDFGenerator.swift */; };
		NB016 /* PriceDifferenceCalcView.swift in Sources */ = {isa = PBXBuildFile; fileRef = N016 /* PriceDifferenceCalcView.swift */; };
		NB017 /* CashFlowProjectionView.swift in Sources */ = {isa = PBXBuildFile; fileRef = N017 /* CashFlowProjectionView.swift */; };
		NB018 /* SubcontractorHakedisViews.swift in Sources */ = {isa = PBXBuildFile; fileRef = N018 /* SubcontractorHakedisViews.swift */; };
		NB019 /* ProgressReportViews.swift in Sources */ = {isa = PBXBuildFile; fileRef = N019 /* ProgressReportViews.swift */; };
		NB020 /* LegalReferenceView.swift in Sources */ = {isa = PBXBuildFile; fileRef = N020 /* LegalReferenceView.swift */; };
		NB021 /* QualityChecklistViews.swift in Sources */ = {isa = PBXBuildFile; fileRef = N021 /* QualityChecklistViews.swift */; };
		NB022 /* ContractManagementView.swift in Sources */ = {isa = PBXBuildFile; fileRef = N022 /* ContractManagementView.swift */; };
		NB023 /* SiteDiaryPhotoStamper.swift in Sources */ = {isa = PBXBuildFile; fileRef = N023 /* SiteDiaryPhotoStamper.swift */; };
		NB024 /* WorkerViews.swift in Sources */ = {isa = PBXBuildFile; fileRef = N024 /* WorkerViews.swift */; };
		NB025 /* SupplierViews.swift in Sources */ = {isa = PBXBuildFile; fileRef = N025 /* SupplierViews.swift */; };
		NB026 /* MaterialOrderViews.swift in Sources */ = {isa = PBXBuildFile; fileRef = N026 /* MaterialOrderViews.swift */; };
		NB027 /* MaterialRequestViews.swift in Sources */ = {isa = PBXBuildFile; fileRef = N027 /* MaterialRequestViews.swift */; };
		NB028 /* MaterialTestResultViews.swift in Sources */ = {isa = PBXBuildFile; fileRef = N028 /* MaterialTestResultViews.swift */; };
		NB029 /* EquipmentFailureViews.swift in Sources */ = {isa = PBXBuildFile; fileRef = N029 /* EquipmentFailureViews.swift */; };
		NB030 /* MaintenancePlanViews.swift in Sources */ = {isa = PBXBuildFile; fileRef = N030 /* MaintenancePlanViews.swift */; };
		NB031 /* RentalContractViews.swift in Sources */ = {isa = PBXBuildFile; fileRef = N031 /* RentalContractViews.swift */; };
		NB032 /* EquipmentCostAnalysisViews.swift in Sources */ = {isa = PBXBuildFile; fileRef = N032 /* EquipmentCostAnalysisViews.swift */; };
		NB033 /* RiskAssessmentViews.swift in Sources */ = {isa = PBXBuildFile; fileRef = N033 /* RiskAssessmentViews.swift */; };
		NB034 /* CorrectiveActionViews.swift in Sources */ = {isa = PBXBuildFile; fileRef = N034 /* CorrectiveActionViews.swift */; };
		NB035 /* SafetyTrainingViews.swift in Sources */ = {isa = PBXBuildFile; fileRef = N035 /* SafetyTrainingViews.swift */; };
		NB036 /* PPEAssignmentViews.swift in Sources */ = {isa = PBXBuildFile; fileRef = N036 /* PPEAssignmentViews.swift */; };
		NB037 /* EmergencyPlanViews.swift in Sources */ = {isa = PBXBuildFile; fileRef = N037 /* EmergencyPlanViews.swift */; };
		NB038 /* SafetyStatisticsViews.swift in Sources */ = {isa = PBXBuildFile; fileRef = N038 /* SafetyStatisticsViews.swift */; };
		NB039 /* SafetyPDFReportGenerator.swift in Sources */ = {isa = PBXBuildFile; fileRef = N039 /* SafetyPDFReportGenerator.swift */; };
		NB040 /* FinalAccountViews.swift in Sources */ = {isa = PBXBuildFile; fileRef = N040 /* FinalAccountViews.swift */; };
		NB041 /* HakedisAuditTrailViews.swift in Sources */ = {isa = PBXBuildFile; fileRef = N041 /* HakedisAuditTrailViews.swift */; };
		NB042 /* NonConformanceReportViews.swift in Sources */ = {isa = PBXBuildFile; fileRef = N042 /* NonConformanceReportViews.swift */; };
		NB043 /* QualityDashboardViews.swift in Sources */ = {isa = PBXBuildFile; fileRef = N043 /* QualityDashboardViews.swift */; };
		NB044 /* QualityPDFReportGenerator.swift in Sources */ = {isa = PBXBuildFile; fileRef = N044 /* QualityPDFReportGenerator.swift */; };
		NB045 /* ContractCorrespondenceSystemViews.swift in Sources */ = {isa = PBXBuildFile; fileRef = N045 /* ContractCorrespondenceSystemViews.swift */; };
		NB046 /* DocumentViews.swift in Sources */ = {isa = PBXBuildFile; fileRef = N046 /* DocumentViews.swift */; };
		NB047 /* MeetingViews.swift in Sources */ = {isa = PBXBuildFile; fileRef = N047 /* MeetingViews.swift */; };
		NB048 /* SurveyViews.swift in Sources */ = {isa = PBXBuildFile; fileRef = N048 /* SurveyViews.swift */; };
		NB049 /* BidPreparationViews.swift in Sources */ = {isa = PBXBuildFile; fileRef = N049 /* BidPreparationViews.swift */; };
		NB050 /* GanttChartViews.swift in Sources */ = {isa = PBXBuildFile; fileRef = N050 /* GanttChartViews.swift */; };
		NB051 /* EVMViews.swift in Sources */ = {isa = PBXBuildFile; fileRef = N051 /* EVMViews.swift */; };
		NB052 /* DrawingPinViews.swift in Sources */ = {isa = PBXBuildFile; fileRef = N052 /* DrawingPinViews.swift */; };
		NB053 /* SiteCommunicationViews.swift in Sources */ = {isa = PBXBuildFile; fileRef = N053 /* SiteCommunicationViews.swift */; };
		NB054 /* AcceptanceManagementViews.swift in Sources */ = {isa = PBXBuildFile; fileRef = N054 /* AcceptanceManagementViews.swift */; };
		NB055 /* ReportBuilderViews.swift in Sources */ = {isa = PBXBuildFile; fileRef = N055 /* ReportBuilderViews.swift */; };
		NB056 /* PerformanceInfrastructure.swift in Sources */ = {isa = PBXBuildFile; fileRef = N056 /* PerformanceInfrastructure.swift */; };
		NB057 /* KVKKViews.swift in Sources */ = {isa = PBXBuildFile; fileRef = N057 /* KVKKViews.swift */; };
		NB058 /* BackupViews.swift in Sources */ = {isa = PBXBuildFile; fileRef = N058 /* BackupViews.swift */; };
		NB059 /* SyncViews.swift in Sources */ = {isa = PBXBuildFile; fileRef = N059 /* SyncViews.swift */; };
		NB060 /* OnboardingView.swift in Sources */ = {isa = PBXBuildFile; fileRef = N060 /* OnboardingView.swift */; };
		NB061 /* HelpView.swift in Sources */ = {isa = PBXBuildFile; fileRef = N061 /* HelpView.swift */; };
		NB062 /* PhotoComparisonView.swift in Sources */ = {isa = PBXBuildFile; fileRef = N062 /* PhotoComparisonView.swift */; };
		NB063 /* DrawingAnnotationView.swift in Sources */ = {isa = PBXBuildFile; fileRef = N063 /* DrawingAnnotationView.swift */; };
		NB064 /* LoginView.swift in Sources */ = {isa = PBXBuildFile; fileRef = N064 /* LoginView.swift */; };
		NB065 /* RegisterView.swift in Sources */ = {isa = PBXBuildFile; fileRef = N065 /* RegisterView.swift */; };
		NB066 /* ProfileView.swift in Sources */ = {isa = PBXBuildFile; fileRef = N066 /* ProfileView.swift */; };
		NB067 /* UserManagementView.swift in Sources */ = {isa = PBXBuildFile; fileRef = N067 /* UserManagementView.swift */; };
		NB068 /* AuthManager.swift in Sources */ = {isa = PBXBuildFile; fileRef = N068 /* AuthManager.swift */; };
		NB069 /* JoinRequestManagementView.swift in Sources */ = {isa = PBXBuildFile; fileRef = N069 /* JoinRequestManagementView.swift */; };
		SM009 /* UserAccountModel.swift in Sources */ = {isa = PBXBuildFile; fileRef = NM009 /* UserAccountModel.swift */; };
		SM010 /* CompanyModel.swift in Sources */ = {isa = PBXBuildFile; fileRef = NM010 /* CompanyModel.swift */; };
		TM010 /* CompanyModel.swift in Sources */ = {isa = PBXBuildFile; fileRef = NM010 /* CompanyModel.swift */; };
		S001 /* SearchFilterView.swift in Sources */ = {isa = PBXBuildFile; fileRef = C001 /* SearchFilterView.swift */; };
		S002 /* ContractorPortalView.swift in Sources */ = {isa = PBXBuildFile; fileRef = C002 /* ContractorPortalView.swift */; };
		S003 /* RevisionViews.swift in Sources */ = {isa = PBXBuildFile; fileRef = C003 /* RevisionViews.swift */; };
		S004 /* ComparisonAndGallery.swift in Sources */ = {isa = PBXBuildFile; fileRef = C004 /* ComparisonAndGallery.swift */; };
		S005 /* PDFView.swift in Sources */ = {isa = PBXBuildFile; fileRef = C005 /* PDFView.swift */; };
		S006 /* NotificationManager.swift in Sources */ = {isa = PBXBuildFile; fileRef = C006 /* NotificationManager.swift */; };
		S007 /* OfflineSyncManager.swift in Sources */ = {isa = PBXBuildFile; fileRef = C007 /* OfflineSyncManager.swift */; };
		S008 /* SettingsView.swift in Sources */ = {isa = PBXBuildFile; fileRef = C008 /* SettingsView.swift */; };
		S009 /* CSVManager.swift in Sources */ = {isa = PBXBuildFile; fileRef = C009 /* CSVManager.swift */; };
		S010 /* WidgetDataManager.swift in Sources */ = {isa = PBXBuildFile; fileRef = C010 /* WidgetDataManager.swift */; };
		S012 /* ChangeOrderViews.swift in Sources */ = {isa = PBXBuildFile; fileRef = C012 /* ChangeOrderViews.swift */; };
		S013 /* ContractorPerformanceView.swift in Sources */ = {isa = PBXBuildFile; fileRef = C013 /* ContractorPerformanceView.swift */; };
		S014 /* MilestoneViews.swift in Sources */ = {isa = PBXBuildFile; fileRef = C014 /* MilestoneViews.swift */; };
		S015 /* SiteReportViews.swift in Sources */ = {isa = PBXBuildFile; fileRef = C015 /* SiteReportViews.swift */; };
		S016 /* ApprovalChainViews.swift in Sources */ = {isa = PBXBuildFile; fileRef = C016 /* ApprovalChainViews.swift */; };
		S017 /* RejectionFlowViews.swift in Sources */ = {isa = PBXBuildFile; fileRef = C017 /* RejectionFlowViews.swift */; };
		S018 /* UnitPriceAnalysisViews.swift in Sources */ = {isa = PBXBuildFile; fileRef = C018 /* UnitPriceAnalysisViews.swift */; };
		S019 /* SiteHandoverViews.swift in Sources */ = {isa = PBXBuildFile; fileRef = C019 /* SiteHandoverViews.swift */; };
		S020 /* MeasurementBookViews.swift in Sources */ = {isa = PBXBuildFile; fileRef = C020 /* MeasurementBookViews.swift */; };
		S021 /* CumulativeQuantityViews.swift in Sources */ = {isa = PBXBuildFile; fileRef = C021 /* CumulativeQuantityViews.swift */; };
		S022 /* PhotoWorkItemViews.swift in Sources */ = {isa = PBXBuildFile; fileRef = C022 /* PhotoWorkItemViews.swift */; };
		S023 /* LaborTrackingViews.swift in Sources */ = {isa = PBXBuildFile; fileRef = C023 /* LaborTrackingViews.swift */; };
		S024 /* MaterialInventoryViews.swift in Sources */ = {isa = PBXBuildFile; fileRef = C024 /* MaterialInventoryViews.swift */; };
		S025 /* SpecificationChecklistViews.swift in Sources */ = {isa = PBXBuildFile; fileRef = C025 /* SpecificationChecklistViews.swift */; };
		S026 /* HakedisComparisonViews.swift in Sources */ = {isa = PBXBuildFile; fileRef = C026 /* HakedisComparisonViews.swift */; };
		S027 /* CashFlowViews.swift in Sources */ = {isa = PBXBuildFile; fileRef = C027 /* CashFlowViews.swift */; };
		S028 /* CashFlowEngine.swift in Sources */ = {isa = PBXBuildFile; fileRef = C028 /* CashFlowEngine.swift */; };
		S029 /* CorrespondenceViews.swift in Sources */ = {isa = PBXBuildFile; fileRef = C029 /* CorrespondenceViews.swift */; };
		S030 /* PriceDifferenceViews.swift in Sources */ = {isa = PBXBuildFile; fileRef = C030 /* PriceDifferenceViews.swift */; };
		S031 /* VATWithholdingViews.swift in Sources */ = {isa = PBXBuildFile; fileRef = C031 /* VATWithholdingViews.swift */; };
		S032 /* SGKLaborViews.swift in Sources */ = {isa = PBXBuildFile; fileRef = C032 /* SGKLaborViews.swift */; };
		S033 /* SiteLogViews.swift in Sources */ = {isa = PBXBuildFile; fileRef = C033 /* SiteLogViews.swift */; };
		S034 /* EquipmentViews.swift in Sources */ = {isa = PBXBuildFile; fileRef = C034 /* EquipmentViews.swift */; };
		S035 /* SoilRecordViews.swift in Sources */ = {isa = PBXBuildFile; fileRef = C035 /* SoilRecordViews.swift */; };
		S036 /* TestRecordViews.swift in Sources */ = {isa = PBXBuildFile; fileRef = C036 /* TestRecordViews.swift */; };
		S037 /* AcceptanceViews.swift in Sources */ = {isa = PBXBuildFile; fileRef = C037 /* AcceptanceViews.swift */; };
		S038 /* WarrantyClaimViews.swift in Sources */ = {isa = PBXBuildFile; fileRef = C038 /* WarrantyClaimViews.swift */; };
		S039 /* EditContractView.swift in Sources */ = {isa = PBXBuildFile; fileRef = C039 /* EditContractView.swift */; };
		S03A /* GuaranteeViews.swift in Sources */ = {isa = PBXBuildFile; fileRef = C03A /* GuaranteeViews.swift */; };
		S03B /* MultipleEntryView.swift in Sources */ = {isa = PBXBuildFile; fileRef = C03B /* MultipleEntryView.swift */; };
		S03C /* PetitionGeneratorView.swift in Sources */ = {isa = PBXBuildFile; fileRef = C03C /* PetitionGeneratorView.swift */; };
		S03D /* SCurveView.swift in Sources */ = {isa = PBXBuildFile; fileRef = C03D /* SCurveView.swift */; };
		S03E /* WeeklyReportView.swift in Sources */ = {isa = PBXBuildFile; fileRef = C03E /* WeeklyReportView.swift */; };
		S03F /* PozLibraryView.swift in Sources */ = {isa = PBXBuildFile; fileRef = C03F /* PozLibraryView.swift */; };
		S040 /* PozLibrary.swift in Sources */ = {isa = PBXBuildFile; fileRef = C040 /* PozLibrary.swift */; };
		S041 /* HakedisKopyalaView.swift in Sources */ = {isa = PBXBuildFile; fileRef = C041 /* HakedisKopyalaView.swift */; };
		SM001 /* CoreModels.swift in Sources */ = {isa = PBXBuildFile; fileRef = NM001 /* CoreModels.swift */; };
		SM002 /* ContractApprovalModels.swift in Sources */ = {isa = PBXBuildFile; fileRef = NM002 /* ContractApprovalModels.swift */; };
		SM003 /* SiteWorkModels.swift in Sources */ = {isa = PBXBuildFile; fileRef = NM003 /* SiteWorkModels.swift */; };
		SM004 /* SiteEquipmentModels.swift in Sources */ = {isa = PBXBuildFile; fileRef = NM004 /* SiteEquipmentModels.swift */; };
		SM005 /* EquipmentMaintenanceModels.swift in Sources */ = {isa = PBXBuildFile; fileRef = NM005 /* EquipmentMaintenanceModels.swift */; };
		SM006 /* SafetyQualityModels.swift in Sources */ = {isa = PBXBuildFile; fileRef = NM006 /* SafetyQualityModels.swift */; };
		SM007 /* ProjectExecutionModels.swift in Sources */ = {isa = PBXBuildFile; fileRef = NM007 /* ProjectExecutionModels.swift */; };
		SM008 /* InfrastructureModels.swift in Sources */ = {isa = PBXBuildFile; fileRef = NM008 /* InfrastructureModels.swift */; };
		SPM_BF0 /* FirebaseCore in Frameworks */ = {isa = PBXBuildFile; productRef = SPM_DEP0 /* FirebaseCore */; };
		SPM_BF1 /* FirebaseAnalytics in Frameworks */ = {isa = PBXBuildFile; productRef = SPM_DEP1 /* FirebaseAnalytics */; };
		SPM_BF2 /* FirebaseCrashlytics in Frameworks */ = {isa = PBXBuildFile; productRef = SPM_DEP2 /* FirebaseCrashlytics */; };
		TB001 /* CalculationTests.swift in Sources */ = {isa = PBXBuildFile; fileRef = T001 /* CalculationTests.swift */; };
		TB002 /* StatusTransitionTests.swift in Sources */ = {isa = PBXBuildFile; fileRef = T002 /* StatusTransitionTests.swift */; };
		TB003 /* CRUDTests.swift in Sources */ = {isa = PBXBuildFile; fileRef = T003 /* CRUDTests.swift */; };
		TB005 /* FinancialTrackingTests.swift in Sources */ = {isa = PBXBuildFile; fileRef = T005 /* FinancialTrackingTests.swift */; };
		TB006 /* TestProjesiAScenarioTests.swift in Sources */ = {isa = PBXBuildFile; fileRef = T006 /* TestProjesiAScenarioTests.swift */; };
		TB007 /* Grup3FeatureTests.swift in Sources */ = {isa = PBXBuildFile; fileRef = T007 /* Grup3FeatureTests.swift */; };
		TB008 /* CashFlowEngine.swift in Sources */ = {isa = PBXBuildFile; fileRef = C028 /* CashFlowEngine.swift */; };
		TB009 /* ApprovalAndHandoverTests.swift in Sources */ = {isa = PBXBuildFile; fileRef = T008 /* ApprovalAndHandoverTests.swift */; };
		TB010 /* NewFeaturesTests.swift in Sources */ = {isa = PBXBuildFile; fileRef = T009 /* NewFeaturesTests.swift */; };
		TB011 /* PozLibrary.swift in Sources */ = {isa = PBXBuildFile; fileRef = C040 /* PozLibrary.swift */; };
		TB012 /* SantiyeModuleTests.swift in Sources */ = {isa = PBXBuildFile; fileRef = T010 /* SantiyeModuleTests.swift */; };
		TB013 /* PDFGeneratorTests.swift in Sources */ = {isa = PBXBuildFile; fileRef = T011 /* PDFGeneratorTests.swift */; };
		TB014 /* SiteDiaryPDFGenerator.swift in Sources */ = {isa = PBXBuildFile; fileRef = N012 /* SiteDiaryPDFGenerator.swift */; };
		TB015 /* AttendancePDFGenerator.swift in Sources */ = {isa = PBXBuildFile; fileRef = N013 /* AttendancePDFGenerator.swift */; };
		TB016 /* DesignSystem.swift in Sources */ = {isa = PBXBuildFile; fileRef = A004 /* DesignSystem.swift */; };
		TB017 /* Faz3Tests.swift in Sources */ = {isa = PBXBuildFile; fileRef = T012 /* Faz3Tests.swift */; };
		TB018 /* Faz6Tests.swift in Sources */ = {isa = PBXBuildFile; fileRef = T013 /* Faz6Tests.swift */; };
		TB019 /* Faz6A3A4Tests.swift in Sources */ = {isa = PBXBuildFile; fileRef = T014 /* Faz6A3A4Tests.swift */; };
		TB020 /* Faz6A5Tests.swift in Sources */ = {isa = PBXBuildFile; fileRef = T015 /* Faz6A5Tests.swift */; };
		TB021 /* Faz6A7Tests.swift in Sources */ = {isa = PBXBuildFile; fileRef = T016 /* Faz6A7Tests.swift */; };
		TB022 /* Faz6A8Tests.swift in Sources */ = {isa = PBXBuildFile; fileRef = T017 /* Faz6A8Tests.swift */; };
		TB023 /* FazB1Tests.swift in Sources */ = {isa = PBXBuildFile; fileRef = T018 /* FazB1Tests.swift */; };
		TB024 /* FazB2Tests.swift in Sources */ = {isa = PBXBuildFile; fileRef = T019 /* FazB2Tests.swift */; };
		TB025 /* FazB3Tests.swift in Sources */ = {isa = PBXBuildFile; fileRef = T020 /* FazB3Tests.swift */; };
		TB026 /* FazB4Tests.swift in Sources */ = {isa = PBXBuildFile; fileRef = T021 /* FazB4Tests.swift */; };
		TB027 /* FazB5Tests.swift in Sources */ = {isa = PBXBuildFile; fileRef = T022 /* FazB5Tests.swift */; };
		TB028 /* FazB6Tests.swift in Sources */ = {isa = PBXBuildFile; fileRef = T023 /* FazB6Tests.swift */; };
		TB029 /* FazB7Tests.swift in Sources */ = {isa = PBXBuildFile; fileRef = T024 /* FazB7Tests.swift */; };
		TB030 /* FazB8Tests.swift in Sources */ = {isa = PBXBuildFile; fileRef = T025 /* FazB8Tests.swift */; };
		TB031 /* FazB9Tests.swift in Sources */ = {isa = PBXBuildFile; fileRef = T026 /* FazB9Tests.swift */; };
		TB032 /* FazC1Tests.swift in Sources */ = {isa = PBXBuildFile; fileRef = T027 /* FazC1Tests.swift */; };
		TB033 /* PerformanceInfrastructure.swift in Sources */ = {isa = PBXBuildFile; fileRef = N056 /* PerformanceInfrastructure.swift */; };
		TB034 /* FazC2Tests.swift in Sources */ = {isa = PBXBuildFile; fileRef = T028 /* FazC2Tests.swift */; };
		TB035 /* KVKKViews.swift in Sources */ = {isa = PBXBuildFile; fileRef = N057 /* KVKKViews.swift */; };
		TB036 /* FazC3Tests.swift in Sources */ = {isa = PBXBuildFile; fileRef = T029 /* FazC3Tests.swift */; };
		TB037 /* BackupViews.swift in Sources */ = {isa = PBXBuildFile; fileRef = N058 /* BackupViews.swift */; };
		TB038 /* AuthAndRoleTests.swift in Sources */ = {isa = PBXBuildFile; fileRef = T030 /* AuthAndRoleTests.swift */; };
		TM001 /* CoreModels.swift in Sources */ = {isa = PBXBuildFile; fileRef = NM001 /* CoreModels.swift */; };
		TM002 /* ContractApprovalModels.swift in Sources */ = {isa = PBXBuildFile; fileRef = NM002 /* ContractApprovalModels.swift */; };
		TM003 /* SiteWorkModels.swift in Sources */ = {isa = PBXBuildFile; fileRef = NM003 /* SiteWorkModels.swift */; };
		TM004 /* SiteEquipmentModels.swift in Sources */ = {isa = PBXBuildFile; fileRef = NM004 /* SiteEquipmentModels.swift */; };
		TM005 /* EquipmentMaintenanceModels.swift in Sources */ = {isa = PBXBuildFile; fileRef = NM005 /* EquipmentMaintenanceModels.swift */; };
		TM006 /* SafetyQualityModels.swift in Sources */ = {isa = PBXBuildFile; fileRef = NM006 /* SafetyQualityModels.swift */; };
		TM007 /* ProjectExecutionModels.swift in Sources */ = {isa = PBXBuildFile; fileRef = NM007 /* ProjectExecutionModels.swift */; };
		TM008 /* InfrastructureModels.swift in Sources */ = {isa = PBXBuildFile; fileRef = NM008 /* InfrastructureModels.swift */; };
		TM009 /* UserAccountModel.swift in Sources */ = {isa = PBXBuildFile; fileRef = NM009 /* UserAccountModel.swift */; };
		WB001 /* HakedisWidget.swift in Sources */ = {isa = PBXBuildFile; fileRef = W001 /* HakedisWidget.swift */; };
		WB002 /* HakedisWidget.appex in Embed Foundation Extensions */ = {isa = PBXBuildFile; fileRef = PROD2 /* HakedisWidget.appex */; settings = {ATTRIBUTES = (RemoveHeadersOnCopy, ); }; };
/* End PBXBuildFile section */

/* Begin PBXContainerItemProxy section */
		CIP1 /* PBXContainerItemProxy */ = {
			isa = PBXContainerItemProxy;
			containerPortal = PROJ /* Project object */;
			proxyType = 1;
			remoteGlobalIDString = TGT2;
			remoteInfo = HakedisWidget;
		};
/* End PBXContainerItemProxy section */

/* Begin PBXCopyFilesBuildPhase section */
		PHS3 /* Embed Foundation Extensions */ = {
			isa = PBXCopyFilesBuildPhase;
			buildActionMask = 2147483647;
			dstPath = "";
			dstSubfolderSpec = 13;
			files = (			);
			name = "Embed Foundation Extensions";
			runOnlyForDeploymentPostprocessing = 0;
		};
/* End PBXCopyFilesBuildPhase section */

/* Begin PBXFileReference section */
		A001 /* HakedisApp.swift */ = {isa = PBXFileReference; lastKnownFileType = sourcecode.swift; name = HakedisApp.swift; path = HakedisApp/HakedisApp.swift; sourceTree = "<group>"; };
		A002 /* ContentView.swift */ = {isa = PBXFileReference; lastKnownFileType = sourcecode.swift; name = ContentView.swift; path = HakedisApp/ContentView.swift; sourceTree = "<group>"; };
		A003 /* Models.swift */ = {isa = PBXFileReference; lastKnownFileType = sourcecode.swift; name = Models.swift; path = HakedisApp/Models/Models.swift; sourceTree = "<group>"; };
		A004 /* DesignSystem.swift */ = {isa = PBXFileReference; lastKnownFileType = sourcecode.swift; name = DesignSystem.swift; path = HakedisApp/Views/Shared/DesignSystem.swift; sourceTree = "<group>"; };
		A005 /* DashboardView.swift */ = {isa = PBXFileReference; lastKnownFileType = sourcecode.swift; name = DashboardView.swift; path = HakedisApp/Views/Projects/DashboardView.swift; sourceTree = "<group>"; };
		A006 /* ProjectViews.swift */ = {isa = PBXFileReference; lastKnownFileType = sourcecode.swift; name = ProjectViews.swift; path = HakedisApp/Views/Projects/ProjectViews.swift; sourceTree = "<group>"; };
		A007 /* ReportsView.swift */ = {isa = PBXFileReference; lastKnownFileType = sourcecode.swift; name = ReportsView.swift; path = HakedisApp/Views/Projects/ReportsView.swift; sourceTree = "<group>"; };
		A008 /* ContractorViews.swift */ = {isa = PBXFileReference; lastKnownFileType = sourcecode.swift; name = ContractorViews.swift; path = HakedisApp/Views/Contracts/ContractorViews.swift; sourceTree = "<group>"; };
		A009 /* ContractViews.swift */ = {isa = PBXFileReference; lastKnownFileType = sourcecode.swift; name = ContractViews.swift; path = HakedisApp/Views/Contracts/ContractViews.swift; sourceTree = "<group>"; };
		A010 /* DailyEntryViews.swift */ = {isa = PBXFileReference; lastKnownFileType = sourcecode.swift; name = DailyEntryViews.swift; path = HakedisApp/Views/DailyEntry/DailyEntryViews.swift; sourceTree = "<group>"; };
		A011 /* HakedisViews.swift */ = {isa = PBXFileReference; lastKnownFileType = sourcecode.swift; name = HakedisViews.swift; path = HakedisApp/Views/Hakedis/HakedisViews.swift; sourceTree = "<group>"; };
		BED3D08F2F721561002B3563 /* HakedisApp.entitlements */ = {isa = PBXFileReference; lastKnownFileType = text.plist.entitlements; name = HakedisApp.entitlements; path = HakedisApp/HakedisApp.entitlements; sourceTree = "<group>"; };
		C001 /* SearchFilterView.swift */ = {isa = PBXFileReference; lastKnownFileType = sourcecode.swift; name = SearchFilterView.swift; path = HakedisApp/Views/Shared/SearchFilterView.swift; sourceTree = "<group>"; };
		C002 /* ContractorPortalView.swift */ = {isa = PBXFileReference; lastKnownFileType = sourcecode.swift; name = ContractorPortalView.swift; path = HakedisApp/Views/Contractor/ContractorPortalView.swift; sourceTree = "<group>"; };
		C003 /* RevisionViews.swift */ = {isa = PBXFileReference; lastKnownFileType = sourcecode.swift; name = RevisionViews.swift; path = HakedisApp/Views/Contracts/RevisionViews.swift; sourceTree = "<group>"; };
		C004 /* ComparisonAndGallery.swift */ = {isa = PBXFileReference; lastKnownFileType = sourcecode.swift; name = ComparisonAndGallery.swift; path = HakedisApp/Views/Hakedis/ComparisonAndGallery.swift; sourceTree = "<group>"; };
		C005 /* PDFView.swift */ = {isa = PBXFileReference; lastKnownFileType = sourcecode.swift; name = PDFView.swift; path = HakedisApp/Views/Hakedis/PDFView.swift; sourceTree = "<group>"; };
		C006 /* NotificationManager.swift */ = {isa = PBXFileReference; lastKnownFileType = sourcecode.swift; name = NotificationManager.swift; path = HakedisApp/Views/Shared/NotificationManager.swift; sourceTree = "<group>"; };
		C007 /* OfflineSyncManager.swift */ = {isa = PBXFileReference; lastKnownFileType = sourcecode.swift; name = OfflineSyncManager.swift; path = HakedisApp/Views/Shared/OfflineSyncManager.swift; sourceTree = "<group>"; };
		C008 /* SettingsView.swift */ = {isa = PBXFileReference; lastKnownFileType = sourcecode.swift; name = SettingsView.swift; path = HakedisApp/Views/Shared/SettingsView.swift; sourceTree = "<group>"; };
		C009 /* CSVManager.swift */ = {isa = PBXFileReference; lastKnownFileType = sourcecode.swift; name = CSVManager.swift; path = HakedisApp/Views/Shared/CSVManager.swift; sourceTree = "<group>"; };
		C010 /* WidgetDataManager.swift */ = {isa = PBXFileReference; lastKnownFileType = sourcecode.swift; name = WidgetDataManager.swift; path = HakedisApp/Views/Shared/WidgetDataManager.swift; sourceTree = "<group>"; };
		C012 /* ChangeOrderViews.swift */ = {isa = PBXFileReference; lastKnownFileType = sourcecode.swift; name = ChangeOrderViews.swift; path = HakedisApp/Views/Contracts/ChangeOrderViews.swift; sourceTree = "<group>"; };
		C013 /* ContractorPerformanceView.swift */ = {isa = PBXFileReference; lastKnownFileType = sourcecode.swift; name = ContractorPerformanceView.swift; path = HakedisApp/Views/Contracts/ContractorPerformanceView.swift; sourceTree = "<group>"; };
		C014 /* MilestoneViews.swift */ = {isa = PBXFileReference; lastKnownFileType = sourcecode.swift; name = MilestoneViews.swift; path = HakedisApp/Views/Projects/MilestoneViews.swift; sourceTree = "<group>"; };
		C015 /* SiteReportViews.swift */ = {isa = PBXFileReference; lastKnownFileType = sourcecode.swift; name = SiteReportViews.swift; path = HakedisApp/Views/Projects/SiteReportViews.swift; sourceTree = "<group>"; };
		C016 /* ApprovalChainViews.swift */ = {isa = PBXFileReference; lastKnownFileType = sourcecode.swift; name = ApprovalChainViews.swift; path = HakedisApp/Views/Hakedis/ApprovalChainViews.swift; sourceTree = "<group>"; };
		C017 /* RejectionFlowViews.swift */ = {isa = PBXFileReference; lastKnownFileType = sourcecode.swift; name = RejectionFlowViews.swift; path = HakedisApp/Views/Hakedis/RejectionFlowViews.swift; sourceTree = "<group>"; };
		C018 /* UnitPriceAnalysisViews.swift */ = {isa = PBXFileReference; lastKnownFileType = sourcecode.swift; name = UnitPriceAnalysisViews.swift; path = HakedisApp/Views/Contracts/UnitPriceAnalysisViews.swift; sourceTree = "<group>"; };
		C019 /* SiteHandoverViews.swift */ = {isa = PBXFileReference; lastKnownFileType = sourcecode.swift; name = SiteHandoverViews.swift; path = HakedisApp/Views/Contracts/SiteHandoverViews.swift; sourceTree = "<group>"; };
		C020 /* MeasurementBookViews.swift */ = {isa = PBXFileReference; lastKnownFileType = sourcecode.swift; name = MeasurementBookViews.swift; path = HakedisApp/Views/Contracts/MeasurementBookViews.swift; sourceTree = "<group>"; };
		C021 /* CumulativeQuantityViews.swift */ = {isa = PBXFileReference; lastKnownFileType = sourcecode.swift; name = CumulativeQuantityViews.swift; path = HakedisApp/Views/Contracts/CumulativeQuantityViews.swift; sourceTree = "<group>"; };
		C022 /* PhotoWorkItemViews.swift */ = {isa = PBXFileReference; lastKnownFileType = sourcecode.swift; name = PhotoWorkItemViews.swift; path = HakedisApp/Views/DailyEntry/PhotoWorkItemViews.swift; sourceTree = "<group>"; };
		C023 /* LaborTrackingViews.swift */ = {isa = PBXFileReference; lastKnownFileType = sourcecode.swift; name = LaborTrackingViews.swift; path = HakedisApp/Views/Contracts/LaborTrackingViews.swift; sourceTree = "<group>"; };
		C024 /* MaterialInventoryViews.swift */ = {isa = PBXFileReference; lastKnownFileType = sourcecode.swift; name = MaterialInventoryViews.swift; path = HakedisApp/Views/Contracts/MaterialInventoryViews.swift; sourceTree = "<group>"; };
		C025 /* SpecificationChecklistViews.swift */ = {isa = PBXFileReference; lastKnownFileType = sourcecode.swift; name = SpecificationChecklistViews.swift; path = HakedisApp/Views/Contracts/SpecificationChecklistViews.swift; sourceTree = "<group>"; };
		C026 /* HakedisComparisonViews.swift */ = {isa = PBXFileReference; lastKnownFileType = sourcecode.swift; name = HakedisComparisonViews.swift; path = HakedisApp/Views/Hakedis/HakedisComparisonViews.swift; sourceTree = "<group>"; };
		C027 /* CashFlowViews.swift */ = {isa = PBXFileReference; lastKnownFileType = sourcecode.swift; name = CashFlowViews.swift; path = HakedisApp/Views/Reports/CashFlowViews.swift; sourceTree = "<group>"; };
		C028 /* CashFlowEngine.swift */ = {isa = PBXFileReference; lastKnownFileType = sourcecode.swift; name = CashFlowEngine.swift; path = HakedisApp/Views/Reports/CashFlowEngine.swift; sourceTree = "<group>"; };
		C029 /* CorrespondenceViews.swift */ = {isa = PBXFileReference; lastKnownFileType = sourcecode.swift; name = CorrespondenceViews.swift; path = HakedisApp/Views/Contracts/CorrespondenceViews.swift; sourceTree = "<group>"; };
		C030 /* PriceDifferenceViews.swift */ = {isa = PBXFileReference; lastKnownFileType = sourcecode.swift; name = PriceDifferenceViews.swift; path = HakedisApp/Views/Contracts/PriceDifferenceViews.swift; sourceTree = "<group>"; };
		C031 /* VATWithholdingViews.swift */ = {isa = PBXFileReference; lastKnownFileType = sourcecode.swift; name = VATWithholdingViews.swift; path = HakedisApp/Views/Hakedis/VATWithholdingViews.swift; sourceTree = "<group>"; };
		C032 /* SGKLaborViews.swift */ = {isa = PBXFileReference; lastKnownFileType = sourcecode.swift; name = SGKLaborViews.swift; path = HakedisApp/Views/Contracts/SGKLaborViews.swift; sourceTree = "<group>"; };
		C033 /* SiteLogViews.swift */ = {isa = PBXFileReference; lastKnownFileType = sourcecode.swift; name = SiteLogViews.swift; path = HakedisApp/Views/Contracts/SiteLogViews.swift; sourceTree = "<group>"; };
		C034 /* EquipmentViews.swift */ = {isa = PBXFileReference; lastKnownFileType = sourcecode.swift; name = EquipmentViews.swift; path = HakedisApp/Views/Contracts/EquipmentViews.swift; sourceTree = "<group>"; };
		C035 /* SoilRecordViews.swift */ = {isa = PBXFileReference; lastKnownFileType = sourcecode.swift; name = SoilRecordViews.swift; path = HakedisApp/Views/Contracts/SoilRecordViews.swift; sourceTree = "<group>"; };
		C036 /* TestRecordViews.swift */ = {isa = PBXFileReference; lastKnownFileType = sourcecode.swift; name = TestRecordViews.swift; path = HakedisApp/Views/Contracts/TestRecordViews.swift; sourceTree = "<group>"; };
		C037 /* AcceptanceViews.swift */ = {isa = PBXFileReference; lastKnownFileType = sourcecode.swift; name = AcceptanceViews.swift; path = HakedisApp/Views/Contracts/AcceptanceViews.swift; sourceTree = "<group>"; };
		C038 /* WarrantyClaimViews.swift */ = {isa = PBXFileReference; lastKnownFileType = sourcecode.swift; name = WarrantyClaimViews.swift; path = HakedisApp/Views/Contracts/WarrantyClaimViews.swift; sourceTree = "<group>"; };
		C039 /* EditContractView.swift */ = {isa = PBXFileReference; lastKnownFileType = sourcecode.swift; name = EditContractView.swift; path = HakedisApp/Views/Contracts/EditContractView.swift; sourceTree = "<group>"; };
		C03A /* GuaranteeViews.swift */ = {isa = PBXFileReference; lastKnownFileType = sourcecode.swift; name = GuaranteeViews.swift; path = HakedisApp/Views/Contracts/GuaranteeViews.swift; sourceTree = "<group>"; };
		C03B /* MultipleEntryView.swift */ = {isa = PBXFileReference; lastKnownFileType = sourcecode.swift; name = MultipleEntryView.swift; path = HakedisApp/Views/DailyEntry/MultipleEntryView.swift; sourceTree = "<group>"; };
		C03C /* PetitionGeneratorView.swift */ = {isa = PBXFileReference; lastKnownFileType = sourcecode.swift; name = PetitionGeneratorView.swift; path = HakedisApp/Views/Hakedis/PetitionGeneratorView.swift; sourceTree = "<group>"; };
		C03D /* SCurveView.swift */ = {isa = PBXFileReference; lastKnownFileType = sourcecode.swift; name = SCurveView.swift; path = HakedisApp/Views/Projects/SCurveView.swift; sourceTree = "<group>"; };
		C03E /* WeeklyReportView.swift */ = {isa = PBXFileReference; lastKnownFileType = sourcecode.swift; name = WeeklyReportView.swift; path = HakedisApp/Views/Projects/WeeklyReportView.swift; sourceTree = "<group>"; };
		C03F /* PozLibraryView.swift */ = {isa = PBXFileReference; lastKnownFileType = sourcecode.swift; name = PozLibraryView.swift; path = HakedisApp/Views/Shared/PozLibraryView.swift; sourceTree = "<group>"; };
		C040 /* PozLibrary.swift */ = {isa = PBXFileReference; lastKnownFileType = sourcecode.swift; name = PozLibrary.swift; path = HakedisApp/Views/Shared/PozLibrary.swift; sourceTree = "<group>"; };
		C041 /* HakedisKopyalaView.swift */ = {isa = PBXFileReference; lastKnownFileType = sourcecode.swift; name = HakedisKopyalaView.swift; path = HakedisApp/Views/Hakedis/HakedisKopyalaView.swift; sourceTree = "<group>"; };
		N001 /* SantiyeTabView.swift */ = {isa = PBXFileReference; lastKnownFileType = sourcecode.swift; name = SantiyeTabView.swift; path = HakedisApp/Views/Santiye/SantiyeTabView.swift; sourceTree = "<group>"; };
		N002 /* FinansTabView.swift */ = {isa = PBXFileReference; lastKnownFileType = sourcecode.swift; name = FinansTabView.swift; path = HakedisApp/Views/Finans/FinansTabView.swift; sourceTree = "<group>"; };
		N003 /* MoreTabView.swift */ = {isa = PBXFileReference; lastKnownFileType = sourcecode.swift; name = MoreTabView.swift; path = HakedisApp/Views/Shared/MoreTabView.swift; sourceTree = "<group>"; };
		N004 /* SiteDiaryViews.swift */ = {isa = PBXFileReference; lastKnownFileType = sourcecode.swift; name = SiteDiaryViews.swift; path = HakedisApp/Views/Santiye/SiteDiaryViews.swift; sourceTree = "<group>"; };
		N005 /* AttendanceViews.swift */ = {isa = PBXFileReference; lastKnownFileType = sourcecode.swift; name = AttendanceViews.swift; path = HakedisApp/Views/Santiye/AttendanceViews.swift; sourceTree = "<group>"; };
		N006 /* MaterialStockViews.swift */ = {isa = PBXFileReference; lastKnownFileType = sourcecode.swift; name = MaterialStockViews.swift; path = HakedisApp/Views/Santiye/MaterialStockViews.swift; sourceTree = "<group>"; };
		N007 /* EquipmentManagementViews.swift */ = {isa = PBXFileReference; lastKnownFileType = sourcecode.swift; name = EquipmentManagementViews.swift; path = HakedisApp/Views/Santiye/EquipmentManagementViews.swift; sourceTree = "<group>"; };
		N008 /* SafetyViews.swift */ = {isa = PBXFileReference; lastKnownFileType = sourcecode.swift; name = SafetyViews.swift; path = HakedisApp/Views/Santiye/SafetyViews.swift; sourceTree = "<group>"; };
		N009 /* AllHakedisListView.swift */ = {isa = PBXFileReference; lastKnownFileType = sourcecode.swift; name = AllHakedisListView.swift; path = HakedisApp/Views/Finans/AllHakedisListView.swift; sourceTree = "<group>"; };
		N010 /* AllPaymentsView.swift */ = {isa = PBXFileReference; lastKnownFileType = sourcecode.swift; name = AllPaymentsView.swift; path = HakedisApp/Views/Finans/AllPaymentsView.swift; sourceTree = "<group>"; };
		N011 /* AllGuaranteeListView.swift */ = {isa = PBXFileReference; lastKnownFileType = sourcecode.swift; name = AllGuaranteeListView.swift; path = HakedisApp/Views/Contracts/AllGuaranteeListView.swift; sourceTree = "<group>"; };
		N012 /* SiteDiaryPDFGenerator.swift */ = {isa = PBXFileReference; lastKnownFileType = sourcecode.swift; name = SiteDiaryPDFGenerator.swift; path = HakedisApp/Views/Santiye/SiteDiaryPDFGenerator.swift; sourceTree = "<group>"; };
		N013 /* AttendancePDFGenerator.swift */ = {isa = PBXFileReference; lastKnownFileType = sourcecode.swift; name = AttendancePDFGenerator.swift; path = HakedisApp/Views/Santiye/AttendancePDFGenerator.swift; sourceTree = "<group>"; };
		N014 /* AttachmentViews.swift */ = {isa = PBXFileReference; lastKnownFileType = sourcecode.swift; name = AttachmentViews.swift; path = HakedisApp/Views/Contracts/AttachmentViews.swift; sourceTree = "<group>"; };
		N015 /* AttachmentPDFGenerator.swift */ = {isa = PBXFileReference; lastKnownFileType = sourcecode.swift; name = AttachmentPDFGenerator.swift; path = HakedisApp/Views/Contracts/AttachmentPDFGenerator.swift; sourceTree = "<group>"; };
		N016 /* PriceDifferenceCalcView.swift */ = {isa = PBXFileReference; lastKnownFileType = sourcecode.swift; name = PriceDifferenceCalcView.swift; path = HakedisApp/Views/Finans/PriceDifferenceCalcView.swift; sourceTree = "<group>"; };
		N017 /* CashFlowProjectionView.swift */ = {isa = PBXFileReference; lastKnownFileType = sourcecode.swift; name = CashFlowProjectionView.swift; path = HakedisApp/Views/Reports/CashFlowProjectionView.swift; sourceTree = "<group>"; };
		N018 /* SubcontractorHakedisViews.swift */ = {isa = PBXFileReference; lastKnownFileType = sourcecode.swift; name = SubcontractorHakedisViews.swift; path = HakedisApp/Views/Contracts/SubcontractorHakedisViews.swift; sourceTree = "<group>"; };
		N019 /* ProgressReportViews.swift */ = {isa = PBXFileReference; lastKnownFileType = sourcecode.swift; name = ProgressReportViews.swift; path = HakedisApp/Views/Reports/ProgressReportViews.swift; sourceTree = "<group>"; };
		N020 /* LegalReferenceView.swift */ = {isa = PBXFileReference; lastKnownFileType = sourcecode.swift; name = LegalReferenceView.swift; path = HakedisApp/Views/Shared/LegalReferenceView.swift; sourceTree = "<group>"; };
		N021 /* QualityChecklistViews.swift */ = {isa = PBXFileReference; lastKnownFileType = sourcecode.swift; name = QualityChecklistViews.swift; path = HakedisApp/Views/Contracts/QualityChecklistViews.swift; sourceTree = "<group>"; };
		N022 /* ContractManagementView.swift */ = {isa = PBXFileReference; lastKnownFileType = sourcecode.swift; name = ContractManagementView.swift; path = HakedisApp/Views/Contracts/ContractManagementView.swift; sourceTree = "<group>"; };
		N023 /* SiteDiaryPhotoStamper.swift */ = {isa = PBXFileReference; lastKnownFileType = sourcecode.swift; name = SiteDiaryPhotoStamper.swift; path = HakedisApp/Views/Santiye/SiteDiaryPhotoStamper.swift; sourceTree = "<group>"; };
		N024 /* WorkerViews.swift */ = {isa = PBXFileReference; lastKnownFileType = sourcecode.swift; name = WorkerViews.swift; path = HakedisApp/Views/Santiye/WorkerViews.swift; sourceTree = "<group>"; };
		N025 /* SupplierViews.swift */ = {isa = PBXFileReference; lastKnownFileType = sourcecode.swift; name = SupplierViews.swift; path = HakedisApp/Views/Santiye/SupplierViews.swift; sourceTree = "<group>"; };
		N026 /* MaterialOrderViews.swift */ = {isa = PBXFileReference; lastKnownFileType = sourcecode.swift; name = MaterialOrderViews.swift; path = HakedisApp/Views/Santiye/MaterialOrderViews.swift; sourceTree = "<group>"; };
		N027 /* MaterialRequestViews.swift */ = {isa = PBXFileReference; lastKnownFileType = sourcecode.swift; name = MaterialRequestViews.swift; path = HakedisApp/Views/Santiye/MaterialRequestViews.swift; sourceTree = "<group>"; };
		N028 /* MaterialTestResultViews.swift */ = {isa = PBXFileReference; lastKnownFileType = sourcecode.swift; name = MaterialTestResultViews.swift; path = HakedisApp/Views/Santiye/MaterialTestResultViews.swift; sourceTree = "<group>"; };
		N029 /* EquipmentFailureViews.swift */ = {isa = PBXFileReference; lastKnownFileType = sourcecode.swift; name = EquipmentFailureViews.swift; path = HakedisApp/Views/Santiye/EquipmentFailureViews.swift; sourceTree = "<group>"; };
		N030 /* MaintenancePlanViews.swift */ = {isa = PBXFileReference; lastKnownFileType = sourcecode.swift; name = MaintenancePlanViews.swift; path = HakedisApp/Views/Santiye/MaintenancePlanViews.swift; sourceTree = "<group>"; };
		N031 /* RentalContractViews.swift */ = {isa = PBXFileReference; lastKnownFileType = sourcecode.swift; name = RentalContractViews.swift; path = HakedisApp/Views/Santiye/RentalContractViews.swift; sourceTree = "<group>"; };
		N032 /* EquipmentCostAnalysisViews.swift */ = {isa = PBXFileReference; lastKnownFileType = sourcecode.swift; name = EquipmentCostAnalysisViews.swift; path = HakedisApp/Views/Santiye/EquipmentCostAnalysisViews.swift; sourceTree = "<group>"; };
		N033 /* RiskAssessmentViews.swift */ = {isa = PBXFileReference; lastKnownFileType = sourcecode.swift; name = RiskAssessmentViews.swift; path = HakedisApp/Views/Santiye/RiskAssessmentViews.swift; sourceTree = "<group>"; };
		N034 /* CorrectiveActionViews.swift */ = {isa = PBXFileReference; lastKnownFileType = sourcecode.swift; name = CorrectiveActionViews.swift; path = HakedisApp/Views/Santiye/CorrectiveActionViews.swift; sourceTree = "<group>"; };
		N035 /* SafetyTrainingViews.swift */ = {isa = PBXFileReference; lastKnownFileType = sourcecode.swift; name = SafetyTrainingViews.swift; path = HakedisApp/Views/Santiye/SafetyTrainingViews.swift; sourceTree = "<group>"; };
		N036 /* PPEAssignmentViews.swift */ = {isa = PBXFileReference; lastKnownFileType = sourcecode.swift; name = PPEAssignmentViews.swift; path = HakedisApp/Views/Santiye/PPEAssignmentViews.swift; sourceTree = "<group>"; };
		N037 /* EmergencyPlanViews.swift */ = {isa = PBXFileReference; lastKnownFileType = sourcecode.swift; name = EmergencyPlanViews.swift; path = HakedisApp/Views/Santiye/EmergencyPlanViews.swift; sourceTree = "<group>"; };
		N038 /* SafetyStatisticsViews.swift */ = {isa = PBXFileReference; lastKnownFileType = sourcecode.swift; name = SafetyStatisticsViews.swift; path = HakedisApp/Views/Santiye/SafetyStatisticsViews.swift; sourceTree = "<group>"; };
		N039 /* SafetyPDFReportGenerator.swift */ = {isa = PBXFileReference; lastKnownFileType = sourcecode.swift; name = SafetyPDFReportGenerator.swift; path = HakedisApp/Views/Santiye/SafetyPDFReportGenerator.swift; sourceTree = "<group>"; };
		N040 /* FinalAccountViews.swift */ = {isa = PBXFileReference; lastKnownFileType = sourcecode.swift; name = FinalAccountViews.swift; path = HakedisApp/Views/Hakedis/FinalAccountViews.swift; sourceTree = "<group>"; };
		N041 /* HakedisAuditTrailViews.swift */ = {isa = PBXFileReference; lastKnownFileType = sourcecode.swift; name = HakedisAuditTrailViews.swift; path = HakedisApp/Views/Hakedis/HakedisAuditTrailViews.swift; sourceTree = "<group>"; };
		N042 /* NonConformanceReportViews.swift */ = {isa = PBXFileReference; lastKnownFileType = sourcecode.swift; name = NonConformanceReportViews.swift; path = HakedisApp/Views/Contracts/NonConformanceReportViews.swift; sourceTree = "<group>"; };
		N043 /* QualityDashboardViews.swift */ = {isa = PBXFileReference; lastKnownFileType = sourcecode.swift; name = QualityDashboardViews.swift; path = HakedisApp/Views/Contracts/QualityDashboardViews.swift; sourceTree = "<group>"; };
		N044 /* QualityPDFReportGenerator.swift */ = {isa = PBXFileReference; lastKnownFileType = sourcecode.swift; name = QualityPDFReportGenerator.swift; path = HakedisApp/Views/Contracts/QualityPDFReportGenerator.swift; sourceTree = "<group>"; };
		N045 /* ContractCorrespondenceSystemViews.swift */ = {isa = PBXFileReference; lastKnownFileType = sourcecode.swift; name = ContractCorrespondenceSystemViews.swift; path = HakedisApp/Views/Contracts/ContractCorrespondenceSystemViews.swift; sourceTree = "<group>"; };
		N046 /* DocumentViews.swift */ = {isa = PBXFileReference; lastKnownFileType = sourcecode.swift; name = DocumentViews.swift; path = HakedisApp/Views/Projects/DocumentViews.swift; sourceTree = "<group>"; };
		N047 /* MeetingViews.swift */ = {isa = PBXFileReference; lastKnownFileType = sourcecode.swift; name = MeetingViews.swift; path = HakedisApp/Views/Projects/MeetingViews.swift; sourceTree = "<group>"; };
		N048 /* SurveyViews.swift */ = {isa = PBXFileReference; lastKnownFileType = sourcecode.swift; name = SurveyViews.swift; path = HakedisApp/Views/Projects/SurveyViews.swift; sourceTree = "<group>"; };
		N049 /* BidPreparationViews.swift */ = {isa = PBXFileReference; lastKnownFileType = sourcecode.swift; name = BidPreparationViews.swift; path = HakedisApp/Views/Projects/BidPreparationViews.swift; sourceTree = "<group>"; };
		N050 /* GanttChartViews.swift */ = {isa = PBXFileReference; lastKnownFileType = sourcecode.swift; name = GanttChartViews.swift; path = HakedisApp/Views/Projects/GanttChartViews.swift; sourceTree = "<group>"; };
		N051 /* EVMViews.swift */ = {isa = PBXFileReference; lastKnownFileType = sourcecode.swift; name = EVMViews.swift; path = HakedisApp/Views/Projects/EVMViews.swift; sourceTree = "<group>"; };
		N052 /* DrawingPinViews.swift */ = {isa = PBXFileReference; lastKnownFileType = sourcecode.swift; name = DrawingPinViews.swift; path = HakedisApp/Views/Projects/DrawingPinViews.swift; sourceTree = "<group>"; };
		N053 /* SiteCommunicationViews.swift */ = {isa = PBXFileReference; lastKnownFileType = sourcecode.swift; name = SiteCommunicationViews.swift; path = HakedisApp/Views/Projects/SiteCommunicationViews.swift; sourceTree = "<group>"; };
		N054 /* AcceptanceManagementViews.swift */ = {isa = PBXFileReference; lastKnownFileType = sourcecode.swift; name = AcceptanceManagementViews.swift; path = HakedisApp/Views/Contracts/AcceptanceManagementViews.swift; sourceTree = "<group>"; };
		N055 /* ReportBuilderViews.swift */ = {isa = PBXFileReference; lastKnownFileType = sourcecode.swift; name = ReportBuilderViews.swift; path = HakedisApp/Views/Projects/ReportBuilderViews.swift; sourceTree = "<group>"; };
		N056 /* PerformanceInfrastructure.swift */ = {isa = PBXFileReference; lastKnownFileType = sourcecode.swift; name = PerformanceInfrastructure.swift; path = HakedisApp/Models/PerformanceInfrastructure.swift; sourceTree = "<group>"; };
		N057 /* KVKKViews.swift */ = {isa = PBXFileReference; lastKnownFileType = sourcecode.swift; name = KVKKViews.swift; path = HakedisApp/Views/Shared/KVKKViews.swift; sourceTree = "<group>"; };
		N058 /* BackupViews.swift */ = {isa = PBXFileReference; lastKnownFileType = sourcecode.swift; name = BackupViews.swift; path = HakedisApp/Views/Shared/BackupViews.swift; sourceTree = "<group>"; };
		N059 /* SyncViews.swift */ = {isa = PBXFileReference; lastKnownFileType = sourcecode.swift; name = SyncViews.swift; path = HakedisApp/Views/Shared/SyncViews.swift; sourceTree = "<group>"; };
		N060 /* OnboardingView.swift */ = {isa = PBXFileReference; lastKnownFileType = sourcecode.swift; name = OnboardingView.swift; path = HakedisApp/Views/Shared/OnboardingView.swift; sourceTree = "<group>"; };
		N061 /* HelpView.swift */ = {isa = PBXFileReference; lastKnownFileType = sourcecode.swift; name = HelpView.swift; path = HakedisApp/Views/Shared/HelpView.swift; sourceTree = "<group>"; };
		N062 /* PhotoComparisonView.swift */ = {isa = PBXFileReference; lastKnownFileType = sourcecode.swift; name = PhotoComparisonView.swift; path = HakedisApp/Views/Projects/PhotoComparisonView.swift; sourceTree = "<group>"; };
		N063 /* DrawingAnnotationView.swift */ = {isa = PBXFileReference; lastKnownFileType = sourcecode.swift; name = DrawingAnnotationView.swift; path = HakedisApp/Views/Projects/DrawingAnnotationView.swift; sourceTree = "<group>"; };
		N064 /* LoginView.swift */ = {isa = PBXFileReference; lastKnownFileType = sourcecode.swift; name = LoginView.swift; path = HakedisApp/Views/Auth/LoginView.swift; sourceTree = "<group>"; };
		N065 /* RegisterView.swift */ = {isa = PBXFileReference; lastKnownFileType = sourcecode.swift; name = RegisterView.swift; path = HakedisApp/Views/Auth/RegisterView.swift; sourceTree = "<group>"; };
		N066 /* ProfileView.swift */ = {isa = PBXFileReference; lastKnownFileType = sourcecode.swift; name = ProfileView.swift; path = HakedisApp/Views/Auth/ProfileView.swift; sourceTree = "<group>"; };
		N067 /* UserManagementView.swift */ = {isa = PBXFileReference; lastKnownFileType = sourcecode.swift; name = UserManagementView.swift; path = HakedisApp/Views/Auth/UserManagementView.swift; sourceTree = "<group>"; };
		N068 /* AuthManager.swift */ = {isa = PBXFileReference; lastKnownFileType = sourcecode.swift; name = AuthManager.swift; path = HakedisApp/Views/Shared/AuthManager.swift; sourceTree = "<group>"; };
		N069 /* JoinRequestManagementView.swift */ = {isa = PBXFileReference; lastKnownFileType = sourcecode.swift; name = JoinRequestManagementView.swift; path = HakedisApp/Views/Auth/JoinRequestManagementView.swift; sourceTree = "<group>"; };
		NM010 /* CompanyModel.swift */ = {isa = PBXFileReference; lastKnownFileType = sourcecode.swift; name = CompanyModel.swift; path = HakedisApp/Models/CompanyModel.swift; sourceTree = "<group>"; };
		NM009 /* UserAccountModel.swift */ = {isa = PBXFileReference; lastKnownFileType = sourcecode.swift; name = UserAccountModel.swift; path = HakedisApp/Models/UserAccountModel.swift; sourceTree = "<group>"; };
		NM001 /* CoreModels.swift */ = {isa = PBXFileReference; lastKnownFileType = sourcecode.swift; name = CoreModels.swift; path = HakedisApp/Models/CoreModels.swift; sourceTree = "<group>"; };
		NM002 /* ContractApprovalModels.swift */ = {isa = PBXFileReference; lastKnownFileType = sourcecode.swift; name = ContractApprovalModels.swift; path = HakedisApp/Models/ContractApprovalModels.swift; sourceTree = "<group>"; };
		NM003 /* SiteWorkModels.swift */ = {isa = PBXFileReference; lastKnownFileType = sourcecode.swift; name = SiteWorkModels.swift; path = HakedisApp/Models/SiteWorkModels.swift; sourceTree = "<group>"; };
		NM004 /* SiteEquipmentModels.swift */ = {isa = PBXFileReference; lastKnownFileType = sourcecode.swift; name = SiteEquipmentModels.swift; path = HakedisApp/Models/SiteEquipmentModels.swift; sourceTree = "<group>"; };
		NM005 /* EquipmentMaintenanceModels.swift */ = {isa = PBXFileReference; lastKnownFileType = sourcecode.swift; name = EquipmentMaintenanceModels.swift; path = HakedisApp/Models/EquipmentMaintenanceModels.swift; sourceTree = "<group>"; };
		NM006 /* SafetyQualityModels.swift */ = {isa = PBXFileReference; lastKnownFileType = sourcecode.swift; name = SafetyQualityModels.swift; path = HakedisApp/Models/SafetyQualityModels.swift; sourceTree = "<group>"; };
		NM007 /* ProjectExecutionModels.swift */ = {isa = PBXFileReference; lastKnownFileType = sourcecode.swift; name = ProjectExecutionModels.swift; path = HakedisApp/Models/ProjectExecutionModels.swift; sourceTree = "<group>"; };
		NM008 /* InfrastructureModels.swift */ = {isa = PBXFileReference; lastKnownFileType = sourcecode.swift; name = InfrastructureModels.swift; path = HakedisApp/Models/InfrastructureModels.swift; sourceTree = "<group>"; };
		PLIST1 /* GoogleService-Info.plist */ = {isa = PBXFileReference; lastKnownFileType = text.plist.xml; name = "GoogleService-Info.plist"; path = "HakedisApp/GoogleService-Info.plist"; sourceTree = "<group>"; };
		PROD1 /* HakedisApp.app */ = {isa = PBXFileReference; explicitFileType = wrapper.application; includeInIndex = 0; path = HakedisApp.app; sourceTree = BUILT_PRODUCTS_DIR; };
		PROD2 /* HakedisWidget.appex */ = {isa = PBXFileReference; explicitFileType = "wrapper.app-extension"; includeInIndex = 0; path = HakedisWidget.appex; sourceTree = BUILT_PRODUCTS_DIR; };
		PROD3 /* HakedisAppTests.xctest */ = {isa = PBXFileReference; explicitFileType = wrapper.cfbundle; includeInIndex = 0; path = HakedisAppTests.xctest; sourceTree = BUILT_PRODUCTS_DIR; };
		T001 /* CalculationTests.swift */ = {isa = PBXFileReference; lastKnownFileType = sourcecode.swift; path = CalculationTests.swift; sourceTree = "<group>"; };
		T002 /* StatusTransitionTests.swift */ = {isa = PBXFileReference; lastKnownFileType = sourcecode.swift; path = StatusTransitionTests.swift; sourceTree = "<group>"; };
		T003 /* CRUDTests.swift */ = {isa = PBXFileReference; lastKnownFileType = sourcecode.swift; path = CRUDTests.swift; sourceTree = "<group>"; };
		T005 /* FinancialTrackingTests.swift */ = {isa = PBXFileReference; lastKnownFileType = sourcecode.swift; path = FinancialTrackingTests.swift; sourceTree = "<group>"; };
		T006 /* TestProjesiAScenarioTests.swift */ = {isa = PBXFileReference; lastKnownFileType = sourcecode.swift; path = TestProjesiAScenarioTests.swift; sourceTree = "<group>"; };
		T007 /* Grup3FeatureTests.swift */ = {isa = PBXFileReference; lastKnownFileType = sourcecode.swift; path = Grup3FeatureTests.swift; sourceTree = "<group>"; };
		T008 /* ApprovalAndHandoverTests.swift */ = {isa = PBXFileReference; lastKnownFileType = sourcecode.swift; path = ApprovalAndHandoverTests.swift; sourceTree = "<group>"; };
		T009 /* NewFeaturesTests.swift */ = {isa = PBXFileReference; lastKnownFileType = sourcecode.swift; path = NewFeaturesTests.swift; sourceTree = "<group>"; };
		T010 /* SantiyeModuleTests.swift */ = {isa = PBXFileReference; lastKnownFileType = sourcecode.swift; path = SantiyeModuleTests.swift; sourceTree = "<group>"; };
		T011 /* PDFGeneratorTests.swift */ = {isa = PBXFileReference; lastKnownFileType = sourcecode.swift; path = PDFGeneratorTests.swift; sourceTree = "<group>"; };
		T012 /* Faz3Tests.swift */ = {isa = PBXFileReference; lastKnownFileType = sourcecode.swift; path = Faz3Tests.swift; sourceTree = "<group>"; };
		T013 /* Faz6Tests.swift */ = {isa = PBXFileReference; lastKnownFileType = sourcecode.swift; path = Faz6Tests.swift; sourceTree = "<group>"; };
		T014 /* Faz6A3A4Tests.swift */ = {isa = PBXFileReference; lastKnownFileType = sourcecode.swift; path = Faz6A3A4Tests.swift; sourceTree = "<group>"; };
		T015 /* Faz6A5Tests.swift */ = {isa = PBXFileReference; lastKnownFileType = sourcecode.swift; path = Faz6A5Tests.swift; sourceTree = "<group>"; };
		T016 /* Faz6A7Tests.swift */ = {isa = PBXFileReference; lastKnownFileType = sourcecode.swift; path = Faz6A7Tests.swift; sourceTree = "<group>"; };
		T017 /* Faz6A8Tests.swift */ = {isa = PBXFileReference; lastKnownFileType = sourcecode.swift; path = Faz6A8Tests.swift; sourceTree = "<group>"; };
		T018 /* FazB1Tests.swift */ = {isa = PBXFileReference; lastKnownFileType = sourcecode.swift; path = FazB1Tests.swift; sourceTree = "<group>"; };
		T019 /* FazB2Tests.swift */ = {isa = PBXFileReference; lastKnownFileType = sourcecode.swift; path = FazB2Tests.swift; sourceTree = "<group>"; };
		T020 /* FazB3Tests.swift */ = {isa = PBXFileReference; lastKnownFileType = sourcecode.swift; path = FazB3Tests.swift; sourceTree = "<group>"; };
		T021 /* FazB4Tests.swift */ = {isa = PBXFileReference; lastKnownFileType = sourcecode.swift; path = FazB4Tests.swift; sourceTree = "<group>"; };
		T022 /* FazB5Tests.swift */ = {isa = PBXFileReference; lastKnownFileType = sourcecode.swift; path = FazB5Tests.swift; sourceTree = "<group>"; };
		T023 /* FazB6Tests.swift */ = {isa = PBXFileReference; lastKnownFileType = sourcecode.swift; path = FazB6Tests.swift; sourceTree = "<group>"; };
		T024 /* FazB7Tests.swift */ = {isa = PBXFileReference; lastKnownFileType = sourcecode.swift; path = FazB7Tests.swift; sourceTree = "<group>"; };
		T025 /* FazB8Tests.swift */ = {isa = PBXFileReference; lastKnownFileType = sourcecode.swift; path = FazB8Tests.swift; sourceTree = "<group>"; };
		T026 /* FazB9Tests.swift */ = {isa = PBXFileReference; lastKnownFileType = sourcecode.swift; path = FazB9Tests.swift; sourceTree = "<group>"; };
		T027 /* FazC1Tests.swift */ = {isa = PBXFileReference; lastKnownFileType = sourcecode.swift; path = FazC1Tests.swift; sourceTree = "<group>"; };
		T028 /* FazC2Tests.swift */ = {isa = PBXFileReference; lastKnownFileType = sourcecode.swift; path = FazC2Tests.swift; sourceTree = "<group>"; };
		T029 /* FazC3Tests.swift */ = {isa = PBXFileReference; lastKnownFileType = sourcecode.swift; path = FazC3Tests.swift; sourceTree = "<group>"; };
		T030 /* AuthAndRoleTests.swift */ = {isa = PBXFileReference; lastKnownFileType = sourcecode.swift; path = AuthAndRoleTests.swift; sourceTree = "<group>"; };
		W001 /* HakedisWidget.swift */ = {isa = PBXFileReference; lastKnownFileType = sourcecode.swift; name = HakedisWidget.swift; path = HakedisApp/Widget/HakedisWidget.swift; sourceTree = "<group>"; };
		W002 /* Info.plist */ = {isa = PBXFileReference; lastKnownFileType = text.plist.xml; name = Info.plist; path = HakedisApp/Widget/Info.plist; sourceTree = "<group>"; };
		W003 /* HakedisWidget.entitlements */ = {isa = PBXFileReference; lastKnownFileType = text.plist.entitlements; name = HakedisWidget.entitlements; path = HakedisApp/Widget/HakedisWidget.entitlements; sourceTree = "<group>"; };
/* End PBXFileReference section */

/* Begin PBXFrameworksBuildPhase section */
		PHS2 /* Frameworks */ = {
			isa = PBXFrameworksBuildPhase;
			buildActionMask = 2147483647;
			files = (
				SPM_BF0 /* FirebaseCore in Frameworks */,
				SPM_BF1 /* FirebaseAnalytics in Frameworks */,
				SPM_BF2 /* FirebaseCrashlytics in Frameworks */,
			);
			runOnlyForDeploymentPostprocessing = 0;
		};
/* End PBXFrameworksBuildPhase section */

/* Begin PBXGroup section */
		GRP1 /* HakedisApp */ = {
			isa = PBXGroup;
			children = (
				BED3D08F2F721561002B3563 /* HakedisApp.entitlements */,
				PLIST1 /* GoogleService-Info.plist */,
				C010 /* WidgetDataManager.swift */,
				A001 /* HakedisApp.swift */,
				A002 /* ContentView.swift */,
				A003 /* Models.swift */,
				NM001 /* CoreModels.swift */,
				NM002 /* ContractApprovalModels.swift */,
				NM003 /* SiteWorkModels.swift */,
				NM004 /* SiteEquipmentModels.swift */,
				NM005 /* EquipmentMaintenanceModels.swift */,
				NM006 /* SafetyQualityModels.swift */,
				NM007 /* ProjectExecutionModels.swift */,
				NM008 /* InfrastructureModels.swift */,
				A004 /* DesignSystem.swift */,
				A005 /* DashboardView.swift */,
				A006 /* ProjectViews.swift */,
				A007 /* ReportsView.swift */,
				A008 /* ContractorViews.swift */,
				A009 /* ContractViews.swift */,
				A010 /* DailyEntryViews.swift */,
				A011 /* HakedisViews.swift */,
				C008 /* SettingsView.swift */,
				C009 /* CSVManager.swift */,
				C007 /* OfflineSyncManager.swift */,
				C006 /* NotificationManager.swift */,
				C005 /* PDFView.swift */,
				C004 /* ComparisonAndGallery.swift */,
				C003 /* RevisionViews.swift */,
				C012 /* ChangeOrderViews.swift */,
				C013 /* ContractorPerformanceView.swift */,
				C014 /* MilestoneViews.swift */,
				C015 /* SiteReportViews.swift */,
				C002 /* ContractorPortalView.swift */,
				C001 /* SearchFilterView.swift */,
				C016 /* ApprovalChainViews.swift */,
				C017 /* RejectionFlowViews.swift */,
				C019 /* SiteHandoverViews.swift */,
				C020 /* MeasurementBookViews.swift */,
				C021 /* CumulativeQuantityViews.swift */,
				C022 /* PhotoWorkItemViews.swift */,
				C023 /* LaborTrackingViews.swift */,
				C024 /* MaterialInventoryViews.swift */,
				C025 /* SpecificationChecklistViews.swift */,
				C026 /* HakedisComparisonViews.swift */,
				C027 /* CashFlowViews.swift */,
				C028 /* CashFlowEngine.swift */,
				C018 /* UnitPriceAnalysisViews.swift */,
				C029 /* CorrespondenceViews.swift */,
				C030 /* PriceDifferenceViews.swift */,
				C031 /* VATWithholdingViews.swift */,
				C032 /* SGKLaborViews.swift */,
				C033 /* SiteLogViews.swift */,
				C034 /* EquipmentViews.swift */,
				C035 /* SoilRecordViews.swift */,
				C036 /* TestRecordViews.swift */,
				C037 /* AcceptanceViews.swift */,
				C038 /* WarrantyClaimViews.swift */,
				C039 /* EditContractView.swift */,
				C03A /* GuaranteeViews.swift */,
				C03B /* MultipleEntryView.swift */,
				C03C /* PetitionGeneratorView.swift */,
				C03D /* SCurveView.swift */,
				C03E /* WeeklyReportView.swift */,
				C03F /* PozLibraryView.swift */,
				C040 /* PozLibrary.swift */,
				C041 /* HakedisKopyalaView.swift */,
				N001 /* SantiyeTabView.swift */,
				N002 /* FinansTabView.swift */,
				N003 /* MoreTabView.swift */,
				N004 /* SiteDiaryViews.swift */,
				N005 /* AttendanceViews.swift */,
				N006 /* MaterialStockViews.swift */,
				N007 /* EquipmentManagementViews.swift */,
				N008 /* SafetyViews.swift */,
				N009 /* AllHakedisListView.swift */,
				N010 /* AllPaymentsView.swift */,
				N011 /* AllGuaranteeListView.swift */,
				N012 /* SiteDiaryPDFGenerator.swift */,
				N013 /* AttendancePDFGenerator.swift */,
				N014 /* AttachmentViews.swift */,
				N015 /* AttachmentPDFGenerator.swift */,
				N016 /* PriceDifferenceCalcView.swift */,
				N017 /* CashFlowProjectionView.swift */,
				N018 /* SubcontractorHakedisViews.swift */,
				N019 /* ProgressReportViews.swift */,
				N020 /* LegalReferenceView.swift */,
				N021 /* QualityChecklistViews.swift */,
				N022 /* ContractManagementView.swift */,
				N023 /* SiteDiaryPhotoStamper.swift */,
				N024 /* WorkerViews.swift */,
				N025 /* SupplierViews.swift */,
				N026 /* MaterialOrderViews.swift */,
				N027 /* MaterialRequestViews.swift */,
				N028 /* MaterialTestResultViews.swift */,
				N029 /* EquipmentFailureViews.swift */,
				N030 /* MaintenancePlanViews.swift */,
				N031 /* RentalContractViews.swift */,
				N032 /* EquipmentCostAnalysisViews.swift */,
				N033 /* RiskAssessmentViews.swift */,
				N034 /* CorrectiveActionViews.swift */,
				N035 /* SafetyTrainingViews.swift */,
				N036 /* PPEAssignmentViews.swift */,
				N037 /* EmergencyPlanViews.swift */,
				N038 /* SafetyStatisticsViews.swift */,
				N039 /* SafetyPDFReportGenerator.swift */,
				N040 /* FinalAccountViews.swift */,
				N041 /* HakedisAuditTrailViews.swift */,
				N042 /* NonConformanceReportViews.swift */,
				N043 /* QualityDashboardViews.swift */,
				N044 /* QualityPDFReportGenerator.swift */,
				N045 /* ContractCorrespondenceSystemViews.swift */,
				N046 /* DocumentViews.swift */,
				N047 /* MeetingViews.swift */,
				N048 /* SurveyViews.swift */,
				N049 /* BidPreparationViews.swift */,
				N050 /* GanttChartViews.swift */,
				N051 /* EVMViews.swift */,
				N052 /* DrawingPinViews.swift */,
				N053 /* SiteCommunicationViews.swift */,
				N054 /* AcceptanceManagementViews.swift */,
				N055 /* ReportBuilderViews.swift */,
				N056 /* PerformanceInfrastructure.swift */,
				N057 /* KVKKViews.swift */,
				N058 /* BackupViews.swift */,
				N059 /* SyncViews.swift */,
				N060 /* OnboardingView.swift */,
				N061 /* HelpView.swift */,
				N062 /* PhotoComparisonView.swift */,
				N063 /* DrawingAnnotationView.swift */,
				N064 /* LoginView.swift */,
				N065 /* RegisterView.swift */,
				N066 /* ProfileView.swift */,
				N067 /* UserManagementView.swift */,
				N068 /* AuthManager.swift */,
			N069 /* JoinRequestManagementView.swift */,
			NM010 /* CompanyModel.swift */,
				NM009 /* UserAccountModel.swift */,
			);
			name = HakedisApp;
			sourceTree = "<group>";
		};
		GRP2 /* Products */ = {
			isa = PBXGroup;
			children = (
				PROD1 /* HakedisApp.app */,
				PROD2 /* HakedisWidget.appex */,
				PROD3 /* HakedisAppTests.xctest */,
			);
			name = Products;
			sourceTree = "<group>";
		};
		ROOT = {
			isa = PBXGroup;
			children = (
				GRP1 /* HakedisApp */,
				WGRP1 /* Widget */,
				TGRP /* HakedisAppTests */,
				GRP2 /* Products */,
			);
			sourceTree = "<group>";
		};
		TGRP /* HakedisAppTests */ = {
			isa = PBXGroup;
			children = (
				T001 /* CalculationTests.swift */,
				T002 /* StatusTransitionTests.swift */,
				T003 /* CRUDTests.swift */,
				T005 /* FinancialTrackingTests.swift */,
				T006 /* TestProjesiAScenarioTests.swift */,
				T007 /* Grup3FeatureTests.swift */,
				T008 /* ApprovalAndHandoverTests.swift */,
				T009 /* NewFeaturesTests.swift */,
				T010 /* SantiyeModuleTests.swift */,
				T011 /* PDFGeneratorTests.swift */,
				T012 /* Faz3Tests.swift */,
				T013 /* Faz6Tests.swift */,
				T014 /* Faz6A3A4Tests.swift */,
				T015 /* Faz6A5Tests.swift */,
				T016 /* Faz6A7Tests.swift */,
				T017 /* Faz6A8Tests.swift */,
				T018 /* FazB1Tests.swift */,
				T019 /* FazB2Tests.swift */,
				T020 /* FazB3Tests.swift */,
				T021 /* FazB4Tests.swift */,
				T022 /* FazB5Tests.swift */,
				T023 /* FazB6Tests.swift */,
				T024 /* FazB7Tests.swift */,
				T025 /* FazB8Tests.swift */,
				T026 /* FazB9Tests.swift */,
				T027 /* FazC1Tests.swift */,
				T028 /* FazC2Tests.swift */,
				T029 /* FazC3Tests.swift */,
				T030 /* AuthAndRoleTests.swift */,
			);
			path = HakedisAppTests;
			sourceTree = "<group>";
		};
		WGRP1 /* Widget */ = {
			isa = PBXGroup;
			children = (
				W001 /* HakedisWidget.swift */,
				W002 /* Info.plist */,
				W003 /* HakedisWidget.entitlements */,
			);
			name = Widget;
			sourceTree = "<group>";
		};
/* End PBXGroup section */

/* Begin PBXNativeTarget section */
		TGT1 /* HakedisApp */ = {
			isa = PBXNativeTarget;
			buildConfigurationList = CFGLST1 /* Build configuration list for PBXNativeTarget "HakedisApp" */;
			buildPhases = (
				PHS1 /* Sources */,
				PHS2 /* Frameworks */,
				PHS3 /* Embed Foundation Extensions */,
			);
			buildRules = (
			);
			dependencies = (
				TDEP1 /* PBXTargetDependency */,
			);
			name = HakedisApp;
			packageProductDependencies = (
				SPM_DEP0 /* FirebaseCore */,
				SPM_DEP1 /* FirebaseAnalytics */,
				SPM_DEP2 /* FirebaseCrashlytics */,
			);
			productName = HakedisApp;
			productReference = PROD1 /* HakedisApp.app */;
			productType = "com.apple.product-type.application";
		};
		TGT2 /* HakedisWidget */ = {
			isa = PBXNativeTarget;
			buildConfigurationList = WCFGLST1 /* Build configuration list for PBXNativeTarget "HakedisWidget" */;
			buildPhases = (
				WPS1 /* Sources */,
			);
			buildRules = (
			);
			dependencies = (
			);
			name = HakedisWidget;
			productName = HakedisWidget;
			productReference = PROD2 /* HakedisWidget.appex */;
			productType = "com.apple.product-type.app-extension";
		};
		TTGT /* HakedisAppTests */ = {
			isa = PBXNativeTarget;
			buildConfigurationList = TCFGLST /* Build configuration list for PBXNativeTarget "HakedisAppTests" */;
			buildPhases = (
				TPHS1 /* Sources */,
			);
			buildRules = (
			);
			dependencies = (
			);
			name = HakedisAppTests;
			productName = HakedisAppTests;
			productReference = PROD3 /* HakedisAppTests.xctest */;
			productType = "com.apple.product-type.bundle.unit-test";
		};
/* End PBXNativeTarget section */

/* Begin PBXProject section */
		PROJ /* Project object */ = {
			isa = PBXProject;
			attributes = {
				TargetAttributes = {
					TGT1 = {
						SystemCapabilities = {
							com.apple.ApplicationGroups.iOS = {
								enabled = 1;
							};
							com.apple.CloudKit = {
								enabled = 1;
							};
						};
					};
					TGT2 = {
						SystemCapabilities = {
							com.apple.ApplicationGroups.iOS = {
								enabled = 1;
							};
						};
					};
				};
			};
			buildConfigurationList = CFGLST2 /* Build configuration list for PBXProject "HakedisApp" */;
			compatibilityVersion = "Xcode 14.0";
			developmentRegion = tr;
			hasScannedForEncodings = 0;
			knownRegions = (
				en,
				tr,
				Base,
			);
			mainGroup = ROOT;
			packageReferences = (
				SPM_REF1 /* XCRemoteSwiftPackageReference "firebase-ios-sdk" */,
			);
			productRefGroup = GRP2 /* Products */;
			projectDirPath = "";
			projectRoot = "";
			targets = (
				TGT1 /* HakedisApp */,
				TTGT /* HakedisAppTests */,
			);
		};
/* End PBXProject section */

/* Begin PBXSourcesBuildPhase section */
		PHS1 /* Sources */ = {
			isa = PBXSourcesBuildPhase;
			buildActionMask = 2147483647;
			files = (
				B001 /* HakedisApp.swift in Sources */,
				B002 /* ContentView.swift in Sources */,
				B003 /* Models.swift in Sources */,
				SM001 /* CoreModels.swift in Sources */,
				SM002 /* ContractApprovalModels.swift in Sources */,
				SM003 /* SiteWorkModels.swift in Sources */,
				SM004 /* SiteEquipmentModels.swift in Sources */,
				SM005 /* EquipmentMaintenanceModels.swift in Sources */,
				SM006 /* SafetyQualityModels.swift in Sources */,
				SM007 /* ProjectExecutionModels.swift in Sources */,
				SM008 /* InfrastructureModels.swift in Sources */,
				B004 /* DesignSystem.swift in Sources */,
				B005 /* DashboardView.swift in Sources */,
				B006 /* ProjectViews.swift in Sources */,
				B007 /* ReportsView.swift in Sources */,
				B008 /* ContractorViews.swift in Sources */,
				B009 /* ContractViews.swift in Sources */,
				B010 /* DailyEntryViews.swift in Sources */,
				B011 /* HakedisViews.swift in Sources */,
				S008 /* SettingsView.swift in Sources */,
				S009 /* CSVManager.swift in Sources */,
				S010 /* WidgetDataManager.swift in Sources */,
				S007 /* OfflineSyncManager.swift in Sources */,
				S006 /* NotificationManager.swift in Sources */,
				S005 /* PDFView.swift in Sources */,
				S004 /* ComparisonAndGallery.swift in Sources */,
				S003 /* RevisionViews.swift in Sources */,
				S012 /* ChangeOrderViews.swift in Sources */,
				S013 /* ContractorPerformanceView.swift in Sources */,
				S014 /* MilestoneViews.swift in Sources */,
				S015 /* SiteReportViews.swift in Sources */,
				S002 /* ContractorPortalView.swift in Sources */,
				S001 /* SearchFilterView.swift in Sources */,
				S016 /* ApprovalChainViews.swift in Sources */,
				S017 /* RejectionFlowViews.swift in Sources */,
				S019 /* SiteHandoverViews.swift in Sources */,
				S020 /* MeasurementBookViews.swift in Sources */,
				S021 /* CumulativeQuantityViews.swift in Sources */,
				S022 /* PhotoWorkItemViews.swift in Sources */,
				S023 /* LaborTrackingViews.swift in Sources */,
				S024 /* MaterialInventoryViews.swift in Sources */,
				S025 /* SpecificationChecklistViews.swift in Sources */,
				S026 /* HakedisComparisonViews.swift in Sources */,
				S027 /* CashFlowViews.swift in Sources */,
				S028 /* CashFlowEngine.swift in Sources */,
				S018 /* UnitPriceAnalysisViews.swift in Sources */,
				S029 /* CorrespondenceViews.swift in Sources */,
				S030 /* PriceDifferenceViews.swift in Sources */,
				S031 /* VATWithholdingViews.swift in Sources */,
				S032 /* SGKLaborViews.swift in Sources */,
				S033 /* SiteLogViews.swift in Sources */,
				S034 /* EquipmentViews.swift in Sources */,
				S035 /* SoilRecordViews.swift in Sources */,
				S036 /* TestRecordViews.swift in Sources */,
				S037 /* AcceptanceViews.swift in Sources */,
				S038 /* WarrantyClaimViews.swift in Sources */,
				S039 /* EditContractView.swift in Sources */,
				S03A /* GuaranteeViews.swift in Sources */,
				S03B /* MultipleEntryView.swift in Sources */,
				S03C /* PetitionGeneratorView.swift in Sources */,
				S03D /* SCurveView.swift in Sources */,
				S03E /* WeeklyReportView.swift in Sources */,
				S03F /* PozLibraryView.swift in Sources */,
				S040 /* PozLibrary.swift in Sources */,
				S041 /* HakedisKopyalaView.swift in Sources */,
				NB001 /* SantiyeTabView.swift in Sources */,
				NB002 /* FinansTabView.swift in Sources */,
				NB003 /* MoreTabView.swift in Sources */,
				NB004 /* SiteDiaryViews.swift in Sources */,
				NB005 /* AttendanceViews.swift in Sources */,
				NB006 /* MaterialStockViews.swift in Sources */,
				NB007 /* EquipmentManagementViews.swift in Sources */,
				NB008 /* SafetyViews.swift in Sources */,
				NB009 /* AllHakedisListView.swift in Sources */,
				NB010 /* AllPaymentsView.swift in Sources */,
				NB011 /* AllGuaranteeListView.swift in Sources */,
				NB012 /* SiteDiaryPDFGenerator.swift in Sources */,
				NB013 /* AttendancePDFGenerator.swift in Sources */,
				NB014 /* AttachmentViews.swift in Sources */,
				NB015 /* AttachmentPDFGenerator.swift in Sources */,
				NB016 /* PriceDifferenceCalcView.swift in Sources */,
				NB017 /* CashFlowProjectionView.swift in Sources */,
				NB018 /* SubcontractorHakedisViews.swift in Sources */,
				NB019 /* ProgressReportViews.swift in Sources */,
				NB020 /* LegalReferenceView.swift in Sources */,
				NB021 /* QualityChecklistViews.swift in Sources */,
				NB022 /* ContractManagementView.swift in Sources */,
				NB023 /* SiteDiaryPhotoStamper.swift in Sources */,
				NB024 /* WorkerViews.swift in Sources */,
				NB025 /* SupplierViews.swift in Sources */,
				NB026 /* MaterialOrderViews.swift in Sources */,
				NB027 /* MaterialRequestViews.swift in Sources */,
				NB028 /* MaterialTestResultViews.swift in Sources */,
				NB029 /* EquipmentFailureViews.swift in Sources */,
				NB030 /* MaintenancePlanViews.swift in Sources */,
				NB031 /* RentalContractViews.swift in Sources */,
				NB032 /* EquipmentCostAnalysisViews.swift in Sources */,
				NB033 /* RiskAssessmentViews.swift in Sources */,
				NB034 /* CorrectiveActionViews.swift in Sources */,
				NB035 /* SafetyTrainingViews.swift in Sources */,
				NB036 /* PPEAssignmentViews.swift in Sources */,
				NB037 /* EmergencyPlanViews.swift in Sources */,
				NB038 /* SafetyStatisticsViews.swift in Sources */,
				NB039 /* SafetyPDFReportGenerator.swift in Sources */,
				NB040 /* FinalAccountViews.swift in Sources */,
				NB041 /* HakedisAuditTrailViews.swift in Sources */,
				NB042 /* NonConformanceReportViews.swift in Sources */,
				NB043 /* QualityDashboardViews.swift in Sources */,
				NB044 /* QualityPDFReportGenerator.swift in Sources */,
				NB045 /* ContractCorrespondenceSystemViews.swift in Sources */,
				NB046 /* DocumentViews.swift in Sources */,
				NB047 /* MeetingViews.swift in Sources */,
				NB048 /* SurveyViews.swift in Sources */,
				NB049 /* BidPreparationViews.swift in Sources */,
				NB050 /* GanttChartViews.swift in Sources */,
				NB051 /* EVMViews.swift in Sources */,
				NB052 /* DrawingPinViews.swift in Sources */,
				NB053 /* SiteCommunicationViews.swift in Sources */,
				NB054 /* AcceptanceManagementViews.swift in Sources */,
				NB055 /* ReportBuilderViews.swift in Sources */,
				NB056 /* PerformanceInfrastructure.swift in Sources */,
				NB057 /* KVKKViews.swift in Sources */,
				NB058 /* BackupViews.swift in Sources */,
				NB059 /* SyncViews.swift in Sources */,
				NB060 /* OnboardingView.swift in Sources */,
				NB061 /* HelpView.swift in Sources */,
				NB062 /* PhotoComparisonView.swift in Sources */,
				NB063 /* DrawingAnnotationView.swift in Sources */,
				NB064 /* LoginView.swift in Sources */,
				NB065 /* RegisterView.swift in Sources */,
				NB066 /* ProfileView.swift in Sources */,
				NB067 /* UserManagementView.swift in Sources */,
				NB068 /* AuthManager.swift in Sources */,
					NB069 /* JoinRequestManagementView.swift in Sources */,
					SM010 /* CompanyModel.swift in Sources */,
				SM009 /* UserAccountModel.swift in Sources */,
			);
			runOnlyForDeploymentPostprocessing = 0;
		};
		TPHS1 /* Sources */ = {
			isa = PBXSourcesBuildPhase;
			buildActionMask = 2147483647;
			files = (
				TM001 /* CoreModels.swift in Sources */,
				TM002 /* ContractApprovalModels.swift in Sources */,
				TM003 /* SiteWorkModels.swift in Sources */,
				TM004 /* SiteEquipmentModels.swift in Sources */,
				TM005 /* EquipmentMaintenanceModels.swift in Sources */,
				TM006 /* SafetyQualityModels.swift in Sources */,
				TM007 /* ProjectExecutionModels.swift in Sources */,
				TM008 /* InfrastructureModels.swift in Sources */,
				TM009 /* UserAccountModel.swift in Sources */,
					TM010 /* CompanyModel.swift in Sources */,
				TB008 /* CashFlowEngine.swift in Sources */,
				TB001 /* CalculationTests.swift in Sources */,
				TB002 /* StatusTransitionTests.swift in Sources */,
				TB003 /* CRUDTests.swift in Sources */,
				TB005 /* FinancialTrackingTests.swift in Sources */,
				TB006 /* TestProjesiAScenarioTests.swift in Sources */,
				TB007 /* Grup3FeatureTests.swift in Sources */,
				TB009 /* ApprovalAndHandoverTests.swift in Sources */,
				TB010 /* NewFeaturesTests.swift in Sources */,
				TB011 /* PozLibrary.swift in Sources */,
				TB012 /* SantiyeModuleTests.swift in Sources */,
				TB013 /* PDFGeneratorTests.swift in Sources */,
				TB014 /* SiteDiaryPDFGenerator.swift in Sources */,
				TB015 /* AttendancePDFGenerator.swift in Sources */,
				TB016 /* DesignSystem.swift in Sources */,
				TB017 /* Faz3Tests.swift in Sources */,
				TB018 /* Faz6Tests.swift in Sources */,
				TB019 /* Faz6A3A4Tests.swift in Sources */,
				TB020 /* Faz6A5Tests.swift in Sources */,
				TB021 /* Faz6A7Tests.swift in Sources */,
				TB022 /* Faz6A8Tests.swift in Sources */,
				TB023 /* FazB1Tests.swift in Sources */,
				TB024 /* FazB2Tests.swift in Sources */,
				TB025 /* FazB3Tests.swift in Sources */,
				TB026 /* FazB4Tests.swift in Sources */,
				TB027 /* FazB5Tests.swift in Sources */,
				TB028 /* FazB6Tests.swift in Sources */,
				TB029 /* FazB7Tests.swift in Sources */,
				TB030 /* FazB8Tests.swift in Sources */,
				TB031 /* FazB9Tests.swift in Sources */,
				TB032 /* FazC1Tests.swift in Sources */,
				TB033 /* PerformanceInfrastructure.swift in Sources */,
				TB034 /* FazC2Tests.swift in Sources */,
				TB035 /* KVKKViews.swift in Sources */,
				TB036 /* FazC3Tests.swift in Sources */,
				TB037 /* BackupViews.swift in Sources */,
				TB038 /* AuthAndRoleTests.swift in Sources */,
			);
			runOnlyForDeploymentPostprocessing = 0;
		};
		WPS1 /* Sources */ = {
			isa = PBXSourcesBuildPhase;
			buildActionMask = 2147483647;
			files = (
				WB001 /* HakedisWidget.swift in Sources */,
			);
			runOnlyForDeploymentPostprocessing = 0;
		};
/* End PBXSourcesBuildPhase section */

/* Begin PBXTargetDependency section */
		TDEP1 /* PBXTargetDependency */ = {
			isa = PBXTargetDependency;
			target = TGT2 /* HakedisWidget */;
			targetProxy = CIP1 /* PBXContainerItemProxy */;
		};
/* End PBXTargetDependency section */

/* Begin XCBuildConfiguration section */
		CFG1 /* Debug */ = {
			isa = XCBuildConfiguration;
			buildSettings = {
				"EXCLUDED_ARCHS[sdk=iphonesimulator*]" = x86_64;
				IPHONEOS_DEPLOYMENT_TARGET = 17.0;
				SDKROOT = iphoneos;
				SUPPORTED_PLATFORMS = "iphoneos iphonesimulator";
				SWIFT_VERSION = 5.0;
				TARGETED_DEVICE_FAMILY = "1,2";
			};
			name = Debug;
		};
		CFG2 /* Release */ = {
			isa = XCBuildConfiguration;
			buildSettings = {
				"EXCLUDED_ARCHS[sdk=iphonesimulator*]" = x86_64;
				IPHONEOS_DEPLOYMENT_TARGET = 17.0;
				SDKROOT = iphoneos;
				SUPPORTED_PLATFORMS = "iphoneos iphonesimulator";
				SWIFT_VERSION = 5.0;
				TARGETED_DEVICE_FAMILY = "1,2";
			};
			name = Release;
		};
		CFG3 /* Debug */ = {
			isa = XCBuildConfiguration;
			buildSettings = {
				"CODE_SIGNING_REQUIRED[sdk=iphonesimulator*]" = NO;
				CODE_SIGN_ENTITLEMENTS = HakedisApp/HakedisApp.entitlements;
				CODE_SIGN_IDENTITY = "Apple Development";
				"CODE_SIGN_IDENTITY[sdk=iphonesimulator*]" = "-";
				CODE_SIGN_STYLE = Automatic;
				CURRENT_PROJECT_VERSION = 1;
				DEFINES_MODULE = YES;
				DEVELOPMENT_TEAM = ZFKJZD96B7;
				"EXCLUDED_ARCHS[sdk=iphonesimulator*]" = x86_64;
				GENERATE_INFOPLIST_FILE = YES;
				INFOPLIST_KEY_NSLocationWhenInUseUsageDescription = "Saha girişlerinde GPS konumu kaydetmek için gerekli";
				INFOPLIST_KEY_NSPhotoLibraryUsageDescription = "Saha fotograflari icin gerekli";
				INFOPLIST_KEY_UIApplicationSceneManifest_Generation = YES;
				INFOPLIST_KEY_UILaunchScreen_Generation = YES;
				IPHONEOS_DEPLOYMENT_TARGET = 17.0;
				MARKETING_VERSION = 1.0;
				PRODUCT_BUNDLE_IDENTIFIER = com.alphabisystems.hakedisapp;
				PRODUCT_NAME = "$(TARGET_NAME)";
				PROVISIONING_PROFILE_SPECIFIER = "";
				SDKROOT = iphoneos;
				SUPPORTED_PLATFORMS = "iphoneos iphonesimulator";
				SWIFT_VERSION = 5.0;
				TARGETED_DEVICE_FAMILY = "1,2";
			};
			name = Debug;
		};
		CFG4 /* Release */ = {
			isa = XCBuildConfiguration;
			buildSettings = {
				"CODE_SIGNING_REQUIRED[sdk=iphonesimulator*]" = NO;
				CODE_SIGN_ENTITLEMENTS = HakedisApp/HakedisApp.entitlements;
				CODE_SIGN_IDENTITY = "Apple Development";
				"CODE_SIGN_IDENTITY[sdk=iphonesimulator*]" = "-";
				CODE_SIGN_STYLE = Automatic;
				CURRENT_PROJECT_VERSION = 1;
				DEFINES_MODULE = YES;
				DEVELOPMENT_TEAM = ZFKJZD96B7;
				"EXCLUDED_ARCHS[sdk=iphonesimulator*]" = x86_64;
				GENERATE_INFOPLIST_FILE = YES;
				IPHONEOS_DEPLOYMENT_TARGET = 17.0;
				MARKETING_VERSION = 1.0;
				PRODUCT_BUNDLE_IDENTIFIER = com.alphabisystems.hakedisapp;
				PRODUCT_NAME = "$(TARGET_NAME)";
				PROVISIONING_PROFILE_SPECIFIER = "";
				SDKROOT = iphoneos;
				SUPPORTED_PLATFORMS = "iphoneos iphonesimulator";
				SWIFT_VERSION = 5.0;
				TARGETED_DEVICE_FAMILY = "1,2";
			};
			name = Release;
		};
		TCFG1 /* Debug */ = {
			isa = XCBuildConfiguration;
			buildSettings = {
				CODE_SIGN_STYLE = Automatic;
				DEVELOPMENT_TEAM = ZFKJZD96B7;
				"EXCLUDED_ARCHS[sdk=iphonesimulator*]" = x86_64;
				GENERATE_INFOPLIST_FILE = YES;
				IPHONEOS_DEPLOYMENT_TARGET = 17.0;
				PRODUCT_BUNDLE_IDENTIFIER = com.alphabisystems.hakedisapp.tests;
				PRODUCT_NAME = HakedisAppTests;
				SDKROOT = iphoneos;
				SUPPORTED_PLATFORMS = "iphoneos iphonesimulator";
				SWIFT_VERSION = 5.0;
				TARGETED_DEVICE_FAMILY = "1,2";
			};
			name = Debug;
		};
		TCFG2 /* Release */ = {
			isa = XCBuildConfiguration;
			buildSettings = {
				CODE_SIGN_STYLE = Automatic;
				DEVELOPMENT_TEAM = ZFKJZD96B7;
				"EXCLUDED_ARCHS[sdk=iphonesimulator*]" = x86_64;
				GENERATE_INFOPLIST_FILE = YES;
				IPHONEOS_DEPLOYMENT_TARGET = 17.0;
				PRODUCT_BUNDLE_IDENTIFIER = com.alphabisystems.hakedisapp.tests;
				PRODUCT_NAME = HakedisAppTests;
				SDKROOT = iphoneos;
				SUPPORTED_PLATFORMS = "iphoneos iphonesimulator";
				SWIFT_VERSION = 5.0;
				TARGETED_DEVICE_FAMILY = "1,2";
			};
			name = Release;
		};
		WCFG1 /* Debug */ = {
			isa = XCBuildConfiguration;
			buildSettings = {
				"CODE_SIGNING_REQUIRED[sdk=iphonesimulator*]" = NO;
				CODE_SIGN_ENTITLEMENTS = HakedisApp/Widget/HakedisWidget.entitlements;
				"CODE_SIGN_IDENTITY[sdk=iphonesimulator*]" = "-";
				CODE_SIGN_STYLE = Automatic;
				CURRENT_PROJECT_VERSION = 1;
				DEVELOPMENT_TEAM = ZFKJZD96B7;
				"EXCLUDED_ARCHS[sdk=iphonesimulator*]" = x86_64;
				GENERATE_INFOPLIST_FILE = NO;
				INFOPLIST_FILE = HakedisApp/Widget/Info.plist;
				IPHONEOS_DEPLOYMENT_TARGET = 17.0;
				LD_RUNPATH_SEARCH_PATHS = (
					"$(inherited)",
					"@executable_path/../../Frameworks",
				);
				MARKETING_VERSION = 1.0;
				PRODUCT_BUNDLE_IDENTIFIER = com.alphabisystems.hakedisapp.widget;
				PRODUCT_NAME = HakedisWidget;
				SDKROOT = iphoneos;
				SKIP_INSTALL = YES;
				SUPPORTED_PLATFORMS = "iphoneos iphonesimulator";
				SWIFT_VERSION = 5.0;
				TARGETED_DEVICE_FAMILY = "1,2";
			};
			name = Debug;
		};
		WCFG2 /* Release */ = {
			isa = XCBuildConfiguration;
			buildSettings = {
				"CODE_SIGNING_REQUIRED[sdk=iphonesimulator*]" = NO;
				CODE_SIGN_ENTITLEMENTS = HakedisApp/Widget/HakedisWidget.entitlements;
				"CODE_SIGN_IDENTITY[sdk=iphonesimulator*]" = "-";
				CODE_SIGN_STYLE = Automatic;
				CURRENT_PROJECT_VERSION = 1;
				DEVELOPMENT_TEAM = ZFKJZD96B7;
				"EXCLUDED_ARCHS[sdk=iphonesimulator*]" = x86_64;
				GENERATE_INFOPLIST_FILE = NO;
				INFOPLIST_FILE = HakedisApp/Widget/Info.plist;
				IPHONEOS_DEPLOYMENT_TARGET = 17.0;
				LD_RUNPATH_SEARCH_PATHS = (
					"$(inherited)",
					"@executable_path/../../Frameworks",
				);
				MARKETING_VERSION = 1.0;
				PRODUCT_BUNDLE_IDENTIFIER = com.alphabisystems.hakedisapp.widget;
				PRODUCT_NAME = HakedisWidget;
				SDKROOT = iphoneos;
				SKIP_INSTALL = YES;
				SUPPORTED_PLATFORMS = "iphoneos iphonesimulator";
				SWIFT_VERSION = 5.0;
				TARGETED_DEVICE_FAMILY = "1,2";
			};
			name = Release;
		};
/* End XCBuildConfiguration section */

/* Begin XCConfigurationList section */
		CFGLST1 /* Build configuration list for PBXNativeTarget "HakedisApp" */ = {
			isa = XCConfigurationList;
			buildConfigurations = (
				CFG3 /* Debug */,
				CFG4 /* Release */,
			);
			defaultConfigurationIsVisible = 0;
			defaultConfigurationName = Release;
		};
		CFGLST2 /* Build configuration list for PBXProject "HakedisApp" */ = {
			isa = XCConfigurationList;
			buildConfigurations = (
				CFG1 /* Debug */,
				CFG2 /* Release */,
			);
			defaultConfigurationIsVisible = 0;
			defaultConfigurationName = Release;
		};
		TCFGLST /* Build configuration list for PBXNativeTarget "HakedisAppTests" */ = {
			isa = XCConfigurationList;
			buildConfigurations = (
				TCFG1 /* Debug */,
				TCFG2 /* Release */,
			);
			defaultConfigurationIsVisible = 0;
			defaultConfigurationName = Release;
		};
		WCFGLST1 /* Build configuration list for PBXNativeTarget "HakedisWidget" */ = {
			isa = XCConfigurationList;
			buildConfigurations = (
				WCFG1 /* Debug */,
				WCFG2 /* Release */,
			);
			defaultConfigurationIsVisible = 0;
			defaultConfigurationName = Release;
		};
/* End XCConfigurationList section */

/* Begin XCRemoteSwiftPackageReference section */
		SPM_REF1 /* XCRemoteSwiftPackageReference "firebase-ios-sdk" */ = {
			isa = XCRemoteSwiftPackageReference;
			repositoryURL = "https://github.com/firebase/firebase-ios-sdk";
			requirement = {
				kind = upToNextMajorVersion;
				minimumVersion = 11.0.0;
			};
		};
/* End XCRemoteSwiftPackageReference section */

/* Begin XCSwiftPackageProductDependency section */
		SPM_DEP0 /* FirebaseCore */ = {
			isa = XCSwiftPackageProductDependency;
			package = SPM_REF1 /* XCRemoteSwiftPackageReference "firebase-ios-sdk" */;
			productName = FirebaseCore;
		};
		SPM_DEP1 /* FirebaseAnalytics */ = {
			isa = XCSwiftPackageProductDependency;
			package = SPM_REF1 /* XCRemoteSwiftPackageReference "firebase-ios-sdk" */;
			productName = FirebaseAnalytics;
		};
		SPM_DEP2 /* FirebaseCrashlytics */ = {
			isa = XCSwiftPackageProductDependency;
			package = SPM_REF1 /* XCRemoteSwiftPackageReference "firebase-ios-sdk" */;
			productName = FirebaseCrashlytics;
		};
/* End XCSwiftPackageProductDependency section */
	};
	rootObject = PROJ /* Project object */;
}
