// !$*UTF8*$!
{
	archiveVersion = 1;
	classes = {
	};
	objectVersion = 56;
	objects = {

/* Begin PBXBuildFile section */
		TB001 /* CalculationTests.swift in Sources */ = {isa = PBXBuildFile; fileRef = T001 /* CalculationTests.swift */; };
		TB002 /* StatusTransitionTests.swift in Sources */ = {isa = PBXBuildFile; fileRef = T002 /* StatusTransitionTests.swift */; };
		TB003 /* CRUDTests.swift in Sources */ = {isa = PBXBuildFile; fileRef = T003 /* CRUDTests.swift */; };
		TB005 /* FinancialTrackingTests.swift in Sources */ = {isa = PBXBuildFile; fileRef = T005 /* FinancialTrackingTests.swift */; };
		TB004 /* Models.swift in TestSources */ = {isa = PBXBuildFile; fileRef = A003 /* Models.swift */; };
		SPM_BF0 /* FirebaseCore in Frameworks */ = {isa = PBXBuildFile; productRef = SPM_DEP0 /* FirebaseCore */; };
		SPM_BF1 /* FirebaseAnalytics in Frameworks */ = {isa = PBXBuildFile; productRef = SPM_DEP1 /* FirebaseAnalytics */; };
		SPM_BF2 /* FirebaseCrashlytics in Frameworks */ = {isa = PBXBuildFile; productRef = SPM_DEP2 /* FirebaseCrashlytics */; };
		B001 /* HakedisApp.swift in Sources */ = {isa = PBXBuildFile; fileRef = A001 /* HakedisApp.swift */; };
		B002 /* ContentView.swift in Sources */ = {isa = PBXBuildFile; fileRef = A002 /* ContentView.swift */; };
		B003 /* Models.swift in Sources */ = {isa = PBXBuildFile; fileRef = A003 /* Models.swift */; };
		B004 /* DesignSystem.swift in Sources */ = {isa = PBXBuildFile; fileRef = A004 /* DesignSystem.swift */; };
		B005 /* DashboardView.swift in Sources */ = {isa = PBXBuildFile; fileRef = A005 /* DashboardView.swift */; };
		B006 /* ProjectViews.swift in Sources */ = {isa = PBXBuildFile; fileRef = A006 /* ProjectViews.swift */; };
		B007 /* ReportsView.swift in Sources */ = {isa = PBXBuildFile; fileRef = A007 /* ReportsView.swift */; };
		B008 /* ContractorViews.swift in Sources */ = {isa = PBXBuildFile; fileRef = A008 /* ContractorViews.swift */; };
		B009 /* ContractViews.swift in Sources */ = {isa = PBXBuildFile; fileRef = A009 /* ContractViews.swift */; };
		B010 /* DailyEntryViews.swift in Sources */ = {isa = PBXBuildFile; fileRef = A010 /* DailyEntryViews.swift */; };
		B011 /* HakedisViews.swift in Sources */ = {isa = PBXBuildFile; fileRef = A011 /* HakedisViews.swift */; };
		S001 /* SearchFilterView.swift in Sources */ = {isa = PBXBuildFile; fileRef = C001 /* SearchFilterView.swift */; };
		S002 /* ContractorPortalView.swift in Sources */ = {isa = PBXBuildFile; fileRef = C002 /* ContractorPortalView.swift */; };
		S012 /* ChangeOrderViews.swift in Sources */ = {isa = PBXBuildFile; fileRef = C012 /* ChangeOrderViews.swift */; };
		S003 /* RevisionViews.swift in Sources */ = {isa = PBXBuildFile; fileRef = C003 /* RevisionViews.swift */; };
		S004 /* ComparisonAndGallery.swift in Sources */ = {isa = PBXBuildFile; fileRef = C004 /* ComparisonAndGallery.swift */; };
		S005 /* PDFView.swift in Sources */ = {isa = PBXBuildFile; fileRef = C005 /* PDFView.swift */; };
		S006 /* NotificationManager.swift in Sources */ = {isa = PBXBuildFile; fileRef = C006 /* NotificationManager.swift */; };
		S007 /* OfflineSyncManager.swift in Sources */ = {isa = PBXBuildFile; fileRef = C007 /* OfflineSyncManager.swift */; };
		S008 /* SettingsView.swift in Sources */ = {isa = PBXBuildFile; fileRef = C008 /* SettingsView.swift */; };
		S009 /* CSVManager.swift in Sources */ = {isa = PBXBuildFile; fileRef = C009 /* CSVManager.swift */; };
		S010 /* WidgetDataManager.swift in Sources */ = {isa = PBXBuildFile; fileRef = C010 /* WidgetDataManager.swift */; };
		WB001 /* HakedisWidget.swift in Sources */ = {isa = PBXBuildFile; fileRef = W001 /* HakedisWidget.swift */; };
		WB002 /* HakedisWidget.appex in Embed Foundation Extensions */ = {isa = PBXBuildFile; fileRef = PROD2 /* HakedisWidget.appex */; settings = {ATTRIBUTES = (RemoveHeadersOnCopy, ); }; };
/* End PBXBuildFile section */

/* Begin PBXFileReference section */
		A001 /* HakedisApp.swift */ = {isa = PBXFileReference; lastKnownFileType = sourcecode.swift; name = HakedisApp.swift; path = HakedisApp/HakedisApp.swift; sourceTree = "<group>"; };
		A002 /* ContentView.swift */ = {isa = PBXFileReference; lastKnownFileType = sourcecode.swift; name = ContentView.swift; path = HakedisApp/ContentView.swift; sourceTree = "<group>"; };
		A003 /* Models.swift */ = {isa = PBXFileReference; lastKnownFileType = sourcecode.swift; name = Models.swift; path = HakedisApp/Models/Models.swift; sourceTree = "<group>"; };
		A004 /* DesignSystem.swift */ = {isa = PBXFileReference; lastKnownFileType = sourcecode.swift; name = DesignSystem.swift; path = HakedisApp/Views/Shared/DesignSystem.swift; sourceTree = "<group>"; };
		A005 /* DashboardView.swift */ = {isa = PBXFileReference; lastKnownFileType = sourcecode.swift; name = DashboardView.swift; path = HakedisApp/Views/Projects/DashboardView.swift; sourceTree = "<group>"; };
		A006 /* ProjectViews.swift */ = {isa = PBXFileReference; lastKnownFileType = sourcecode.swift; name = ProjectViews.swift; path = HakedisApp/Views/Projects/ProjectViews.swift; sourceTree = "<group>"; };
		A007 /* ReportsView.swift */ = {isa = PBXFileReference; lastKnownFileType = sourcecode.swift; name = ReportsView.swift; path = HakedisApp/Views/Projects/ReportsView.swift; sourceTree = "<group>"; };
		A008 /* ContractorViews.swift */ = {isa = PBXFileReference; lastKnownFileType = sourcecode.swift; name = ContractorViews.swift; path = HakedisApp/Views/Contracts/ContractorViews.swift; sourceTree = "<group>"; };
		A009 /* ContractViews.swift */ = {isa = PBXFileReference; lastKnownFileType = sourcecode.swift; name = ContractViews.swift; path = HakedisApp/Views/Contracts/ContractViews.swift; sourceTree = "<group>"; };
		A010 /* DailyEntryViews.swift */ = {isa = PBXFileReference; lastKnownFileType = sourcecode.swift; name = DailyEntryViews.swift; path = HakedisApp/Views/DailyEntry/DailyEntryViews.swift; sourceTree = "<group>"; };
		A011 /* HakedisViews.swift */ = {isa = PBXFileReference; lastKnownFileType = sourcecode.swift; name = HakedisViews.swift; path = HakedisApp/Views/Hakedis/HakedisViews.swift; sourceTree = "<group>"; };
		BED3D08F2F721561002B3563 /* HakedisApp.entitlements */ = {isa = PBXFileReference; lastKnownFileType = text.plist.entitlements; name = HakedisApp.entitlements; path = HakedisApp/HakedisApp.entitlements; sourceTree = "<group>"; };
		C001 /* SearchFilterView.swift */ = {isa = PBXFileReference; lastKnownFileType = sourcecode.swift; name = SearchFilterView.swift; path = HakedisApp/Views/Shared/SearchFilterView.swift; sourceTree = "<group>"; };
		C002 /* ContractorPortalView.swift */ = {isa = PBXFileReference; lastKnownFileType = sourcecode.swift; name = ContractorPortalView.swift; path = HakedisApp/Views/Contractor/ContractorPortalView.swift; sourceTree = "<group>"; };
		C003 /* RevisionViews.swift */ = {isa = PBXFileReference; lastKnownFileType = sourcecode.swift; name = RevisionViews.swift; path = HakedisApp/Views/Contracts/RevisionViews.swift; sourceTree = "<group>"; };
		C004 /* ComparisonAndGallery.swift */ = {isa = PBXFileReference; lastKnownFileType = sourcecode.swift; name = ComparisonAndGallery.swift; path = HakedisApp/Views/Hakedis/ComparisonAndGallery.swift; sourceTree = "<group>"; };
		C005 /* PDFView.swift */ = {isa = PBXFileReference; lastKnownFileType = sourcecode.swift; name = PDFView.swift; path = HakedisApp/Views/Hakedis/PDFView.swift; sourceTree = "<group>"; };
		C006 /* NotificationManager.swift */ = {isa = PBXFileReference; lastKnownFileType = sourcecode.swift; name = NotificationManager.swift; path = HakedisApp/Views/Shared/NotificationManager.swift; sourceTree = "<group>"; };
		C007 /* OfflineSyncManager.swift */ = {isa = PBXFileReference; lastKnownFileType = sourcecode.swift; name = OfflineSyncManager.swift; path = HakedisApp/Views/Shared/OfflineSyncManager.swift; sourceTree = "<group>"; };
		C008 /* SettingsView.swift */ = {isa = PBXFileReference; lastKnownFileType = sourcecode.swift; name = SettingsView.swift; path = HakedisApp/Views/Shared/SettingsView.swift; sourceTree = "<group>"; };
		C009 /* CSVManager.swift */ = {isa = PBXFileReference; lastKnownFileType = sourcecode.swift; name = CSVManager.swift; path = HakedisApp/Views/Shared/CSVManager.swift; sourceTree = "<group>"; };
		C010 /* WidgetDataManager.swift */ = {isa = PBXFileReference; lastKnownFileType = sourcecode.swift; name = WidgetDataManager.swift; path = HakedisApp/Views/Shared/WidgetDataManager.swift; sourceTree = "<group>"; };
		C012 /* ChangeOrderViews.swift */ = {isa = PBXFileReference; lastKnownFileType = sourcecode.swift; name = ChangeOrderViews.swift; path = HakedisApp/Views/Contracts/ChangeOrderViews.swift; sourceTree = "<group>"; };
		W001 /* HakedisWidget.swift */ = {isa = PBXFileReference; lastKnownFileType = sourcecode.swift; name = HakedisWidget.swift; path = HakedisApp/Widget/HakedisWidget.swift; sourceTree = "<group>"; };
		W002 /* Info.plist */ = {isa = PBXFileReference; lastKnownFileType = text.plist.xml; name = Info.plist; path = HakedisApp/Widget/Info.plist; sourceTree = "<group>"; };
		W003 /* HakedisWidget.entitlements */ = {isa = PBXFileReference; lastKnownFileType = text.plist.entitlements; name = HakedisWidget.entitlements; path = HakedisApp/Widget/HakedisWidget.entitlements; sourceTree = "<group>"; };
		PROD2 /* HakedisWidget.appex */ = {isa = PBXFileReference; explicitFileType = "wrapper.app-extension"; includeInIndex = 0; path = HakedisWidget.appex; sourceTree = BUILT_PRODUCTS_DIR; };
		PROD1 /* HakedisApp.app */ = {isa = PBXFileReference; explicitFileType = wrapper.application; includeInIndex = 0; path = HakedisApp.app; sourceTree = BUILT_PRODUCTS_DIR; };
		PROD3 /* HakedisAppTests.xctest */ = {isa = PBXFileReference; explicitFileType = wrapper.cfbundle; includeInIndex = 0; path = HakedisAppTests.xctest; sourceTree = BUILT_PRODUCTS_DIR; };
		T001 /* CalculationTests.swift */ = {isa = PBXFileReference; lastKnownFileType = sourcecode.swift; path = CalculationTests.swift; sourceTree = "<group>"; };
		T002 /* StatusTransitionTests.swift */ = {isa = PBXFileReference; lastKnownFileType = sourcecode.swift; path = StatusTransitionTests.swift; sourceTree = "<group>"; };
		T003 /* CRUDTests.swift */ = {isa = PBXFileReference; lastKnownFileType = sourcecode.swift; path = CRUDTests.swift; sourceTree = "<group>"; };
		T005 /* FinancialTrackingTests.swift */ = {isa = PBXFileReference; lastKnownFileType = sourcecode.swift; path = FinancialTrackingTests.swift; sourceTree = "<group>"; };
		PLIST1 /* GoogleService-Info.plist */ = {isa = PBXFileReference; lastKnownFileType = text.plist.xml; name = "GoogleService-Info.plist"; path = "HakedisApp/GoogleService-Info.plist"; sourceTree = "<group>"; };
/* End PBXFileReference section */

/* Begin PBXGroup section */
		WGRP1 /* Widget */ = {
			isa = PBXGroup;
			children = (
				W001 /* HakedisWidget.swift */,
				W002 /* Info.plist */,
				W003 /* HakedisWidget.entitlements */,
			);
			name = Widget;
			sourceTree = "<group>";
		};
		GRP1 /* HakedisApp */ = {
			isa = PBXGroup;
			children = (
				BED3D08F2F721561002B3563 /* HakedisApp.entitlements */,
				PLIST1 /* GoogleService-Info.plist */,
				C010 /* WidgetDataManager.swift */,
				A001 /* HakedisApp.swift */,
				A002 /* ContentView.swift */,
				A003 /* Models.swift */,
				A004 /* DesignSystem.swift */,
				A005 /* DashboardView.swift */,
				A006 /* ProjectViews.swift */,
				A007 /* ReportsView.swift */,
				A008 /* ContractorViews.swift */,
				A009 /* ContractViews.swift */,
				A010 /* DailyEntryViews.swift */,
				A011 /* HakedisViews.swift */,
				C008 /* SettingsView.swift */,
				C009 /* CSVManager.swift */,
				C007 /* OfflineSyncManager.swift */,
				C006 /* NotificationManager.swift */,
				C005 /* PDFView.swift */,
				C004 /* ComparisonAndGallery.swift */,
				C003 /* RevisionViews.swift */,
				C012 /* ChangeOrderViews.swift */,
				C002 /* ContractorPortalView.swift */,
				C001 /* SearchFilterView.swift */,
			);
			name = HakedisApp;
			sourceTree = "<group>";
		};
		GRP2 /* Products */ = {
			isa = PBXGroup;
			children = (
				PROD1 /* HakedisApp.app */,
				PROD2 /* HakedisWidget.appex */,
				PROD3 /* HakedisAppTests.xctest */,
			);
			name = Products;
			sourceTree = "<group>";
		};
		TGRP /* HakedisAppTests */ = {
			isa = PBXGroup;
			children = (
				T001 /* CalculationTests.swift */,
				T002 /* StatusTransitionTests.swift */,
				T003 /* CRUDTests.swift */,
				T005 /* FinancialTrackingTests.swift */,
			);
			name = HakedisAppTests;
			path = HakedisAppTests;
			sourceTree = "<group>";
		};
		ROOT = {
			isa = PBXGroup;
			children = (
				GRP1 /* HakedisApp */,
				WGRP1 /* Widget */,
				TGRP /* HakedisAppTests */,
				GRP2 /* Products */,
			);
			sourceTree = "<group>";
		};
/* End PBXGroup section */

/* Begin PBXNativeTarget section */
		TGT2 /* HakedisWidget */ = {
			isa = PBXNativeTarget;
			buildConfigurationList = WCFGLST1 /* Build configuration list for PBXNativeTarget "HakedisWidget" */;
			buildPhases = (
				WPS1 /* Sources (Widget) */,
			);
			buildRules = (
			);
			dependencies = (
			);
			name = HakedisWidget;
			productName = HakedisWidget;
			productReference = PROD2 /* HakedisWidget.appex */;
			productType = "com.apple.product-type.app-extension";
		};
		TTGT /* HakedisAppTests */ = {
			isa = PBXNativeTarget;
			buildConfigurationList = TCFGLST /* Build configuration list for PBXNativeTarget "HakedisAppTests" */;
			buildPhases = (
				TPHS1 /* Sources (Tests) */,
			);
			buildRules = (
			);
			dependencies = (
			);
			name = HakedisAppTests;
			productName = HakedisAppTests;
			productReference = PROD3 /* HakedisAppTests.xctest */;
			productType = "com.apple.product-type.bundle.unit-test";
		};
		TGT1 /* HakedisApp */ = {
			isa = PBXNativeTarget;
			buildConfigurationList = CFGLST1 /* Build configuration list for PBXNativeTarget "HakedisApp" */;
			buildPhases = (
				PHS1 /* Sources */,
				PHS2 /* Frameworks */,
				PHS3 /* Embed Foundation Extensions */,
			);
			buildRules = (
			);
			dependencies = (
				TDEP1 /* HakedisWidget */,
			);
			name = HakedisApp;
			packageProductDependencies = (
				SPM_DEP0 /* FirebaseCore */,
				SPM_DEP1 /* FirebaseAnalytics */,
				SPM_DEP2 /* FirebaseCrashlytics */,
			);
			productName = HakedisApp;
			productReference = PROD1 /* HakedisApp.app */;
			productType = "com.apple.product-type.application";
		};
/* End PBXNativeTarget section */

/* Begin PBXProject section */
/* Begin PBXContainerItemProxy section */
		CIP1 /* PBXContainerItemProxy */ = {
			isa = PBXContainerItemProxy;
			containerPortal = PROJ /* Project object */;
			proxyType = 1;
			remoteGlobalIDString = TGT2;
			remoteInfo = HakedisWidget;
		};
		TCIP1 /* PBXContainerItemProxy (Tests) */ = {
			isa = PBXContainerItemProxy;
			containerPortal = PROJ /* Project object */;
			proxyType = 1;
			remoteGlobalIDString = TGT1;
			remoteInfo = HakedisApp;
		};
/* End PBXContainerItemProxy section */

/* Begin PBXTargetDependency section */
		TDEP1 /* HakedisWidget */ = {
			isa = PBXTargetDependency;
			target = TGT2 /* HakedisWidget */;
			targetProxy = CIP1 /* PBXContainerItemProxy */;
		};
		TTDEP1 /* HakedisApp */ = {
			isa = PBXTargetDependency;
			target = TGT1 /* HakedisApp */;
			targetProxy = TCIP1 /* PBXContainerItemProxy (Tests) */;
		};
/* End PBXTargetDependency section */

		PROJ /* Project object */ = {
			isa = PBXProject;
			attributes = {
				TargetAttributes = {
					TGT1 = {
						SystemCapabilities = {
							com.apple.ApplicationGroups.iOS = {
								enabled = 1;
							};
							com.apple.CloudKit = {
								enabled = 1;
							};
							com.apple.iCloud = {
								enabled = 1;
							};
						};
					};
					TGT2 = {
						SystemCapabilities = {
							com.apple.ApplicationGroups.iOS = {
								enabled = 1;
							};
						};
					};
				};
			};
			buildConfigurationList = CFGLST2 /* Build configuration list for PBXProject "HakedisApp" */;
			compatibilityVersion = "Xcode 14.0";
			developmentRegion = tr;
			hasScannedForEncodings = 0;
			knownRegions = (
				en,
				tr,
				Base,
			);
			mainGroup = ROOT;
			packageReferences = (
				SPM_REF1 /* XCRemoteSwiftPackageReference "firebase-ios-sdk" */,
			);
			productRefGroup = GRP2 /* Products */;
			projectDirPath = "";
			projectRoot = "";
			targets = (
				TGT1 /* HakedisApp */,
				TGT2 /* HakedisWidget */,
				TTGT /* HakedisAppTests */,
			);
		};
/* End PBXProject section */

/* Begin PBXSourcesBuildPhase section */
		PHS1 /* Sources */ = {
			isa = PBXSourcesBuildPhase;
			buildActionMask = 2147483647;
			files = (
				B001 /* HakedisApp.swift in Sources */,
				B002 /* ContentView.swift in Sources */,
				B003 /* Models.swift in Sources */,
				B004 /* DesignSystem.swift in Sources */,
				B005 /* DashboardView.swift in Sources */,
				B006 /* ProjectViews.swift in Sources */,
				B007 /* ReportsView.swift in Sources */,
				B008 /* ContractorViews.swift in Sources */,
				B009 /* ContractViews.swift in Sources */,
				B010 /* DailyEntryViews.swift in Sources */,
				B011 /* HakedisViews.swift in Sources */,
				S008 /* SettingsView.swift in Sources */,
				S009 /* CSVManager.swift in Sources */,
				S010 /* WidgetDataManager.swift in Sources */,
				S007 /* OfflineSyncManager.swift in Sources */,
				S006 /* NotificationManager.swift in Sources */,
				S005 /* PDFView.swift in Sources */,
				S004 /* ComparisonAndGallery.swift in Sources */,
				S003 /* RevisionViews.swift in Sources */,
				S012 /* ChangeOrderViews.swift in Sources */,
				S002 /* ContractorPortalView.swift in Sources */,
				S001 /* SearchFilterView.swift in Sources */,
			);
			runOnlyForDeploymentPostprocessing = 0;
		};
		TPHS1 /* Sources (Tests) */ = {
			isa = PBXSourcesBuildPhase;
			buildActionMask = 2147483647;
			files = (
				TB004 /* Models.swift in TestSources */,
				TB001 /* CalculationTests.swift in Sources */,
				TB002 /* StatusTransitionTests.swift in Sources */,
				TB003 /* CRUDTests.swift in Sources */,
				TB005 /* FinancialTrackingTests.swift in Sources */,
			);
			runOnlyForDeploymentPostprocessing = 0;
		};
/* End PBXSourcesBuildPhase section */

/* Begin PBXCopyFilesBuildPhase section */
		PHS3 /* Embed Foundation Extensions */ = {
			isa = PBXCopyFilesBuildPhase;
			buildActionMask = 2147483647;
			dstPath = "";
			dstSubfolderSpec = 13;
			files = (
				WB002 /* HakedisWidget.appex in Embed Foundation Extensions */,
			);
			name = "Embed Foundation Extensions";
			runOnlyForDeploymentPostprocessing = 0;
		};
/* End PBXCopyFilesBuildPhase section */

/* Begin PBXSourcesBuildPhase section */
		WPS1 /* Sources (Widget) */ = {
			isa = PBXSourcesBuildPhase;
			buildActionMask = 2147483647;
			files = (
				WB001 /* HakedisWidget.swift in Sources */,
			);
			runOnlyForDeploymentPostprocessing = 0;
		};
/* End PBXSourcesBuildPhase section */

/* Begin PBXFrameworksBuildPhase section */
		PHS2 /* Frameworks */ = {
			isa = PBXFrameworksBuildPhase;
			buildActionMask = 2147483647;
			files = (
				SPM_BF0 /* FirebaseCore in Frameworks */,
				SPM_BF1 /* FirebaseAnalytics in Frameworks */,
				SPM_BF2 /* FirebaseCrashlytics in Frameworks */,
			);
			runOnlyForDeploymentPostprocessing = 0;
		};
/* End PBXFrameworksBuildPhase section */

/* Begin XCBuildConfiguration section */
		TCFG1 /* Debug */ = {
			isa = XCBuildConfiguration;
			buildSettings = {
				CODE_SIGN_STYLE = Automatic;
				DEVELOPMENT_TEAM = 857PAZCN89;
				"EXCLUDED_ARCHS[sdk=iphonesimulator*]" = x86_64;
				GENERATE_INFOPLIST_FILE = YES;
				IPHONEOS_DEPLOYMENT_TARGET = 17.0;
				PRODUCT_BUNDLE_IDENTIFIER = com.hakedis.app.tests;
				PRODUCT_NAME = HakedisAppTests;
				SDKROOT = iphoneos;
				SUPPORTED_PLATFORMS = "iphoneos iphonesimulator";
				SWIFT_VERSION = 5.0;
				TARGETED_DEVICE_FAMILY = "1,2";
			};
			name = Debug;
		};
		TCFG2 /* Release */ = {
			isa = XCBuildConfiguration;
			buildSettings = {
				CODE_SIGN_STYLE = Automatic;
				DEVELOPMENT_TEAM = 857PAZCN89;
				"EXCLUDED_ARCHS[sdk=iphonesimulator*]" = x86_64;
				GENERATE_INFOPLIST_FILE = YES;
				IPHONEOS_DEPLOYMENT_TARGET = 17.0;
				PRODUCT_BUNDLE_IDENTIFIER = com.hakedis.app.tests;
				PRODUCT_NAME = HakedisAppTests;
				SDKROOT = iphoneos;
				SUPPORTED_PLATFORMS = "iphoneos iphonesimulator";
				SWIFT_VERSION = 5.0;
				TARGETED_DEVICE_FAMILY = "1,2";
			};
			name = Release;
		};
		CFG1 /* Debug */ = {
			isa = XCBuildConfiguration;
			buildSettings = {
				"EXCLUDED_ARCHS[sdk=iphonesimulator*]" = x86_64;
				IPHONEOS_DEPLOYMENT_TARGET = 17.0;
				SDKROOT = iphoneos;
				SUPPORTED_PLATFORMS = "iphoneos iphonesimulator";
				SWIFT_VERSION = 5.0;
				TARGETED_DEVICE_FAMILY = "1,2";
			};
			name = Debug;
		};
		CFG2 /* Release */ = {
			isa = XCBuildConfiguration;
			buildSettings = {
				"EXCLUDED_ARCHS[sdk=iphonesimulator*]" = x86_64;
				IPHONEOS_DEPLOYMENT_TARGET = 17.0;
				SDKROOT = iphoneos;
				SUPPORTED_PLATFORMS = "iphoneos iphonesimulator";
				SWIFT_VERSION = 5.0;
				TARGETED_DEVICE_FAMILY = "1,2";
			};
			name = Release;
		};
		CFG3 /* Debug */ = {
			isa = XCBuildConfiguration;
			buildSettings = {
				CODE_SIGN_ENTITLEMENTS = HakedisApp/HakedisApp.entitlements;
				"EXCLUDED_ARCHS[sdk=iphonesimulator*]" = x86_64;
				"CODE_SIGN_IDENTITY[sdk=iphonesimulator*]" = "-";
				CODE_SIGN_IDENTITY = "Apple Development";
				CODE_SIGN_STYLE = Automatic;
				"CODE_SIGNING_REQUIRED[sdk=iphonesimulator*]" = NO;
				CURRENT_PROJECT_VERSION = 1;
				DEFINES_MODULE = YES;
				DEVELOPMENT_TEAM = 857PAZCN89;
				GENERATE_INFOPLIST_FILE = YES;
				INFOPLIST_KEY_NSPhotoLibraryUsageDescription = "Saha fotograflari icin gerekli";
				INFOPLIST_KEY_UIApplicationSceneManifest_Generation = YES;
				INFOPLIST_KEY_UILaunchScreen_Generation = YES;
				IPHONEOS_DEPLOYMENT_TARGET = 17.0;
				MARKETING_VERSION = 1.0;
				PRODUCT_BUNDLE_IDENTIFIER = com.hakedis.app;
				PRODUCT_NAME = "$(TARGET_NAME)";
				PROVISIONING_PROFILE_SPECIFIER = "";
				SDKROOT = iphoneos;
				SUPPORTED_PLATFORMS = "iphoneos iphonesimulator";
				SWIFT_VERSION = 5.0;
				TARGETED_DEVICE_FAMILY = "1,2";
			};
			name = Debug;
		};
		CFG4 /* Release */ = {
			isa = XCBuildConfiguration;
			buildSettings = {
				CODE_SIGN_ENTITLEMENTS = HakedisApp/HakedisApp.entitlements;
				"EXCLUDED_ARCHS[sdk=iphonesimulator*]" = x86_64;
				"CODE_SIGN_IDENTITY[sdk=iphonesimulator*]" = "-";
				CODE_SIGN_IDENTITY = "Apple Development";
				CODE_SIGN_STYLE = Automatic;
				"CODE_SIGNING_REQUIRED[sdk=iphonesimulator*]" = NO;
				CURRENT_PROJECT_VERSION = 1;
				DEFINES_MODULE = YES;
				DEVELOPMENT_TEAM = 857PAZCN89;
				GENERATE_INFOPLIST_FILE = YES;
				IPHONEOS_DEPLOYMENT_TARGET = 17.0;
				MARKETING_VERSION = 1.0;
				PRODUCT_BUNDLE_IDENTIFIER = com.hakedis.app;
				PRODUCT_NAME = "$(TARGET_NAME)";
				PROVISIONING_PROFILE_SPECIFIER = "";
				SDKROOT = iphoneos;
				SUPPORTED_PLATFORMS = "iphoneos iphonesimulator";
				SWIFT_VERSION = 5.0;
				TARGETED_DEVICE_FAMILY = "1,2";
			};
			name = Release;
		};
/* End XCBuildConfiguration section */

/* Begin XCConfigurationList section */
		TCFGLST /* Build configuration list for PBXNativeTarget "HakedisAppTests" */ = {
			isa = XCConfigurationList;
			buildConfigurations = (
				TCFG1 /* Debug */,
				TCFG2 /* Release */,
			);
			defaultConfigurationIsVisible = 0;
			defaultConfigurationName = Release;
		};
		CFGLST1 /* Build configuration list for PBXNativeTarget "HakedisApp" */ = {
			isa = XCConfigurationList;
			buildConfigurations = (
				CFG3 /* Debug */,
				CFG4 /* Release */,
			);
			defaultConfigurationIsVisible = 0;
			defaultConfigurationName = Release;
		};
		CFGLST2 /* Build configuration list for PBXProject "HakedisApp" */ = {
			isa = XCConfigurationList;
			buildConfigurations = (
				CFG1 /* Debug */,
				CFG2 /* Release */,
			);
			defaultConfigurationIsVisible = 0;
			defaultConfigurationName = Release;
		};
/* End XCConfigurationList section */

		WCFG1 /* Debug */ = {
			isa = XCBuildConfiguration;
			buildSettings = {
				CODE_SIGN_ENTITLEMENTS = HakedisApp/Widget/HakedisWidget.entitlements;
				"CODE_SIGN_IDENTITY[sdk=iphonesimulator*]" = "-";
				CODE_SIGN_STYLE = Automatic;
				"CODE_SIGNING_REQUIRED[sdk=iphonesimulator*]" = NO;
				CURRENT_PROJECT_VERSION = 1;
				DEVELOPMENT_TEAM = 857PAZCN89;
				"EXCLUDED_ARCHS[sdk=iphonesimulator*]" = x86_64;
				GENERATE_INFOPLIST_FILE = NO;
				INFOPLIST_FILE = HakedisApp/Widget/Info.plist;
				IPHONEOS_DEPLOYMENT_TARGET = 17.0;
				LD_RUNPATH_SEARCH_PATHS = "$(inherited) @executable_path/../../Frameworks";
				MARKETING_VERSION = 1.0;
				PRODUCT_BUNDLE_IDENTIFIER = com.hakedis.app.widget;
				PRODUCT_NAME = HakedisWidget;
				SDKROOT = iphoneos;
				SKIP_INSTALL = YES;
				SUPPORTED_PLATFORMS = "iphoneos iphonesimulator";
				SWIFT_VERSION = 5.0;
				TARGETED_DEVICE_FAMILY = "1,2";
			};
			name = Debug;
		};
		WCFG2 /* Release */ = {
			isa = XCBuildConfiguration;
			buildSettings = {
				CODE_SIGN_ENTITLEMENTS = HakedisApp/Widget/HakedisWidget.entitlements;
				"CODE_SIGN_IDENTITY[sdk=iphonesimulator*]" = "-";
				CODE_SIGN_STYLE = Automatic;
				"CODE_SIGNING_REQUIRED[sdk=iphonesimulator*]" = NO;
				CURRENT_PROJECT_VERSION = 1;
				DEVELOPMENT_TEAM = 857PAZCN89;
				"EXCLUDED_ARCHS[sdk=iphonesimulator*]" = x86_64;
				GENERATE_INFOPLIST_FILE = NO;
				INFOPLIST_FILE = HakedisApp/Widget/Info.plist;
				IPHONEOS_DEPLOYMENT_TARGET = 17.0;
				LD_RUNPATH_SEARCH_PATHS = "$(inherited) @executable_path/../../Frameworks";
				MARKETING_VERSION = 1.0;
				PRODUCT_BUNDLE_IDENTIFIER = com.hakedis.app.widget;
				PRODUCT_NAME = HakedisWidget;
				SDKROOT = iphoneos;
				SKIP_INSTALL = YES;
				SUPPORTED_PLATFORMS = "iphoneos iphonesimulator";
				SWIFT_VERSION = 5.0;
				TARGETED_DEVICE_FAMILY = "1,2";
			};
			name = Release;
		};
		WCFGLST1 /* Build configuration list for PBXNativeTarget "HakedisWidget" */ = {
			isa = XCConfigurationList;
			buildConfigurations = (
				WCFG1 /* Debug */,
				WCFG2 /* Release */,
			);
			defaultConfigurationIsVisible = 0;
			defaultConfigurationName = Release;
		};

/* Begin XCRemoteSwiftPackageReference section */
		SPM_REF1 /* XCRemoteSwiftPackageReference "firebase-ios-sdk" */ = {
			isa = XCRemoteSwiftPackageReference;
			repositoryURL = "https://github.com/firebase/firebase-ios-sdk";
			requirement = {
				kind = upToNextMajorVersion;
				minimumVersion = 11.0.0;
			};
		};
/* End XCRemoteSwiftPackageReference section */

/* Begin XCSwiftPackageProductDependency section */
		SPM_DEP0 /* FirebaseCore */ = {
			isa = XCSwiftPackageProductDependency;
			package = SPM_REF1 /* XCRemoteSwiftPackageReference "firebase-ios-sdk" */;
			productName = FirebaseCore;
		};
		SPM_DEP1 /* FirebaseAnalytics */ = {
			isa = XCSwiftPackageProductDependency;
			package = SPM_REF1 /* XCRemoteSwiftPackageReference "firebase-ios-sdk" */;
			productName = FirebaseAnalytics;
		};
		SPM_DEP2 /* FirebaseCrashlytics */ = {
			isa = XCSwiftPackageProductDependency;
			package = SPM_REF1 /* XCRemoteSwiftPackageReference "firebase-ios-sdk" */;
			productName = FirebaseCrashlytics;
		};
/* End XCSwiftPackageProductDependency section */
	};
	rootObject = PROJ /* Project object */;
}
