// !$*UTF8*$!
{
	archiveVersion = 1;
	classes = {
	};
	objectVersion = 56;
	objects = {

/* Begin PBXBuildFile section */
		TB001 /* CalculationTests.swift in Sources */ = {isa = PBXBuildFile; fileRef = T001 /* CalculationTests.swift */; };
		TB002 /* StatusTransitionTests.swift in Sources */ = {isa = PBXBuildFile; fileRef = T002 /* StatusTransitionTests.swift */; };
		TB003 /* CRUDTests.swift in Sources */ = {isa = PBXBuildFile; fileRef = T003 /* CRUDTests.swift */; };
		TB005 /* FinancialTrackingTests.swift in Sources */ = {isa = PBXBuildFile; fileRef = T005 /* FinancialTrackingTests.swift */; };
		TB006 /* TestProjesiAScenarioTests.swift in Sources */ = {isa = PBXBuildFile; fileRef = T006 /* TestProjesiAScenarioTests.swift */; };
		TB007 /* Grup3FeatureTests.swift in Sources */ = {isa = PBXBuildFile; fileRef = T007 /* Grup3FeatureTests.swift */; };
		TB009 /* ApprovalAndHandoverTests.swift in Sources */ = {isa = PBXBuildFile; fileRef = T008 /* ApprovalAndHandoverTests.swift */; };
		TB010 /* NewFeaturesTests.swift in Sources */ = {isa = PBXBuildFile; fileRef = T009 /* NewFeaturesTests.swift */; };
		S029 /* CorrespondenceViews.swift in Sources */ = {isa = PBXBuildFile; fileRef = C029 /* CorrespondenceViews.swift */; };
		S030 /* PriceDifferenceViews.swift in Sources */ = {isa = PBXBuildFile; fileRef = C030 /* PriceDifferenceViews.swift */; };
		S031 /* VATWithholdingViews.swift in Sources */ = {isa = PBXBuildFile; fileRef = C031 /* VATWithholdingViews.swift */; };
		S032 /* SGKLaborViews.swift in Sources */ = {isa = PBXBuildFile; fileRef = C032 /* SGKLaborViews.swift */; };
		S033 /* SiteLogViews.swift in Sources */ = {isa = PBXBuildFile; fileRef = C033 /* SiteLogViews.swift */; };
		S034 /* EquipmentViews.swift in Sources */ = {isa = PBXBuildFile; fileRef = C034 /* EquipmentViews.swift */; };
		S035 /* SoilRecordViews.swift in Sources */ = {isa = PBXBuildFile; fileRef = C035 /* SoilRecordViews.swift */; };
		S036 /* TestRecordViews.swift in Sources */ = {isa = PBXBuildFile; fileRef = C036 /* TestRecordViews.swift */; };
		S037 /* AcceptanceViews.swift in Sources */ = {isa = PBXBuildFile; fileRef = C037 /* AcceptanceViews.swift */; };
		S038 /* WarrantyClaimViews.swift in Sources */ = {isa = PBXBuildFile; fileRef = C038 /* WarrantyClaimViews.swift */; };
		S039 /* EditContractView.swift in Sources */ = {isa = PBXBuildFile; fileRef = C039 /* EditContractView.swift */; };
		S03A /* GuaranteeViews.swift in Sources */ = {isa = PBXBuildFile; fileRef = C03A /* GuaranteeViews.swift */; };
		S03B /* MultipleEntryView.swift in Sources */ = {isa = PBXBuildFile; fileRef = C03B /* MultipleEntryView.swift */; };
		S03C /* PetitionGeneratorView.swift in Sources */ = {isa = PBXBuildFile; fileRef = C03C /* PetitionGeneratorView.swift */; };
		S03D /* SCurveView.swift in Sources */ = {isa = PBXBuildFile; fileRef = C03D /* SCurveView.swift */; };
		S03E /* WeeklyReportView.swift in Sources */ = {isa = PBXBuildFile; fileRef = C03E /* WeeklyReportView.swift */; };
		S03F /* PozLibraryView.swift in Sources */ = {isa = PBXBuildFile; fileRef = C03F /* PozLibraryView.swift */; };
		S040 /* PozLibrary.swift in Sources */ = {isa = PBXBuildFile; fileRef = C040 /* PozLibrary.swift */; };
		S041 /* HakedisKopyalaView.swift in Sources */ = {isa = PBXBuildFile; fileRef = C041 /* HakedisKopyalaView.swift */; };
		TB004 /* Models.swift in TestSources */ = {isa = PBXBuildFile; fileRef = A003 /* Models.swift */; };
		TB008 /* CashFlowEngine.swift in TestSources */ = {isa = PBXBuildFile; fileRef = C028 /* CashFlowEngine.swift */; };
		TB011 /* PozLibrary.swift in TestSources */ = {isa = PBXBuildFile; fileRef = C040 /* PozLibrary.swift */; };
		SPM_BF0 /* FirebaseCore in Frameworks */ = {isa = PBXBuildFile; productRef = SPM_DEP0 /* FirebaseCore */; };
		SPM_BF1 /* FirebaseAnalytics in Frameworks */ = {isa = PBXBuildFile; productRef = SPM_DEP1 /* FirebaseAnalytics */; };
		SPM_BF2 /* FirebaseCrashlytics in Frameworks */ = {isa = PBXBuildFile; productRef = SPM_DEP2 /* FirebaseCrashlytics */; };
		B001 /* HakedisApp.swift in Sources */ = {isa = PBXBuildFile; fileRef = A001 /* HakedisApp.swift */; };
		B002 /* ContentView.swift in Sources */ = {isa = PBXBuildFile; fileRef = A002 /* ContentView.swift */; };
		B003 /* Models.swift in Sources */ = {isa = PBXBuildFile; fileRef = A003 /* Models.swift */; };
		B004 /* DesignSystem.swift in Sources */ = {isa = PBXBuildFile; fileRef = A004 /* DesignSystem.swift */; };
		B005 /* DashboardView.swift in Sources */ = {isa = PBXBuildFile; fileRef = A005 /* DashboardView.swift */; };
		B006 /* ProjectViews.swift in Sources */ = {isa = PBXBuildFile; fileRef = A006 /* ProjectViews.swift */; };
		B007 /* ReportsView.swift in Sources */ = {isa = PBXBuildFile; fileRef = A007 /* ReportsView.swift */; };
		B008 /* ContractorViews.swift in Sources */ = {isa = PBXBuildFile; fileRef = A008 /* ContractorViews.swift */; };
		B009 /* ContractViews.swift in Sources */ = {isa = PBXBuildFile; fileRef = A009 /* ContractViews.swift */; };
		B010 /* DailyEntryViews.swift in Sources */ = {isa = PBXBuildFile; fileRef = A010 /* DailyEntryViews.swift */; };
		B011 /* HakedisViews.swift in Sources */ = {isa = PBXBuildFile; fileRef = A011 /* HakedisViews.swift */; };
		S001 /* SearchFilterView.swift in Sources */ = {isa = PBXBuildFile; fileRef = C001 /* SearchFilterView.swift */; };
		S016 /* ApprovalChainViews.swift in Sources */ = {isa = PBXBuildFile; fileRef = C016 /* ApprovalChainViews.swift */; };
		S017 /* RejectionFlowViews.swift in Sources */ = {isa = PBXBuildFile; fileRef = C017 /* RejectionFlowViews.swift */; };
		S019 /* SiteHandoverViews.swift in Sources */ = {isa = PBXBuildFile; fileRef = C019 /* SiteHandoverViews.swift */; };
		S020 /* MeasurementBookViews.swift in Sources */ = {isa = PBXBuildFile; fileRef = C020 /* MeasurementBookViews.swift */; };
		S021 /* CumulativeQuantityViews.swift in Sources */ = {isa = PBXBuildFile; fileRef = C021 /* CumulativeQuantityViews.swift */; };
		S018 /* UnitPriceAnalysisViews.swift in Sources */ = {isa = PBXBuildFile; fileRef = C018 /* UnitPriceAnalysisViews.swift */; };
		S002 /* ContractorPortalView.swift in Sources */ = {isa = PBXBuildFile; fileRef = C002 /* ContractorPortalView.swift */; };
		S012 /* ChangeOrderViews.swift in Sources */ = {isa = PBXBuildFile; fileRef = C012 /* ChangeOrderViews.swift */; };
		S013 /* ContractorPerformanceView.swift in Sources */ = {isa = PBXBuildFile; fileRef = C013 /* ContractorPerformanceView.swift */; };
		S014 /* MilestoneViews.swift in Sources */ = {isa = PBXBuildFile; fileRef = C014 /* MilestoneViews.swift */; };
		S015 /* SiteReportViews.swift in Sources */ = {isa = PBXBuildFile; fileRef = C015 /* SiteReportViews.swift */; };
		S003 /* RevisionViews.swift in Sources */ = {isa = PBXBuildFile; fileRef = C003 /* RevisionViews.swift */; };
		S004 /* ComparisonAndGallery.swift in Sources */ = {isa = PBXBuildFile; fileRef = C004 /* ComparisonAndGallery.swift */; };
		S005 /* PDFView.swift in Sources */ = {isa = PBXBuildFile; fileRef = C005 /* PDFView.swift */; };
		S006 /* NotificationManager.swift in Sources */ = {isa = PBXBuildFile; fileRef = C006 /* NotificationManager.swift */; };
		S007 /* OfflineSyncManager.swift in Sources */ = {isa = PBXBuildFile; fileRef = C007 /* OfflineSyncManager.swift */; };
		S008 /* SettingsView.swift in Sources */ = {isa = PBXBuildFile; fileRef = C008 /* SettingsView.swift */; };
		S009 /* CSVManager.swift in Sources */ = {isa = PBXBuildFile; fileRef = C009 /* CSVManager.swift */; };

		S010 /* WidgetDataManager.swift in Sources */ = {isa = PBXBuildFile; fileRef = C010 /* WidgetDataManager.swift */; };
		WB001 /* HakedisWidget.swift in Sources */ = {isa = PBXBuildFile; fileRef = W001 /* HakedisWidget.swift */; };
		WB002 /* HakedisWidget.appex in Embed Foundation Extensions */ = {isa = PBXBuildFile; fileRef = PROD2 /* HakedisWidget.appex */; settings = {ATTRIBUTES = (RemoveHeadersOnCopy, ); }; };
		S022 /* PhotoWorkItemViews.swift in Sources */ = {isa = PBXBuildFile; fileRef = C022 /* PhotoWorkItemViews.swift */; };
		S023 /* LaborTrackingViews.swift in Sources */ = {isa = PBXBuildFile; fileRef = C023 /* LaborTrackingViews.swift */; };
		S024 /* MaterialInventoryViews.swift in Sources */ = {isa = PBXBuildFile; fileRef = C024 /* MaterialInventoryViews.swift */; };
		S025 /* SpecificationChecklistViews.swift in Sources */ = {isa = PBXBuildFile; fileRef = C025 /* SpecificationChecklistViews.swift */; };
		S026 /* HakedisComparisonViews.swift in Sources */ = {isa = PBXBuildFile; fileRef = C026 /* HakedisComparisonViews.swift */; };
		S027 /* CashFlowViews.swift in Sources */ = {isa = PBXBuildFile; fileRef = C027 /* CashFlowViews.swift */; };
		S028 /* CashFlowEngine.swift in Sources */ = {isa = PBXBuildFile; fileRef = C028 /* CashFlowEngine.swift */; };
		NB001 /* SantiyeTabView.swift in Sources */ = {isa = PBXBuildFile; fileRef = N001 /* SantiyeTabView.swift */; };
		NB002 /* FinansTabView.swift in Sources */ = {isa = PBXBuildFile; fileRef = N002 /* FinansTabView.swift */; };
		NB003 /* MoreTabView.swift in Sources */ = {isa = PBXBuildFile; fileRef = N003 /* MoreTabView.swift */; };
		NB004 /* SiteDiaryViews.swift in Sources */ = {isa = PBXBuildFile; fileRef = N004 /* SiteDiaryViews.swift */; };
		NB005 /* AttendanceViews.swift in Sources */ = {isa = PBXBuildFile; fileRef = N005 /* AttendanceViews.swift */; };
		NB006 /* MaterialStockViews.swift in Sources */ = {isa = PBXBuildFile; fileRef = N006 /* MaterialStockViews.swift */; };
		NB007 /* EquipmentManagementViews.swift in Sources */ = {isa = PBXBuildFile; fileRef = N007 /* EquipmentManagementViews.swift */; };
		NB008 /* SafetyViews.swift in Sources */ = {isa = PBXBuildFile; fileRef = N008 /* SafetyViews.swift */; };
		NB009 /* AllHakedisListView.swift in Sources */ = {isa = PBXBuildFile; fileRef = N009 /* AllHakedisListView.swift */; };
		NB010 /* AllPaymentsView.swift in Sources */ = {isa = PBXBuildFile; fileRef = N010 /* AllPaymentsView.swift */; };
		NB011 /* AllGuaranteeListView.swift in Sources */ = {isa = PBXBuildFile; fileRef = N011 /* AllGuaranteeListView.swift */; };
		TB012 /* SantiyeModuleTests.swift in Sources */ = {isa = PBXBuildFile; fileRef = T010 /* SantiyeModuleTests.swift */; };
		NB012 /* SiteDiaryPDFGenerator.swift in Sources */ = {isa = PBXBuildFile; fileRef = N012 /* SiteDiaryPDFGenerator.swift */; };
		NB013 /* AttendancePDFGenerator.swift in Sources */ = {isa = PBXBuildFile; fileRef = N013 /* AttendancePDFGenerator.swift */; };
		TB013 /* PDFGeneratorTests.swift in Sources */ = {isa = PBXBuildFile; fileRef = T011 /* PDFGeneratorTests.swift */; };
		TB014 /* SiteDiaryPDFGenerator.swift in TestSources */ = {isa = PBXBuildFile; fileRef = N012 /* SiteDiaryPDFGenerator.swift */; };
		TB015 /* AttendancePDFGenerator.swift in TestSources */ = {isa = PBXBuildFile; fileRef = N013 /* AttendancePDFGenerator.swift */; };
		TB016 /* DesignSystem.swift in TestSources */ = {isa = PBXBuildFile; fileRef = A004 /* DesignSystem.swift */; };
		NB014 /* AttachmentViews.swift in Sources */ = {isa = PBXBuildFile; fileRef = N014 /* AttachmentViews.swift */; };
		NB015 /* AttachmentPDFGenerator.swift in Sources */ = {isa = PBXBuildFile; fileRef = N015 /* AttachmentPDFGenerator.swift */; };
		NB016 /* PriceDifferenceCalcView.swift in Sources */ = {isa = PBXBuildFile; fileRef = N016 /* PriceDifferenceCalcView.swift */; };
		NB017 /* CashFlowProjectionView.swift in Sources */ = {isa = PBXBuildFile; fileRef = N017 /* CashFlowProjectionView.swift */; };
		NB018 /* SubcontractorHakedisViews.swift in Sources */ = {isa = PBXBuildFile; fileRef = N018 /* SubcontractorHakedisViews.swift */; };
		NB019 /* ProgressReportViews.swift in Sources */ = {isa = PBXBuildFile; fileRef = N019 /* ProgressReportViews.swift */; };
		NB020 /* LegalReferenceView.swift in Sources */ = {isa = PBXBuildFile; fileRef = N020 /* LegalReferenceView.swift */; };
		NB021 /* QualityChecklistViews.swift in Sources */ = {isa = PBXBuildFile; fileRef = N021 /* QualityChecklistViews.swift */; };
		NB022 /* ContractManagementView.swift in Sources */ = {isa = PBXBuildFile; fileRef = N022 /* ContractManagementView.swift */; };
		TB017 /* Faz3Tests.swift in Sources */ = {isa = PBXBuildFile; fileRef = T012 /* Faz3Tests.swift */; };
/* End PBXBuildFile section */

/* Begin PBXFileReference section */
		A001 /* HakedisApp.swift */ = {isa = PBXFileReference; lastKnownFileType = sourcecode.swift; name = HakedisApp.swift; path = HakedisApp/HakedisApp.swift; sourceTree = "<group>"; };
		A002 /* ContentView.swift */ = {isa = PBXFileReference; lastKnownFileType = sourcecode.swift; name = ContentView.swift; path = HakedisApp/ContentView.swift; sourceTree = "<group>"; };
		A003 /* Models.swift */ = {isa = PBXFileReference; lastKnownFileType = sourcecode.swift; name = Models.swift; path = HakedisApp/Models/Models.swift; sourceTree = "<group>"; };
		A004 /* DesignSystem.swift */ = {isa = PBXFileReference; lastKnownFileType = sourcecode.swift; name = DesignSystem.swift; path = HakedisApp/Views/Shared/DesignSystem.swift; sourceTree = "<group>"; };
		A005 /* DashboardView.swift */ = {isa = PBXFileReference; lastKnownFileType = sourcecode.swift; name = DashboardView.swift; path = HakedisApp/Views/Projects/DashboardView.swift; sourceTree = "<group>"; };
		A006 /* ProjectViews.swift */ = {isa = PBXFileReference; lastKnownFileType = sourcecode.swift; name = ProjectViews.swift; path = HakedisApp/Views/Projects/ProjectViews.swift; sourceTree = "<group>"; };
		A007 /* ReportsView.swift */ = {isa = PBXFileReference; lastKnownFileType = sourcecode.swift; name = ReportsView.swift; path = HakedisApp/Views/Projects/ReportsView.swift; sourceTree = "<group>"; };
		A008 /* ContractorViews.swift */ = {isa = PBXFileReference; lastKnownFileType = sourcecode.swift; name = ContractorViews.swift; path = HakedisApp/Views/Contracts/ContractorViews.swift; sourceTree = "<group>"; };
		A009 /* ContractViews.swift */ = {isa = PBXFileReference; lastKnownFileType = sourcecode.swift; name = ContractViews.swift; path = HakedisApp/Views/Contracts/ContractViews.swift; sourceTree = "<group>"; };
		A010 /* DailyEntryViews.swift */ = {isa = PBXFileReference; lastKnownFileType = sourcecode.swift; name = DailyEntryViews.swift; path = HakedisApp/Views/DailyEntry/DailyEntryViews.swift; sourceTree = "<group>"; };
		A011 /* HakedisViews.swift */ = {isa = PBXFileReference; lastKnownFileType = sourcecode.swift; name = HakedisViews.swift; path = HakedisApp/Views/Hakedis/HakedisViews.swift; sourceTree = "<group>"; };
		BED3D08F2F721561002B3563 /* HakedisApp.entitlements */ = {isa = PBXFileReference; lastKnownFileType = text.plist.entitlements; name = HakedisApp.entitlements; path = HakedisApp/HakedisApp.entitlements; sourceTree = "<group>"; };
		C001 /* SearchFilterView.swift */ = {isa = PBXFileReference; lastKnownFileType = sourcecode.swift; name = SearchFilterView.swift; path = HakedisApp/Views/Shared/SearchFilterView.swift; sourceTree = "<group>"; };
		C002 /* ContractorPortalView.swift */ = {isa = PBXFileReference; lastKnownFileType = sourcecode.swift; name = ContractorPortalView.swift; path = HakedisApp/Views/Contractor/ContractorPortalView.swift; sourceTree = "<group>"; };
		C003 /* RevisionViews.swift */ = {isa = PBXFileReference; lastKnownFileType = sourcecode.swift; name = RevisionViews.swift; path = HakedisApp/Views/Contracts/RevisionViews.swift; sourceTree = "<group>"; };
		C004 /* ComparisonAndGallery.swift */ = {isa = PBXFileReference; lastKnownFileType = sourcecode.swift; name = ComparisonAndGallery.swift; path = HakedisApp/Views/Hakedis/ComparisonAndGallery.swift; sourceTree = "<group>"; };
		C005 /* PDFView.swift */ = {isa = PBXFileReference; lastKnownFileType = sourcecode.swift; name = PDFView.swift; path = HakedisApp/Views/Hakedis/PDFView.swift; sourceTree = "<group>"; };
		C006 /* NotificationManager.swift */ = {isa = PBXFileReference; lastKnownFileType = sourcecode.swift; name = NotificationManager.swift; path = HakedisApp/Views/Shared/NotificationManager.swift; sourceTree = "<group>"; };
		C007 /* OfflineSyncManager.swift */ = {isa = PBXFileReference; lastKnownFileType = sourcecode.swift; name = OfflineSyncManager.swift; path = HakedisApp/Views/Shared/OfflineSyncManager.swift; sourceTree = "<group>"; };
		C008 /* SettingsView.swift */ = {isa = PBXFileReference; lastKnownFileType = sourcecode.swift; name = SettingsView.swift; path = HakedisApp/Views/Shared/SettingsView.swift; sourceTree = "<group>"; };
		C009 /* CSVManager.swift */ = {isa = PBXFileReference; lastKnownFileType = sourcecode.swift; name = CSVManager.swift; path = HakedisApp/Views/Shared/CSVManager.swift; sourceTree = "<group>"; };

		C010 /* WidgetDataManager.swift */ = {isa = PBXFileReference; lastKnownFileType = sourcecode.swift; name = WidgetDataManager.swift; path = HakedisApp/Views/Shared/WidgetDataManager.swift; sourceTree = "<group>"; };
		C012 /* ChangeOrderViews.swift */ = {isa = PBXFileReference; lastKnownFileType = sourcecode.swift; name = ChangeOrderViews.swift; path = HakedisApp/Views/Contracts/ChangeOrderViews.swift; sourceTree = "<group>"; };
		C013 /* ContractorPerformanceView.swift */ = {isa = PBXFileReference; lastKnownFileType = sourcecode.swift; name = ContractorPerformanceView.swift; path = HakedisApp/Views/Contracts/ContractorPerformanceView.swift; sourceTree = "<group>"; };
		C014 /* MilestoneViews.swift */ = {isa = PBXFileReference; lastKnownFileType = sourcecode.swift; name = MilestoneViews.swift; path = HakedisApp/Views/Projects/MilestoneViews.swift; sourceTree = "<group>"; };
		C015 /* SiteReportViews.swift */ = {isa = PBXFileReference; lastKnownFileType = sourcecode.swift; name = SiteReportViews.swift; path = HakedisApp/Views/Projects/SiteReportViews.swift; sourceTree = "<group>"; };
		C016 /* ApprovalChainViews.swift */ = {isa = PBXFileReference; lastKnownFileType = sourcecode.swift; name = ApprovalChainViews.swift; path = HakedisApp/Views/Hakedis/ApprovalChainViews.swift; sourceTree = "<group>"; };
		C017 /* RejectionFlowViews.swift */ = {isa = PBXFileReference; lastKnownFileType = sourcecode.swift; name = RejectionFlowViews.swift; path = HakedisApp/Views/Hakedis/RejectionFlowViews.swift; sourceTree = "<group>"; };
		C019 /* SiteHandoverViews.swift */ = {isa = PBXFileReference; lastKnownFileType = sourcecode.swift; name = SiteHandoverViews.swift; path = HakedisApp/Views/Contracts/SiteHandoverViews.swift; sourceTree = "<group>"; };
		C020 /* MeasurementBookViews.swift */ = {isa = PBXFileReference; lastKnownFileType = sourcecode.swift; name = MeasurementBookViews.swift; path = HakedisApp/Views/Contracts/MeasurementBookViews.swift; sourceTree = "<group>"; };
		C021 /* CumulativeQuantityViews.swift */ = {isa = PBXFileReference; lastKnownFileType = sourcecode.swift; name = CumulativeQuantityViews.swift; path = HakedisApp/Views/Contracts/CumulativeQuantityViews.swift; sourceTree = "<group>"; };
		C018 /* UnitPriceAnalysisViews.swift */ = {isa = PBXFileReference; lastKnownFileType = sourcecode.swift; name = UnitPriceAnalysisViews.swift; path = HakedisApp/Views/Contracts/UnitPriceAnalysisViews.swift; sourceTree = "<group>"; };
		W001 /* HakedisWidget.swift */ = {isa = PBXFileReference; lastKnownFileType = sourcecode.swift; name = HakedisWidget.swift; path = HakedisApp/Widget/HakedisWidget.swift; sourceTree = "<group>"; };
		W002 /* Info.plist */ = {isa = PBXFileReference; lastKnownFileType = text.plist.xml; name = Info.plist; path = HakedisApp/Widget/Info.plist; sourceTree = "<group>"; };
		W003 /* HakedisWidget.entitlements */ = {isa = PBXFileReference; lastKnownFileType = text.plist.entitlements; name = HakedisWidget.entitlements; path = HakedisApp/Widget/HakedisWidget.entitlements; sourceTree = "<group>"; };
		PROD2 /* HakedisWidget.appex */ = {isa = PBXFileReference; explicitFileType = "wrapper.app-extension"; includeInIndex = 0; path = HakedisWidget.appex; sourceTree = BUILT_PRODUCTS_DIR; };
		PROD1 /* HakedisApp.app */ = {isa = PBXFileReference; explicitFileType = wrapper.application; includeInIndex = 0; path = HakedisApp.app; sourceTree = BUILT_PRODUCTS_DIR; };
		PROD3 /* HakedisAppTests.xctest */ = {isa = PBXFileReference; explicitFileType = wrapper.cfbundle; includeInIndex = 0; path = HakedisAppTests.xctest; sourceTree = BUILT_PRODUCTS_DIR; };
		T001 /* CalculationTests.swift */ = {isa = PBXFileReference; lastKnownFileType = sourcecode.swift; path = CalculationTests.swift; sourceTree = "<group>"; };
		T002 /* StatusTransitionTests.swift */ = {isa = PBXFileReference; lastKnownFileType = sourcecode.swift; path = StatusTransitionTests.swift; sourceTree = "<group>"; };
		T003 /* CRUDTests.swift */ = {isa = PBXFileReference; lastKnownFileType = sourcecode.swift; path = CRUDTests.swift; sourceTree = "<group>"; };
		T005 /* FinancialTrackingTests.swift */ = {isa = PBXFileReference; lastKnownFileType = sourcecode.swift; path = FinancialTrackingTests.swift; sourceTree = "<group>"; };
		T006 /* TestProjesiAScenarioTests.swift */ = {isa = PBXFileReference; lastKnownFileType = sourcecode.swift; path = TestProjesiAScenarioTests.swift; sourceTree = "<group>"; };
		T007 /* Grup3FeatureTests.swift */ = {isa = PBXFileReference; lastKnownFileType = sourcecode.swift; path = Grup3FeatureTests.swift; sourceTree = "<group>"; };
		T008 /* ApprovalAndHandoverTests.swift */ = {isa = PBXFileReference; lastKnownFileType = sourcecode.swift; path = ApprovalAndHandoverTests.swift; sourceTree = "<group>"; };
		T009 /* NewFeaturesTests.swift */ = {isa = PBXFileReference; lastKnownFileType = sourcecode.swift; path = NewFeaturesTests.swift; sourceTree = "<group>"; };
		PLIST1 /* GoogleService-Info.plist */ = {isa = PBXFileReference; lastKnownFileType = text.plist.xml; name = "GoogleService-Info.plist"; path = "HakedisApp/GoogleService-Info.plist"; sourceTree = "<group>"; };
		C022 /* PhotoWorkItemViews.swift */ = {isa = PBXFileReference; lastKnownFileType = sourcecode.swift; name = PhotoWorkItemViews.swift; path = HakedisApp/Views/DailyEntry/PhotoWorkItemViews.swift; sourceTree = "<group>"; };
		C023 /* LaborTrackingViews.swift */ = {isa = PBXFileReference; lastKnownFileType = sourcecode.swift; name = LaborTrackingViews.swift; path = HakedisApp/Views/Contracts/LaborTrackingViews.swift; sourceTree = "<group>"; };
		C024 /* MaterialInventoryViews.swift */ = {isa = PBXFileReference; lastKnownFileType = sourcecode.swift; name = MaterialInventoryViews.swift; path = HakedisApp/Views/Contracts/MaterialInventoryViews.swift; sourceTree = "<group>"; };
		C025 /* SpecificationChecklistViews.swift */ = {isa = PBXFileReference; lastKnownFileType = sourcecode.swift; name = SpecificationChecklistViews.swift; path = HakedisApp/Views/Contracts/SpecificationChecklistViews.swift; sourceTree = "<group>"; };
		C026 /* HakedisComparisonViews.swift */ = {isa = PBXFileReference; lastKnownFileType = sourcecode.swift; name = HakedisComparisonViews.swift; path = HakedisApp/Views/Hakedis/HakedisComparisonViews.swift; sourceTree = "<group>"; };
		C027 /* CashFlowViews.swift */ = {isa = PBXFileReference; lastKnownFileType = sourcecode.swift; name = CashFlowViews.swift; path = HakedisApp/Views/Reports/CashFlowViews.swift; sourceTree = "<group>"; };
		C028 /* CashFlowEngine.swift */ = {isa = PBXFileReference; lastKnownFileType = sourcecode.swift; name = CashFlowEngine.swift; path = HakedisApp/Views/Reports/CashFlowEngine.swift; sourceTree = "<group>"; };
		C029 /* CorrespondenceViews.swift */ = {isa = PBXFileReference; lastKnownFileType = sourcecode.swift; name = CorrespondenceViews.swift; path = HakedisApp/Views/Contracts/CorrespondenceViews.swift; sourceTree = "<group>"; };
		C030 /* PriceDifferenceViews.swift */ = {isa = PBXFileReference; lastKnownFileType = sourcecode.swift; name = PriceDifferenceViews.swift; path = HakedisApp/Views/Contracts/PriceDifferenceViews.swift; sourceTree = "<group>"; };
		C031 /* VATWithholdingViews.swift */ = {isa = PBXFileReference; lastKnownFileType = sourcecode.swift; name = VATWithholdingViews.swift; path = HakedisApp/Views/Hakedis/VATWithholdingViews.swift; sourceTree = "<group>"; };
		C032 /* SGKLaborViews.swift */ = {isa = PBXFileReference; lastKnownFileType = sourcecode.swift; name = SGKLaborViews.swift; path = HakedisApp/Views/Contracts/SGKLaborViews.swift; sourceTree = "<group>"; };
		C033 /* SiteLogViews.swift */ = {isa = PBXFileReference; lastKnownFileType = sourcecode.swift; name = SiteLogViews.swift; path = HakedisApp/Views/Contracts/SiteLogViews.swift; sourceTree = "<group>"; };
		C034 /* EquipmentViews.swift */ = {isa = PBXFileReference; lastKnownFileType = sourcecode.swift; name = EquipmentViews.swift; path = HakedisApp/Views/Contracts/EquipmentViews.swift; sourceTree = "<group>"; };
		C035 /* SoilRecordViews.swift */ = {isa = PBXFileReference; lastKnownFileType = sourcecode.swift; name = SoilRecordViews.swift; path = HakedisApp/Views/Contracts/SoilRecordViews.swift; sourceTree = "<group>"; };
		C036 /* TestRecordViews.swift */ = {isa = PBXFileReference; lastKnownFileType = sourcecode.swift; name = TestRecordViews.swift; path = HakedisApp/Views/Contracts/TestRecordViews.swift; sourceTree = "<group>"; };
		C037 /* AcceptanceViews.swift */ = {isa = PBXFileReference; lastKnownFileType = sourcecode.swift; name = AcceptanceViews.swift; path = HakedisApp/Views/Contracts/AcceptanceViews.swift; sourceTree = "<group>"; };
		C038 /* WarrantyClaimViews.swift */ = {isa = PBXFileReference; lastKnownFileType = sourcecode.swift; name = WarrantyClaimViews.swift; path = HakedisApp/Views/Contracts/WarrantyClaimViews.swift; sourceTree = "<group>"; };
		C039 /* EditContractView.swift */ = {isa = PBXFileReference; lastKnownFileType = sourcecode.swift; name = EditContractView.swift; path = HakedisApp/Views/Contracts/EditContractView.swift; sourceTree = "<group>"; };
		C03A /* GuaranteeViews.swift */ = {isa = PBXFileReference; lastKnownFileType = sourcecode.swift; name = GuaranteeViews.swift; path = HakedisApp/Views/Contracts/GuaranteeViews.swift; sourceTree = "<group>"; };
		C03B /* MultipleEntryView.swift */ = {isa = PBXFileReference; lastKnownFileType = sourcecode.swift; name = MultipleEntryView.swift; path = HakedisApp/Views/DailyEntry/MultipleEntryView.swift; sourceTree = "<group>"; };
		C03C /* PetitionGeneratorView.swift */ = {isa = PBXFileReference; lastKnownFileType = sourcecode.swift; name = PetitionGeneratorView.swift; path = HakedisApp/Views/Hakedis/PetitionGeneratorView.swift; sourceTree = "<group>"; };
		C03D /* SCurveView.swift */ = {isa = PBXFileReference; lastKnownFileType = sourcecode.swift; name = SCurveView.swift; path = HakedisApp/Views/Projects/SCurveView.swift; sourceTree = "<group>"; };
		C03E /* WeeklyReportView.swift */ = {isa = PBXFileReference; lastKnownFileType = sourcecode.swift; name = WeeklyReportView.swift; path = HakedisApp/Views/Projects/WeeklyReportView.swift; sourceTree = "<group>"; };
		C03F /* PozLibraryView.swift */ = {isa = PBXFileReference; lastKnownFileType = sourcecode.swift; name = PozLibraryView.swift; path = HakedisApp/Views/Shared/PozLibraryView.swift; sourceTree = "<group>"; };
		C040 /* PozLibrary.swift */ = {isa = PBXFileReference; lastKnownFileType = sourcecode.swift; name = PozLibrary.swift; path = HakedisApp/Views/Shared/PozLibrary.swift; sourceTree = "<group>"; };
		C041 /* HakedisKopyalaView.swift */ = {isa = PBXFileReference; lastKnownFileType = sourcecode.swift; name = HakedisKopyalaView.swift; path = HakedisApp/Views/Hakedis/HakedisKopyalaView.swift; sourceTree = "<group>"; };
		N001 /* SantiyeTabView.swift */ = {isa = PBXFileReference; lastKnownFileType = sourcecode.swift; name = SantiyeTabView.swift; path = HakedisApp/Views/Santiye/SantiyeTabView.swift; sourceTree = "<group>"; };
		N002 /* FinansTabView.swift */ = {isa = PBXFileReference; lastKnownFileType = sourcecode.swift; name = FinansTabView.swift; path = HakedisApp/Views/Finans/FinansTabView.swift; sourceTree = "<group>"; };
		N003 /* MoreTabView.swift */ = {isa = PBXFileReference; lastKnownFileType = sourcecode.swift; name = MoreTabView.swift; path = HakedisApp/Views/Shared/MoreTabView.swift; sourceTree = "<group>"; };
		N004 /* SiteDiaryViews.swift */ = {isa = PBXFileReference; lastKnownFileType = sourcecode.swift; name = SiteDiaryViews.swift; path = HakedisApp/Views/Santiye/SiteDiaryViews.swift; sourceTree = "<group>"; };
		N005 /* AttendanceViews.swift */ = {isa = PBXFileReference; lastKnownFileType = sourcecode.swift; name = AttendanceViews.swift; path = HakedisApp/Views/Santiye/AttendanceViews.swift; sourceTree = "<group>"; };
		N006 /* MaterialStockViews.swift */ = {isa = PBXFileReference; lastKnownFileType = sourcecode.swift; name = MaterialStockViews.swift; path = HakedisApp/Views/Santiye/MaterialStockViews.swift; sourceTree = "<group>"; };
		N007 /* EquipmentManagementViews.swift */ = {isa = PBXFileReference; lastKnownFileType = sourcecode.swift; name = EquipmentManagementViews.swift; path = HakedisApp/Views/Santiye/EquipmentManagementViews.swift; sourceTree = "<group>"; };
		N008 /* SafetyViews.swift */ = {isa = PBXFileReference; lastKnownFileType = sourcecode.swift; name = SafetyViews.swift; path = HakedisApp/Views/Santiye/SafetyViews.swift; sourceTree = "<group>"; };
		N009 /* AllHakedisListView.swift */ = {isa = PBXFileReference; lastKnownFileType = sourcecode.swift; name = AllHakedisListView.swift; path = HakedisApp/Views/Finans/AllHakedisListView.swift; sourceTree = "<group>"; };
		N010 /* AllPaymentsView.swift */ = {isa = PBXFileReference; lastKnownFileType = sourcecode.swift; name = AllPaymentsView.swift; path = HakedisApp/Views/Finans/AllPaymentsView.swift; sourceTree = "<group>"; };
		N011 /* AllGuaranteeListView.swift */ = {isa = PBXFileReference; lastKnownFileType = sourcecode.swift; name = AllGuaranteeListView.swift; path = HakedisApp/Views/Contracts/AllGuaranteeListView.swift; sourceTree = "<group>"; };
		T010 /* SantiyeModuleTests.swift */ = {isa = PBXFileReference; lastKnownFileType = sourcecode.swift; path = SantiyeModuleTests.swift; sourceTree = "<group>"; };
		N012 /* SiteDiaryPDFGenerator.swift */ = {isa = PBXFileReference; lastKnownFileType = sourcecode.swift; name = SiteDiaryPDFGenerator.swift; path = HakedisApp/Views/Santiye/SiteDiaryPDFGenerator.swift; sourceTree = "<group>"; };
		N013 /* AttendancePDFGenerator.swift */ = {isa = PBXFileReference; lastKnownFileType = sourcecode.swift; name = AttendancePDFGenerator.swift; path = HakedisApp/Views/Santiye/AttendancePDFGenerator.swift; sourceTree = "<group>"; };
		T011 /* PDFGeneratorTests.swift */ = {isa = PBXFileReference; lastKnownFileType = sourcecode.swift; path = PDFGeneratorTests.swift; sourceTree = "<group>"; };
		N014 /* AttachmentViews.swift */ = {isa = PBXFileReference; lastKnownFileType = sourcecode.swift; name = AttachmentViews.swift; path = HakedisApp/Views/Contracts/AttachmentViews.swift; sourceTree = "<group>"; };
		N015 /* AttachmentPDFGenerator.swift */ = {isa = PBXFileReference; lastKnownFileType = sourcecode.swift; name = AttachmentPDFGenerator.swift; path = HakedisApp/Views/Contracts/AttachmentPDFGenerator.swift; sourceTree = "<group>"; };
		N016 /* PriceDifferenceCalcView.swift */ = {isa = PBXFileReference; lastKnownFileType = sourcecode.swift; name = PriceDifferenceCalcView.swift; path = HakedisApp/Views/Finans/PriceDifferenceCalcView.swift; sourceTree = "<group>"; };
		N017 /* CashFlowProjectionView.swift */ = {isa = PBXFileReference; lastKnownFileType = sourcecode.swift; name = CashFlowProjectionView.swift; path = HakedisApp/Views/Reports/CashFlowProjectionView.swift; sourceTree = "<group>"; };
		N018 /* SubcontractorHakedisViews.swift */ = {isa = PBXFileReference; lastKnownFileType = sourcecode.swift; name = SubcontractorHakedisViews.swift; path = HakedisApp/Views/Contracts/SubcontractorHakedisViews.swift; sourceTree = "<group>"; };
		N019 /* ProgressReportViews.swift */ = {isa = PBXFileReference; lastKnownFileType = sourcecode.swift; name = ProgressReportViews.swift; path = HakedisApp/Views/Reports/ProgressReportViews.swift; sourceTree = "<group>"; };
		N020 /* LegalReferenceView.swift */ = {isa = PBXFileReference; lastKnownFileType = sourcecode.swift; name = LegalReferenceView.swift; path = HakedisApp/Views/Shared/LegalReferenceView.swift; sourceTree = "<group>"; };
		N021 /* QualityChecklistViews.swift */ = {isa = PBXFileReference; lastKnownFileType = sourcecode.swift; name = QualityChecklistViews.swift; path = HakedisApp/Views/Contracts/QualityChecklistViews.swift; sourceTree = "<group>"; };
		N022 /* ContractManagementView.swift */ = {isa = PBXFileReference; lastKnownFileType = sourcecode.swift; name = ContractManagementView.swift; path = HakedisApp/Views/Contracts/ContractManagementView.swift; sourceTree = "<group>"; };
		T012 /* Faz3Tests.swift */ = {isa = PBXFileReference; lastKnownFileType = sourcecode.swift; path = Faz3Tests.swift; sourceTree = "<group>"; };
/* End PBXFileReference section */

/* Begin PBXGroup section */
		WGRP1 /* Widget */ = {
			isa = PBXGroup;
			children = (
				W001 /* HakedisWidget.swift */,
				W002 /* Info.plist */,
				W003 /* HakedisWidget.entitlements */,
			);
			name = Widget;
			sourceTree = "<group>";
		};
		GRP1 /* HakedisApp */ = {
			isa = PBXGroup;
			children = (
				BED3D08F2F721561002B3563 /* HakedisApp.entitlements */,
				PLIST1 /* GoogleService-Info.plist */,
				C010 /* WidgetDataManager.swift */,
				A001 /* HakedisApp.swift */,
				A002 /* ContentView.swift */,
				A003 /* Models.swift */,
				A004 /* DesignSystem.swift */,
				A005 /* DashboardView.swift */,
				A006 /* ProjectViews.swift */,
				A007 /* ReportsView.swift */,
				A008 /* ContractorViews.swift */,
				A009 /* ContractViews.swift */,
				A010 /* DailyEntryViews.swift */,
				A011 /* HakedisViews.swift */,
				C008 /* SettingsView.swift */,
				C009 /* CSVManager.swift */,
				C007 /* OfflineSyncManager.swift */,
				C006 /* NotificationManager.swift */,
				C005 /* PDFView.swift */,
				C004 /* ComparisonAndGallery.swift */,
				C003 /* RevisionViews.swift */,
				C012 /* ChangeOrderViews.swift */,
				C013 /* ContractorPerformanceView.swift */,
				C014 /* MilestoneViews.swift */,
				C015 /* SiteReportViews.swift */,
				C002 /* ContractorPortalView.swift */,
				C001 /* SearchFilterView.swift */,
				C016 /* ApprovalChainViews.swift */,
				C017 /* RejectionFlowViews.swift */,
				C019 /* SiteHandoverViews.swift */,
				C020 /* MeasurementBookViews.swift */,
				C021 /* CumulativeQuantityViews.swift */,
				C022 /* PhotoWorkItemViews.swift */,
				C023 /* LaborTrackingViews.swift */,
				C024 /* MaterialInventoryViews.swift */,
				C025 /* SpecificationChecklistViews.swift */,
				C026 /* HakedisComparisonViews.swift */,
				C027 /* CashFlowViews.swift */,
				C028 /* CashFlowEngine.swift */,
				C018 /* UnitPriceAnalysisViews.swift */,
				C029 /* CorrespondenceViews.swift */,
				C030 /* PriceDifferenceViews.swift */,
				C031 /* VATWithholdingViews.swift */,
				C032 /* SGKLaborViews.swift */,
				C033 /* SiteLogViews.swift */,
				C034 /* EquipmentViews.swift */,
				C035 /* SoilRecordViews.swift */,
				C036 /* TestRecordViews.swift */,
				C037 /* AcceptanceViews.swift */,
				C038 /* WarrantyClaimViews.swift */,
				C039 /* EditContractView.swift */,
				C03A /* GuaranteeViews.swift */,
				C03B /* MultipleEntryView.swift */,
				C03C /* PetitionGeneratorView.swift */,
				C03D /* SCurveView.swift */,
				C03E /* WeeklyReportView.swift */,
				C03F /* PozLibraryView.swift */,
				C040 /* PozLibrary.swift */,
				C041 /* HakedisKopyalaView.swift */,
				N001 /* SantiyeTabView.swift */,
				N002 /* FinansTabView.swift */,
				N003 /* MoreTabView.swift */,
				N004 /* SiteDiaryViews.swift */,
				N005 /* AttendanceViews.swift */,
				N006 /* MaterialStockViews.swift */,
				N007 /* EquipmentManagementViews.swift */,
				N008 /* SafetyViews.swift */,
				N009 /* AllHakedisListView.swift */,
				N010 /* AllPaymentsView.swift */,
				N011 /* AllGuaranteeListView.swift */,
				N012 /* SiteDiaryPDFGenerator.swift */,
				N013 /* AttendancePDFGenerator.swift */,
				N014 /* AttachmentViews.swift */,
				N015 /* AttachmentPDFGenerator.swift */,
				N016 /* PriceDifferenceCalcView.swift */,
				N017 /* CashFlowProjectionView.swift */,
				N018 /* SubcontractorHakedisViews.swift */,
				N019 /* ProgressReportViews.swift */,
				N020 /* LegalReferenceView.swift */,
				N021 /* QualityChecklistViews.swift */,
				N022 /* ContractManagementView.swift */,
			);
			name = HakedisApp;
			sourceTree = "<group>";
		};
		GRP2 /* Products */ = {
			isa = PBXGroup;
			children = (
				PROD1 /* HakedisApp.app */,
				PROD2 /* HakedisWidget.appex */,
				PROD3 /* HakedisAppTests.xctest */,
			);
			name = Products;
			sourceTree = "<group>";
		};
		TGRP /* HakedisAppTests */ = {
			isa = PBXGroup;
			children = (
				T001 /* CalculationTests.swift */,
				T002 /* StatusTransitionTests.swift */,
				T003 /* CRUDTests.swift */,
				T005 /* FinancialTrackingTests.swift */,
				T006 /* TestProjesiAScenarioTests.swift */,
				T007 /* Grup3FeatureTests.swift */,
				T008 /* ApprovalAndHandoverTests.swift */,
				T009 /* NewFeaturesTests.swift */,
			T010 /* SantiyeModuleTests.swift */,
				T011 /* PDFGeneratorTests.swift */,
				T012 /* Faz3Tests.swift */,
			);
			name = HakedisAppTests;
			path = HakedisAppTests;
			sourceTree = "<group>";
		};
		ROOT = {
			isa = PBXGroup;
			children = (
				GRP1 /* HakedisApp */,
				WGRP1 /* Widget */,
				TGRP /* HakedisAppTests */,
				GRP2 /* Products */,
			);
			sourceTree = "<group>";
		};
/* End PBXGroup section */

/* Begin PBXNativeTarget section */
		TGT2 /* HakedisWidget */ = {
			isa = PBXNativeTarget;
			buildConfigurationList = WCFGLST1 /* Build configuration list for PBXNativeTarget "HakedisWidget" */;
			buildPhases = (
				WPS1 /* Sources (Widget) */,
			);
			buildRules = (
			);
			dependencies = (
			);
			name = HakedisWidget;
			productName = HakedisWidget;
			productReference = PROD2 /* HakedisWidget.appex */;
			productType = "com.apple.product-type.app-extension";
		};
		TTGT /* HakedisAppTests */ = {
			isa = PBXNativeTarget;
			buildConfigurationList = TCFGLST /* Build configuration list for PBXNativeTarget "HakedisAppTests" */;
			buildPhases = (
				TPHS1 /* Sources (Tests) */,
			);
			buildRules = (
			);
			dependencies = (
			);
			name = HakedisAppTests;
			productName = HakedisAppTests;
			productReference = PROD3 /* HakedisAppTests.xctest */;
			productType = "com.apple.product-type.bundle.unit-test";
		};
		TGT1 /* HakedisApp */ = {
			isa = PBXNativeTarget;
			buildConfigurationList = CFGLST1 /* Build configuration list for PBXNativeTarget "HakedisApp" */;
			buildPhases = (
				PHS1 /* Sources */,
				PHS2 /* Frameworks */,
				PHS3 /* Embed Foundation Extensions */,
			);
			buildRules = (
			);
			dependencies = (
				TDEP1 /* HakedisWidget */,
			);
			name = HakedisApp;
			packageProductDependencies = (
				SPM_DEP0 /* FirebaseCore */,
				SPM_DEP1 /* FirebaseAnalytics */,
				SPM_DEP2 /* FirebaseCrashlytics */,
			);
			productName = HakedisApp;
			productReference = PROD1 /* HakedisApp.app */;
			productType = "com.apple.product-type.application";
		};
/* End PBXNativeTarget section */

/* Begin PBXProject section */
/* Begin PBXContainerItemProxy section */
		CIP1 /* PBXContainerItemProxy */ = {
			isa = PBXContainerItemProxy;
			containerPortal = PROJ /* Project object */;
			proxyType = 1;
			remoteGlobalIDString = TGT2;
			remoteInfo = HakedisWidget;
		};
		TCIP1 /* PBXContainerItemProxy (Tests) */ = {
			isa = PBXContainerItemProxy;
			containerPortal = PROJ /* Project object */;
			proxyType = 1;
			remoteGlobalIDString = TGT1;
			remoteInfo = HakedisApp;
		};
/* End PBXContainerItemProxy section */

/* Begin PBXTargetDependency section */
		TDEP1 /* HakedisWidget */ = {
			isa = PBXTargetDependency;
			target = TGT2 /* HakedisWidget */;
			targetProxy = CIP1 /* PBXContainerItemProxy */;
		};
		TTDEP1 /* HakedisApp */ = {
			isa = PBXTargetDependency;
			target = TGT1 /* HakedisApp */;
			targetProxy = TCIP1 /* PBXContainerItemProxy (Tests) */;
		};
/* End PBXTargetDependency section */

		PROJ /* Project object */ = {
			isa = PBXProject;
			attributes = {
				TargetAttributes = {
					TGT1 = {
						SystemCapabilities = {
							com.apple.ApplicationGroups.iOS = {
								enabled = 1;
							};
							com.apple.CloudKit = {
								enabled = 1;
							};
							com.apple.iCloud = {
								enabled = 1;
							};
						};
					};
					TGT2 = {
						SystemCapabilities = {
							com.apple.ApplicationGroups.iOS = {
								enabled = 1;
							};
						};
					};
				};
			};
			buildConfigurationList = CFGLST2 /* Build configuration list for PBXProject "HakedisApp" */;
			compatibilityVersion = "Xcode 14.0";
			developmentRegion = tr;
			hasScannedForEncodings = 0;
			knownRegions = (
				en,
				tr,
				Base,
			);
			mainGroup = ROOT;
			packageReferences = (
				SPM_REF1 /* XCRemoteSwiftPackageReference "firebase-ios-sdk" */,
			);
			productRefGroup = GRP2 /* Products */;
			projectDirPath = "";
			projectRoot = "";
			targets = (
				TGT1 /* HakedisApp */,
				TGT2 /* HakedisWidget */,
				TTGT /* HakedisAppTests */,
			);
		};
/* End PBXProject section */

/* Begin PBXSourcesBuildPhase section */
		PHS1 /* Sources */ = {
			isa = PBXSourcesBuildPhase;
			buildActionMask = 2147483647;
			files = (
				B001 /* HakedisApp.swift in Sources */,
				B002 /* ContentView.swift in Sources */,
				B003 /* Models.swift in Sources */,
				B004 /* DesignSystem.swift in Sources */,
				B005 /* DashboardView.swift in Sources */,
				B006 /* ProjectViews.swift in Sources */,
				B007 /* ReportsView.swift in Sources */,
				B008 /* ContractorViews.swift in Sources */,
				B009 /* ContractViews.swift in Sources */,
				B010 /* DailyEntryViews.swift in Sources */,
				B011 /* HakedisViews.swift in Sources */,
				S008 /* SettingsView.swift in Sources */,
				S009 /* CSVManager.swift in Sources */,

				S010 /* WidgetDataManager.swift in Sources */,
				S007 /* OfflineSyncManager.swift in Sources */,
				S006 /* NotificationManager.swift in Sources */,
				S005 /* PDFView.swift in Sources */,
				S004 /* ComparisonAndGallery.swift in Sources */,
				S003 /* RevisionViews.swift in Sources */,
				S012 /* ChangeOrderViews.swift in Sources */,
				S013 /* ContractorPerformanceView.swift in Sources */,
				S014 /* MilestoneViews.swift in Sources */,
				S015 /* SiteReportViews.swift in Sources */,
				S002 /* ContractorPortalView.swift in Sources */,
				S001 /* SearchFilterView.swift in Sources */,
				S016 /* ApprovalChainViews.swift in Sources */,
				S017 /* RejectionFlowViews.swift in Sources */,
				S019 /* SiteHandoverViews.swift in Sources */,
				S020 /* MeasurementBookViews.swift in Sources */,
				S021 /* CumulativeQuantityViews.swift in Sources */,
				S022 /* PhotoWorkItemViews.swift in Sources */,
				S023 /* LaborTrackingViews.swift in Sources */,
				S024 /* MaterialInventoryViews.swift in Sources */,
				S025 /* SpecificationChecklistViews.swift in Sources */,
				S026 /* HakedisComparisonViews.swift in Sources */,
				S027 /* CashFlowViews.swift in Sources */,
				S028 /* CashFlowEngine.swift in Sources */,
				S018 /* UnitPriceAnalysisViews.swift in Sources */,
				S029 /* CorrespondenceViews.swift in Sources */,
				S030 /* PriceDifferenceViews.swift in Sources */,
				S031 /* VATWithholdingViews.swift in Sources */,
				S032 /* SGKLaborViews.swift in Sources */,
				S033 /* SiteLogViews.swift in Sources */,
				S034 /* EquipmentViews.swift in Sources */,
				S035 /* SoilRecordViews.swift in Sources */,
				S036 /* TestRecordViews.swift in Sources */,
				S037 /* AcceptanceViews.swift in Sources */,
				S038 /* WarrantyClaimViews.swift in Sources */,
				S039 /* EditContractView.swift in Sources */,
				S03A /* GuaranteeViews.swift in Sources */,
				S03B /* MultipleEntryView.swift in Sources */,
				S03C /* PetitionGeneratorView.swift in Sources */,
				S03D /* SCurveView.swift in Sources */,
				S03E /* WeeklyReportView.swift in Sources */,
				S03F /* PozLibraryView.swift in Sources */,
				S040 /* PozLibrary.swift in Sources */,
				S041 /* HakedisKopyalaView.swift in Sources */,
				NB001 /* SantiyeTabView.swift in Sources */,
				NB002 /* FinansTabView.swift in Sources */,
				NB003 /* MoreTabView.swift in Sources */,
				NB004 /* SiteDiaryViews.swift in Sources */,
				NB005 /* AttendanceViews.swift in Sources */,
				NB006 /* MaterialStockViews.swift in Sources */,
				NB007 /* EquipmentManagementViews.swift in Sources */,
				NB008 /* SafetyViews.swift in Sources */,
				NB009 /* AllHakedisListView.swift in Sources */,
				NB010 /* AllPaymentsView.swift in Sources */,
				NB011 /* AllGuaranteeListView.swift in Sources */,
				NB012 /* SiteDiaryPDFGenerator.swift in Sources */,
				NB013 /* AttendancePDFGenerator.swift in Sources */,
				NB014 /* AttachmentViews.swift in Sources */,
				NB015 /* AttachmentPDFGenerator.swift in Sources */,
				NB016 /* PriceDifferenceCalcView.swift in Sources */,
				NB017 /* CashFlowProjectionView.swift in Sources */,
				NB018 /* SubcontractorHakedisViews.swift in Sources */,
				NB019 /* ProgressReportViews.swift in Sources */,
				NB020 /* LegalReferenceView.swift in Sources */,
				NB021 /* QualityChecklistViews.swift in Sources */,
				NB022 /* ContractManagementView.swift in Sources */,
			);
			runOnlyForDeploymentPostprocessing = 0;
		};
		TPHS1 /* Sources (Tests) */ = {
			isa = PBXSourcesBuildPhase;
			buildActionMask = 2147483647;
			files = (
				TB004 /* Models.swift in TestSources */,
				TB008 /* CashFlowEngine.swift in TestSources */,
				TB001 /* CalculationTests.swift in Sources */,
				TB002 /* StatusTransitionTests.swift in Sources */,
				TB003 /* CRUDTests.swift in Sources */,
				TB005 /* FinancialTrackingTests.swift in Sources */,
				TB006 /* TestProjesiAScenarioTests.swift in Sources */,
				TB007 /* Grup3FeatureTests.swift in Sources */,
				TB009 /* ApprovalAndHandoverTests.swift in Sources */,
				TB010 /* NewFeaturesTests.swift in Sources */,
				TB011 /* PozLibrary.swift in TestSources */,
				TB012 /* SantiyeModuleTests.swift in Sources */,
				TB013 /* PDFGeneratorTests.swift in Sources */,
				TB014 /* SiteDiaryPDFGenerator.swift in TestSources */,
				TB015 /* AttendancePDFGenerator.swift in TestSources */,
				TB016 /* DesignSystem.swift in TestSources */,
				TB017 /* Faz3Tests.swift in Sources */,
			);
			runOnlyForDeploymentPostprocessing = 0;
		};
/* End PBXSourcesBuildPhase section */

/* Begin PBXCopyFilesBuildPhase section */
		PHS3 /* Embed Foundation Extensions */ = {
			isa = PBXCopyFilesBuildPhase;
			buildActionMask = 2147483647;
			dstPath = "";
			dstSubfolderSpec = 13;
			files = (
				WB002 /* HakedisWidget.appex in Embed Foundation Extensions */,
			);
			name = "Embed Foundation Extensions";
			runOnlyForDeploymentPostprocessing = 0;
		};
/* End PBXCopyFilesBuildPhase section */

/* Begin PBXSourcesBuildPhase section */
		WPS1 /* Sources (Widget) */ = {
			isa = PBXSourcesBuildPhase;
			buildActionMask = 2147483647;
			files = (
				WB001 /* HakedisWidget.swift in Sources */,
			);
			runOnlyForDeploymentPostprocessing = 0;
		};
/* End PBXSourcesBuildPhase section */

/* Begin PBXFrameworksBuildPhase section */
		PHS2 /* Frameworks */ = {
			isa = PBXFrameworksBuildPhase;
			buildActionMask = 2147483647;
			files = (
				SPM_BF0 /* FirebaseCore in Frameworks */,
				SPM_BF1 /* FirebaseAnalytics in Frameworks */,
				SPM_BF2 /* FirebaseCrashlytics in Frameworks */,
			);
			runOnlyForDeploymentPostprocessing = 0;
		};
/* End PBXFrameworksBuildPhase section */

/* Begin XCBuildConfiguration section */
		TCFG1 /* Debug */ = {
			isa = XCBuildConfiguration;
			buildSettings = {
				CODE_SIGN_STYLE = Automatic;
				DEVELOPMENT_TEAM = 857PAZCN89;
				"EXCLUDED_ARCHS[sdk=iphonesimulator*]" = x86_64;
				GENERATE_INFOPLIST_FILE = YES;
				IPHONEOS_DEPLOYMENT_TARGET = 17.0;
				PRODUCT_BUNDLE_IDENTIFIER = com.hakedis.app.tests;
				PRODUCT_NAME = HakedisAppTests;
				SDKROOT = iphoneos;
				SUPPORTED_PLATFORMS = "iphoneos iphonesimulator";
				SWIFT_VERSION = 5.0;
				TARGETED_DEVICE_FAMILY = "1,2";
			};
			name = Debug;
		};
		TCFG2 /* Release */ = {
			isa = XCBuildConfiguration;
			buildSettings = {
				CODE_SIGN_STYLE = Automatic;
				DEVELOPMENT_TEAM = 857PAZCN89;
				"EXCLUDED_ARCHS[sdk=iphonesimulator*]" = x86_64;
				GENERATE_INFOPLIST_FILE = YES;
				IPHONEOS_DEPLOYMENT_TARGET = 17.0;
				PRODUCT_BUNDLE_IDENTIFIER = com.hakedis.app.tests;
				PRODUCT_NAME = HakedisAppTests;
				SDKROOT = iphoneos;
				SUPPORTED_PLATFORMS = "iphoneos iphonesimulator";
				SWIFT_VERSION = 5.0;
				TARGETED_DEVICE_FAMILY = "1,2";
			};
			name = Release;
		};
		CFG1 /* Debug */ = {
			isa = XCBuildConfiguration;
			buildSettings = {
				"EXCLUDED_ARCHS[sdk=iphonesimulator*]" = x86_64;
				IPHONEOS_DEPLOYMENT_TARGET = 17.0;
				SDKROOT = iphoneos;
				SUPPORTED_PLATFORMS = "iphoneos iphonesimulator";
				SWIFT_VERSION = 5.0;
				TARGETED_DEVICE_FAMILY = "1,2";
			};
			name = Debug;
		};
		CFG2 /* Release */ = {
			isa = XCBuildConfiguration;
			buildSettings = {
				"EXCLUDED_ARCHS[sdk=iphonesimulator*]" = x86_64;
				IPHONEOS_DEPLOYMENT_TARGET = 17.0;
				SDKROOT = iphoneos;
				SUPPORTED_PLATFORMS = "iphoneos iphonesimulator";
				SWIFT_VERSION = 5.0;
				TARGETED_DEVICE_FAMILY = "1,2";
			};
			name = Release;
		};
		CFG3 /* Debug */ = {
			isa = XCBuildConfiguration;
			buildSettings = {
				CODE_SIGN_ENTITLEMENTS = HakedisApp/HakedisApp.entitlements;
				"EXCLUDED_ARCHS[sdk=iphonesimulator*]" = x86_64;
				"CODE_SIGN_IDENTITY[sdk=iphonesimulator*]" = "-";
				CODE_SIGN_IDENTITY = "Apple Development";
				CODE_SIGN_STYLE = Automatic;
				"CODE_SIGNING_REQUIRED[sdk=iphonesimulator*]" = NO;
				CURRENT_PROJECT_VERSION = 1;
				DEFINES_MODULE = YES;
				DEVELOPMENT_TEAM = 857PAZCN89;
				GENERATE_INFOPLIST_FILE = YES;
				INFOPLIST_KEY_NSPhotoLibraryUsageDescription = "Saha fotograflari icin gerekli";
				INFOPLIST_KEY_NSLocationWhenInUseUsageDescription = "Saha girişlerinde GPS konumu kaydetmek için gerekli";
				INFOPLIST_KEY_UIApplicationSceneManifest_Generation = YES;
				INFOPLIST_KEY_UILaunchScreen_Generation = YES;
				IPHONEOS_DEPLOYMENT_TARGET = 17.0;
				MARKETING_VERSION = 1.0;
				PRODUCT_BUNDLE_IDENTIFIER = com.hakedis.app;
				PRODUCT_NAME = "$(TARGET_NAME)";
				PROVISIONING_PROFILE_SPECIFIER = "";
				SDKROOT = iphoneos;
				SUPPORTED_PLATFORMS = "iphoneos iphonesimulator";
				SWIFT_VERSION = 5.0;
				TARGETED_DEVICE_FAMILY = "1,2";
			};
			name = Debug;
		};
		CFG4 /* Release */ = {
			isa = XCBuildConfiguration;
			buildSettings = {
				CODE_SIGN_ENTITLEMENTS = HakedisApp/HakedisApp.entitlements;
				"EXCLUDED_ARCHS[sdk=iphonesimulator*]" = x86_64;
				"CODE_SIGN_IDENTITY[sdk=iphonesimulator*]" = "-";
				CODE_SIGN_IDENTITY = "Apple Development";
				CODE_SIGN_STYLE = Automatic;
				"CODE_SIGNING_REQUIRED[sdk=iphonesimulator*]" = NO;
				CURRENT_PROJECT_VERSION = 1;
				DEFINES_MODULE = YES;
				DEVELOPMENT_TEAM = 857PAZCN89;
				GENERATE_INFOPLIST_FILE = YES;
				IPHONEOS_DEPLOYMENT_TARGET = 17.0;
				MARKETING_VERSION = 1.0;
				PRODUCT_BUNDLE_IDENTIFIER = com.hakedis.app;
				PRODUCT_NAME = "$(TARGET_NAME)";
				PROVISIONING_PROFILE_SPECIFIER = "";
				SDKROOT = iphoneos;
				SUPPORTED_PLATFORMS = "iphoneos iphonesimulator";
				SWIFT_VERSION = 5.0;
				TARGETED_DEVICE_FAMILY = "1,2";
			};
			name = Release;
		};
/* End XCBuildConfiguration section */

/* Begin XCConfigurationList section */
		TCFGLST /* Build configuration list for PBXNativeTarget "HakedisAppTests" */ = {
			isa = XCConfigurationList;
			buildConfigurations = (
				TCFG1 /* Debug */,
				TCFG2 /* Release */,
			);
			defaultConfigurationIsVisible = 0;
			defaultConfigurationName = Release;
		};
		CFGLST1 /* Build configuration list for PBXNativeTarget "HakedisApp" */ = {
			isa = XCConfigurationList;
			buildConfigurations = (
				CFG3 /* Debug */,
				CFG4 /* Release */,
			);
			defaultConfigurationIsVisible = 0;
			defaultConfigurationName = Release;
		};
		CFGLST2 /* Build configuration list for PBXProject "HakedisApp" */ = {
			isa = XCConfigurationList;
			buildConfigurations = (
				CFG1 /* Debug */,
				CFG2 /* Release */,
			);
			defaultConfigurationIsVisible = 0;
			defaultConfigurationName = Release;
		};
/* End XCConfigurationList section */

		WCFG1 /* Debug */ = {
			isa = XCBuildConfiguration;
			buildSettings = {
				CODE_SIGN_ENTITLEMENTS = HakedisApp/Widget/HakedisWidget.entitlements;
				"CODE_SIGN_IDENTITY[sdk=iphonesimulator*]" = "-";
				CODE_SIGN_STYLE = Automatic;
				"CODE_SIGNING_REQUIRED[sdk=iphonesimulator*]" = NO;
				CURRENT_PROJECT_VERSION = 1;
				DEVELOPMENT_TEAM = 857PAZCN89;
				"EXCLUDED_ARCHS[sdk=iphonesimulator*]" = x86_64;
				GENERATE_INFOPLIST_FILE = NO;
				INFOPLIST_FILE = HakedisApp/Widget/Info.plist;
				IPHONEOS_DEPLOYMENT_TARGET = 17.0;
				LD_RUNPATH_SEARCH_PATHS = "$(inherited) @executable_path/../../Frameworks";
				MARKETING_VERSION = 1.0;
				PRODUCT_BUNDLE_IDENTIFIER = com.hakedis.app.widget;
				PRODUCT_NAME = HakedisWidget;
				SDKROOT = iphoneos;
				SKIP_INSTALL = YES;
				SUPPORTED_PLATFORMS = "iphoneos iphonesimulator";
				SWIFT_VERSION = 5.0;
				TARGETED_DEVICE_FAMILY = "1,2";
			};
			name = Debug;
		};
		WCFG2 /* Release */ = {
			isa = XCBuildConfiguration;
			buildSettings = {
				CODE_SIGN_ENTITLEMENTS = HakedisApp/Widget/HakedisWidget.entitlements;
				"CODE_SIGN_IDENTITY[sdk=iphonesimulator*]" = "-";
				CODE_SIGN_STYLE = Automatic;
				"CODE_SIGNING_REQUIRED[sdk=iphonesimulator*]" = NO;
				CURRENT_PROJECT_VERSION = 1;
				DEVELOPMENT_TEAM = 857PAZCN89;
				"EXCLUDED_ARCHS[sdk=iphonesimulator*]" = x86_64;
				GENERATE_INFOPLIST_FILE = NO;
				INFOPLIST_FILE = HakedisApp/Widget/Info.plist;
				IPHONEOS_DEPLOYMENT_TARGET = 17.0;
				LD_RUNPATH_SEARCH_PATHS = "$(inherited) @executable_path/../../Frameworks";
				MARKETING_VERSION = 1.0;
				PRODUCT_BUNDLE_IDENTIFIER = com.hakedis.app.widget;
				PRODUCT_NAME = HakedisWidget;
				SDKROOT = iphoneos;
				SKIP_INSTALL = YES;
				SUPPORTED_PLATFORMS = "iphoneos iphonesimulator";
				SWIFT_VERSION = 5.0;
				TARGETED_DEVICE_FAMILY = "1,2";
			};
			name = Release;
		};
		WCFGLST1 /* Build configuration list for PBXNativeTarget "HakedisWidget" */ = {
			isa = XCConfigurationList;
			buildConfigurations = (
				WCFG1 /* Debug */,
				WCFG2 /* Release */,
			);
			defaultConfigurationIsVisible = 0;
			defaultConfigurationName = Release;
		};

/* Begin XCRemoteSwiftPackageReference section */
		SPM_REF1 /* XCRemoteSwiftPackageReference "firebase-ios-sdk" */ = {
			isa = XCRemoteSwiftPackageReference;
			repositoryURL = "https://github.com/firebase/firebase-ios-sdk";
			requirement = {
				kind = upToNextMajorVersion;
				minimumVersion = 11.0.0;
			};
		};
/* End XCRemoteSwiftPackageReference section */

/* Begin XCSwiftPackageProductDependency section */
		SPM_DEP0 /* FirebaseCore */ = {
			isa = XCSwiftPackageProductDependency;
			package = SPM_REF1 /* XCRemoteSwiftPackageReference "firebase-ios-sdk" */;
			productName = FirebaseCore;
		};
		SPM_DEP1 /* FirebaseAnalytics */ = {
			isa = XCSwiftPackageProductDependency;
			package = SPM_REF1 /* XCRemoteSwiftPackageReference "firebase-ios-sdk" */;
			productName = FirebaseAnalytics;
		};
		SPM_DEP2 /* FirebaseCrashlytics */ = {
			isa = XCSwiftPackageProductDependency;
			package = SPM_REF1 /* XCRemoteSwiftPackageReference "firebase-ios-sdk" */;
			productName = FirebaseCrashlytics;
		};
/* End XCSwiftPackageProductDependency section */
	};
	rootObject = PROJ /* Project object */;
}
